
Microsoft Visual Studio Solution File, Format Version 12.00
# Visual Studio Version 16
VisualStudioVersion = 16.0.30621.155
MinimumVisualStudioVersion = 10.0.40219.1
Project("{8BC9CEB8-8B4A-11D0-8D11-00A0C91BC942}") = "000int", "000int\000int.vcxproj", "{CC916B3A-CDD8-46E4-87E7-93A7FE130953}"
EndProject
Project("{8BC9CEB8-8B4A-11D0-8D11-00A0C91BC942}") = "Bai009", "Bai009\Bai009.vcxproj", "{9D508BDB-82EA-4E89-AF66-B7A8DF9192A4}"
EndProject
Project("{8BC9CEB8-8B4A-11D0-8D11-00A0C91BC942}") = "Bai010", "Bai010\Bai010.vcxproj", "{C45EEDC9-533C-49CF-BD46-027DCBC0EF07}"
EndProject
Project("{8BC9CEB8-8B4A-11D0-8D11-00A0C91BC942}") = "Bai011", "Bai011\Bai011.vcxproj", "{1C434D33-A987-4CCE-9AE6-83F4980E2092}"
EndProject
Project("{8BC9CEB8-8B4A-11D0-8D11-00A0C91BC942}") = "Bai012", "Bai012\Bai012.vcxproj", "{08FB669E-FF1B-4D81-A344-C53524E74800}"
EndProject
Project("{8BC9CEB8-8B4A-11D0-8D11-00A0C91BC942}") = "Bai015", "Bai015\Bai015.vcxproj", "{DEF514CB-FFBC-4A15-BFC2-96B48A607B40}"
EndProject
Project("{8BC9CEB8-8B4A-11D0-8D11-00A0C91BC942}") = "Bai024", "Bai024\Bai024.vcxproj", "{097FAE87-8BFE-44D5-83D8-3CA57794CC80}"
EndProject
Project("{8BC9CEB8-8B4A-11D0-8D11-00A0C91BC942}") = "Bai025", "Bai025\Bai025.vcxproj", "{14497F2B-613E-4255-AB07-BD9C097933C1}"
EndProject
Project("{8BC9CEB8-8B4A-11D0-8D11-00A0C91BC942}") = "Bai026", "Bai026\Bai026.vcxproj", "{95B9332B-A06F-4D69-A353-946F8BE545F5}"
EndProject
Project("{8BC9CEB8-8B4A-11D0-8D11-00A0C91BC942}") = "Bai054", "Bai054\Bai054.vcxproj", "{A787F118-C5F2-452D-97B8-75C58BB9B338}"
EndProject
Project("{8BC9CEB8-8B4A-11D0-8D11-00A0C91BC942}") = "000float", "000float\000float.vcxproj", "{D3D84933-040F-459C-96C9-6982E259B97D}"
EndProject
Project("{8BC9CEB8-8B4A-11D0-8D11-00A0C91BC942}") = "Bai053", "Bai053\Bai053.vcxproj", "{F0CA41DC-D00F-43BF-A81C-574C1F75F4BE}"
EndProject
Project("{8BC9CEB8-8B4A-11D0-8D11-00A0C91BC942}") = "Bai055", "Bai055\Bai055.vcxproj", "{93EFCECF-F0D7-4DE2-8463-6BE6215D6881}"
EndProject
Project("{8BC9CEB8-8B4A-11D0-8D11-00A0C91BC942}") = "Bai056", "Bai056\Bai056.vcxproj", "{D677F11C-5F5A-46B6-BB80-CED61960272B}"
EndProject
Project("{8BC9CEB8-8B4A-11D0-8D11-00A0C91BC942}") = "Bai001", "Bai001\Bai001.vcxproj", "{32C1D124-A0DA-43B6-BCE0-6A15162F8DE6}"
EndProject
Project("{8BC9CEB8-8B4A-11D0-8D11-00A0C91BC942}") = "Bai002", "Bai002\Bai002.vcxproj", "{E0736DB0-47BB-43A8-9141-DA595C7F8A7B}"
EndProject
Project("{8BC9CEB8-8B4A-11D0-8D11-00A0C91BC942}") = "Bai073", "Bai073\Bai073.vcxproj", "{7C9B07C3-CAE2-4285-B204-85383995B769}"
EndProject
Project("{8BC9CEB8-8B4A-11D0-8D11-00A0C91BC942}") = "Bai074", "Bai074\Bai074.vcxproj", "{04D66741-9ADD-43D2-9856-5C4D0DD5637A}"
EndProject
Project("{8BC9CEB8-8B4A-11D0-8D11-00A0C91BC942}") = "Bai088", "Bai088\Bai088.vcxproj", "{B4C8C9D9-00C4-476F-B08C-3D0E6DA119F5}"
EndProject
Project("{8BC9CEB8-8B4A-11D0-8D11-00A0C91BC942}") = "Bai102", "Bai102\Bai102.vcxproj", "{CB0DD3F3-8B76-42F5-B447-945CF467E819}"
EndProject
Project("{8BC9CEB8-8B4A-11D0-8D11-00A0C91BC942}") = "Bai104", "Bai104\Bai104.vcxproj", "{57039BD2-D8DF-45F9-B2DD-30CE7DD2BAD3}"
EndProject
Project("{8BC9CEB8-8B4A-11D0-8D11-00A0C91BC942}") = "Bai118", "Bai118\Bai118.vcxproj", "{5A6DF4C4-F300-45E0-A7F0-D8C55FB77CFC}"
EndProject
Project("{8BC9CEB8-8B4A-11D0-8D11-00A0C91BC942}") = "Bai119", "Bai119\Bai119.vcxproj", "{8E2A55E5-C9F4-4969-A444-3EBC3E662EFA}"
EndProject
Project("{8BC9CEB8-8B4A-11D0-8D11-00A0C91BC942}") = "Bai121", "Bai121\Bai121.vcxproj", "{B2408EDD-4A26-40E0-A5FE-37F70526BDF1}"
EndProject
Project("{8BC9CEB8-8B4A-11D0-8D11-00A0C91BC942}") = "Bai122", "Bai122\Bai122.vcxproj", "{39E23654-ED77-44F5-B6EC-31B902FECCBA}"
EndProject
Project("{8BC9CEB8-8B4A-11D0-8D11-00A0C91BC942}") = "Bai123", "Bai123\Bai123.vcxproj", "{BE19AD84-4D6E-43D3-92BD-E019F0EFEB6C}"
EndProject
Project("{8BC9CEB8-8B4A-11D0-8D11-00A0C91BC942}") = "Bai142", "Bai142\Bai142.vcxproj", "{7713E8A7-C3EA-419E-8D56-1A9B0906EFDE}"
EndProject
Project("{8BC9CEB8-8B4A-11D0-8D11-00A0C91BC942}") = "Bai143", "Bai143\Bai143.vcxproj", "{F3D7A5E5-0768-4C3C-B6E7-D703AEA62B21}"
EndProject
Project("{8BC9CEB8-8B4A-11D0-8D11-00A0C91BC942}") = "Bai144", "Bai144\Bai144.vcxproj", "{8010B7E7-EDD5-44C3-99CD-C735521C7FAB}"
EndProject
Project("{8BC9CEB8-8B4A-11D0-8D11-00A0C91BC942}") = "Bai148", "Bai148\Bai148.vcxproj", "{46B8E2E2-BE70-4374-8F8D-4AFBE089B04F}"
EndProject
Project("{8BC9CEB8-8B4A-11D0-8D11-00A0C91BC942}") = "Bai149", "Bai149\Bai149.vcxproj", "{F8FE663A-9A65-459C-B141-89427F07166E}"
EndProject
Project("{8BC9CEB8-8B4A-11D0-8D11-00A0C91BC942}") = "Bai150", "Bai150\Bai150.vcxproj", "{8D62B6A4-E996-4E45-8DC6-603266B0ED26}"
EndProject
Project("{8BC9CEB8-8B4A-11D0-8D11-00A0C91BC942}") = "Bai154", "Bai154\Bai154.vcxproj", "{63252B0B-D1F7-4C91-B687-9D287B19AD7B}"
EndProject
Project("{8BC9CEB8-8B4A-11D0-8D11-00A0C91BC942}") = "Bai155", "Bai155\Bai155.vcxproj", "{ECD4F6B0-05F3-4FE4-A8BF-3A5E289A1BFB}"
EndProject
Project("{8BC9CEB8-8B4A-11D0-8D11-00A0C91BC942}") = "Bai167", "Bai167\Bai167.vcxproj", "{1E367674-079E-484B-87AC-FE222B2F1D01}"
EndProject
Project("{8BC9CEB8-8B4A-11D0-8D11-00A0C91BC942}") = "Bai168", "Bai168\Bai168.vcxproj", "{5658B45F-3F9F-4038-8A46-BC10D049B071}"
EndProject
Global
	GlobalSection(SolutionConfigurationPlatforms) = preSolution
		Debug|x64 = Debug|x64
		Debug|x86 = Debug|x86
		Release|x64 = Release|x64
		Release|x86 = Release|x86
	EndGlobalSection
	GlobalSection(ProjectConfigurationPlatforms) = postSolution
		{CC916B3A-CDD8-46E4-87E7-93A7FE130953}.Debug|x64.ActiveCfg = Debug|x64
		{CC916B3A-CDD8-46E4-87E7-93A7FE130953}.Debug|x64.Build.0 = Debug|x64
		{CC916B3A-CDD8-46E4-87E7-93A7FE130953}.Debug|x86.ActiveCfg = Debug|Win32
		{CC916B3A-CDD8-46E4-87E7-93A7FE130953}.Debug|x86.Build.0 = Debug|Win32
		{CC916B3A-CDD8-46E4-87E7-93A7FE130953}.Release|x64.ActiveCfg = Release|x64
		{CC916B3A-CDD8-46E4-87E7-93A7FE130953}.Release|x64.Build.0 = Release|x64
		{CC916B3A-CDD8-46E4-87E7-93A7FE130953}.Release|x86.ActiveCfg = Release|Win32
		{CC916B3A-CDD8-46E4-87E7-93A7FE130953}.Release|x86.Build.0 = Release|Win32
		{9D508BDB-82EA-4E89-AF66-B7A8DF9192A4}.Debug|x64.ActiveCfg = Debug|x64
		{9D508BDB-82EA-4E89-AF66-B7A8DF9192A4}.Debug|x64.Build.0 = Debug|x64
		{9D508BDB-82EA-4E89-AF66-B7A8DF9192A4}.Debug|x86.ActiveCfg = Debug|Win32
		{9D508BDB-82EA-4E89-AF66-B7A8DF9192A4}.Debug|x86.Build.0 = Debug|Win32
		{9D508BDB-82EA-4E89-AF66-B7A8DF9192A4}.Release|x64.ActiveCfg = Release|x64
		{9D508BDB-82EA-4E89-AF66-B7A8DF9192A4}.Release|x64.Build.0 = Release|x64
		{9D508BDB-82EA-4E89-AF66-B7A8DF9192A4}.Release|x86.ActiveCfg = Release|Win32
		{9D508BDB-82EA-4E89-AF66-B7A8DF9192A4}.Release|x86.Build.0 = Release|Win32
		{C45EEDC9-533C-49CF-BD46-027DCBC0EF07}.Debug|x64.ActiveCfg = Debug|x64
		{C45EEDC9-533C-49CF-BD46-027DCBC0EF07}.Debug|x64.Build.0 = Debug|x64
		{C45EEDC9-533C-49CF-BD46-027DCBC0EF07}.Debug|x86.ActiveCfg = Debug|Win32
		{C45EEDC9-533C-49CF-BD46-027DCBC0EF07}.Debug|x86.Build.0 = Debug|Win32
		{C45EEDC9-533C-49CF-BD46-027DCBC0EF07}.Release|x64.ActiveCfg = Release|x64
		{C45EEDC9-533C-49CF-BD46-027DCBC0EF07}.Release|x64.Build.0 = Release|x64
		{C45EEDC9-533C-49CF-BD46-027DCBC0EF07}.Release|x86.ActiveCfg = Release|Win32
		{C45EEDC9-533C-49CF-BD46-027DCBC0EF07}.Release|x86.Build.0 = Release|Win32
		{1C434D33-A987-4CCE-9AE6-83F4980E2092}.Debug|x64.ActiveCfg = Debug|x64
		{1C434D33-A987-4CCE-9AE6-83F4980E2092}.Debug|x64.Build.0 = Debug|x64
		{1C434D33-A987-4CCE-9AE6-83F4980E2092}.Debug|x86.ActiveCfg = Debug|Win32
		{1C434D33-A987-4CCE-9AE6-83F4980E2092}.Debug|x86.Build.0 = Debug|Win32
		{1C434D33-A987-4CCE-9AE6-83F4980E2092}.Release|x64.ActiveCfg = Release|x64
		{1C434D33-A987-4CCE-9AE6-83F4980E2092}.Release|x64.Build.0 = Release|x64
		{1C434D33-A987-4CCE-9AE6-83F4980E2092}.Release|x86.ActiveCfg = Release|Win32
		{1C434D33-A987-4CCE-9AE6-83F4980E2092}.Release|x86.Build.0 = Release|Win32
		{08FB669E-FF1B-4D81-A344-C53524E74800}.Debug|x64.ActiveCfg = Debug|x64
		{08FB669E-FF1B-4D81-A344-C53524E74800}.Debug|x64.Build.0 = Debug|x64
		{08FB669E-FF1B-4D81-A344-C53524E74800}.Debug|x86.ActiveCfg = Debug|Win32
		{08FB669E-FF1B-4D81-A344-C53524E74800}.Debug|x86.Build.0 = Debug|Win32
		{08FB669E-FF1B-4D81-A344-C53524E74800}.Release|x64.ActiveCfg = Release|x64
		{08FB669E-FF1B-4D81-A344-C53524E74800}.Release|x64.Build.0 = Release|x64
		{08FB669E-FF1B-4D81-A344-C53524E74800}.Release|x86.ActiveCfg = Release|Win32
		{08FB669E-FF1B-4D81-A344-C53524E74800}.Release|x86.Build.0 = Release|Win32
		{DEF514CB-FFBC-4A15-BFC2-96B48A607B40}.Debug|x64.ActiveCfg = Debug|x64
		{DEF514CB-FFBC-4A15-BFC2-96B48A607B40}.Debug|x64.Build.0 = Debug|x64
		{DEF514CB-FFBC-4A15-BFC2-96B48A607B40}.Debug|x86.ActiveCfg = Debug|Win32
		{DEF514CB-FFBC-4A15-BFC2-96B48A607B40}.Debug|x86.Build.0 = Debug|Win32
		{DEF514CB-FFBC-4A15-BFC2-96B48A607B40}.Release|x64.ActiveCfg = Release|x64
		{DEF514CB-FFBC-4A15-BFC2-96B48A607B40}.Release|x64.Build.0 = Release|x64
		{DEF514CB-FFBC-4A15-BFC2-96B48A607B40}.Release|x86.ActiveCfg = Release|Win32
		{DEF514CB-FFBC-4A15-BFC2-96B48A607B40}.Release|x86.Build.0 = Release|Win32
		{097FAE87-8BFE-44D5-83D8-3CA57794CC80}.Debug|x64.ActiveCfg = Debug|x64
		{097FAE87-8BFE-44D5-83D8-3CA57794CC80}.Debug|x64.Build.0 = Debug|x64
		{097FAE87-8BFE-44D5-83D8-3CA57794CC80}.Debug|x86.ActiveCfg = Debug|Win32
		{097FAE87-8BFE-44D5-83D8-3CA57794CC80}.Debug|x86.Build.0 = Debug|Win32
		{097FAE87-8BFE-44D5-83D8-3CA57794CC80}.Release|x64.ActiveCfg = Release|x64
		{097FAE87-8BFE-44D5-83D8-3CA57794CC80}.Release|x64.Build.0 = Release|x64
		{097FAE87-8BFE-44D5-83D8-3CA57794CC80}.Release|x86.ActiveCfg = Release|Win32
		{097FAE87-8BFE-44D5-83D8-3CA57794CC80}.Release|x86.Build.0 = Release|Win32
		{14497F2B-613E-4255-AB07-BD9C097933C1}.Debug|x64.ActiveCfg = Debug|x64
		{14497F2B-613E-4255-AB07-BD9C097933C1}.Debug|x64.Build.0 = Debug|x64
		{14497F2B-613E-4255-AB07-BD9C097933C1}.Debug|x86.ActiveCfg = Debug|Win32
		{14497F2B-613E-4255-AB07-BD9C097933C1}.Debug|x86.Build.0 = Debug|Win32
		{14497F2B-613E-4255-AB07-BD9C097933C1}.Release|x64.ActiveCfg = Release|x64
		{14497F2B-613E-4255-AB07-BD9C097933C1}.Release|x64.Build.0 = Release|x64
		{14497F2B-613E-4255-AB07-BD9C097933C1}.Release|x86.ActiveCfg = Release|Win32
		{14497F2B-613E-4255-AB07-BD9C097933C1}.Release|x86.Build.0 = Release|Win32
		{95B9332B-A06F-4D69-A353-946F8BE545F5}.Debug|x64.ActiveCfg = Debug|x64
		{95B9332B-A06F-4D69-A353-946F8BE545F5}.Debug|x64.Build.0 = Debug|x64
		{95B9332B-A06F-4D69-A353-946F8BE545F5}.Debug|x86.ActiveCfg = Debug|Win32
		{95B9332B-A06F-4D69-A353-946F8BE545F5}.Debug|x86.Build.0 = Debug|Win32
		{95B9332B-A06F-4D69-A353-946F8BE545F5}.Release|x64.ActiveCfg = Release|x64
		{95B9332B-A06F-4D69-A353-946F8BE545F5}.Release|x64.Build.0 = Release|x64
		{95B9332B-A06F-4D69-A353-946F8BE545F5}.Release|x86.ActiveCfg = Release|Win32
		{95B9332B-A06F-4D69-A353-946F8BE545F5}.Release|x86.Build.0 = Release|Win32
		{A787F118-C5F2-452D-97B8-75C58BB9B338}.Debug|x64.ActiveCfg = Debug|x64
		{A787F118-C5F2-452D-97B8-75C58BB9B338}.Debug|x64.Build.0 = Debug|x64
		{A787F118-C5F2-452D-97B8-75C58BB9B338}.Debug|x86.ActiveCfg = Debug|Win32
		{A787F118-C5F2-452D-97B8-75C58BB9B338}.Debug|x86.Build.0 = Debug|Win32
		{A787F118-C5F2-452D-97B8-75C58BB9B338}.Release|x64.ActiveCfg = Release|x64
		{A787F118-C5F2-452D-97B8-75C58BB9B338}.Release|x64.Build.0 = Release|x64
		{A787F118-C5F2-452D-97B8-75C58BB9B338}.Release|x86.ActiveCfg = Release|Win32
		{A787F118-C5F2-452D-97B8-75C58BB9B338}.Release|x86.Build.0 = Release|Win32
		{D3D84933-040F-459C-96C9-6982E259B97D}.Debug|x64.ActiveCfg = Debug|x64
		{D3D84933-040F-459C-96C9-6982E259B97D}.Debug|x64.Build.0 = Debug|x64
		{D3D84933-040F-459C-96C9-6982E259B97D}.Debug|x86.ActiveCfg = Debug|Win32
		{D3D84933-040F-459C-96C9-6982E259B97D}.Debug|x86.Build.0 = Debug|Win32
		{D3D84933-040F-459C-96C9-6982E259B97D}.Release|x64.ActiveCfg = Release|x64
		{D3D84933-040F-459C-96C9-6982E259B97D}.Release|x64.Build.0 = Release|x64
		{D3D84933-040F-459C-96C9-6982E259B97D}.Release|x86.ActiveCfg = Release|Win32
		{D3D84933-040F-459C-96C9-6982E259B97D}.Release|x86.Build.0 = Release|Win32
		{F0CA41DC-D00F-43BF-A81C-574C1F75F4BE}.Debug|x64.ActiveCfg = Debug|x64
		{F0CA41DC-D00F-43BF-A81C-574C1F75F4BE}.Debug|x64.Build.0 = Debug|x64
		{F0CA41DC-D00F-43BF-A81C-574C1F75F4BE}.Debug|x86.ActiveCfg = Debug|Win32
		{F0CA41DC-D00F-43BF-A81C-574C1F75F4BE}.Debug|x86.Build.0 = Debug|Win32
		{F0CA41DC-D00F-43BF-A81C-574C1F75F4BE}.Release|x64.ActiveCfg = Release|x64
		{F0CA41DC-D00F-43BF-A81C-574C1F75F4BE}.Release|x64.Build.0 = Release|x64
		{F0CA41DC-D00F-43BF-A81C-574C1F75F4BE}.Release|x86.ActiveCfg = Release|Win32
		{F0CA41DC-D00F-43BF-A81C-574C1F75F4BE}.Release|x86.Build.0 = Release|Win32
		{93EFCECF-F0D7-4DE2-8463-6BE6215D6881}.Debug|x64.ActiveCfg = Debug|x64
		{93EFCECF-F0D7-4DE2-8463-6BE6215D6881}.Debug|x64.Build.0 = Debug|x64
		{93EFCECF-F0D7-4DE2-8463-6BE6215D6881}.Debug|x86.ActiveCfg = Debug|Win32
		{93EFCECF-F0D7-4DE2-8463-6BE6215D6881}.Debug|x86.Build.0 = Debug|Win32
		{93EFCECF-F0D7-4DE2-8463-6BE6215D6881}.Release|x64.ActiveCfg = Release|x64
		{93EFCECF-F0D7-4DE2-8463-6BE6215D6881}.Release|x64.Build.0 = Release|x64
		{93EFCECF-F0D7-4DE2-8463-6BE6215D6881}.Release|x86.ActiveCfg = Release|Win32
		{93EFCECF-F0D7-4DE2-8463-6BE6215D6881}.Release|x86.Build.0 = Release|Win32
		{D677F11C-5F5A-46B6-BB80-CED61960272B}.Debug|x64.ActiveCfg = Debug|x64
		{D677F11C-5F5A-46B6-BB80-CED61960272B}.Debug|x64.Build.0 = Debug|x64
		{D677F11C-5F5A-46B6-BB80-CED61960272B}.Debug|x86.ActiveCfg = Debug|Win32
		{D677F11C-5F5A-46B6-BB80-CED61960272B}.Debug|x86.Build.0 = Debug|Win32
		{D677F11C-5F5A-46B6-BB80-CED61960272B}.Release|x64.ActiveCfg = Release|x64
		{D677F11C-5F5A-46B6-BB80-CED61960272B}.Release|x64.Build.0 = Release|x64
		{D677F11C-5F5A-46B6-BB80-CED61960272B}.Release|x86.ActiveCfg = Release|Win32
		{D677F11C-5F5A-46B6-BB80-CED61960272B}.Release|x86.Build.0 = Release|Win32
		{32C1D124-A0DA-43B6-BCE0-6A15162F8DE6}.Debug|x64.ActiveCfg = Debug|x64
		{32C1D124-A0DA-43B6-BCE0-6A15162F8DE6}.Debug|x64.Build.0 = Debug|x64
		{32C1D124-A0DA-43B6-BCE0-6A15162F8DE6}.Debug|x86.ActiveCfg = Debug|Win32
		{32C1D124-A0DA-43B6-BCE0-6A15162F8DE6}.Debug|x86.Build.0 = Debug|Win32
		{32C1D124-A0DA-43B6-BCE0-6A15162F8DE6}.Release|x64.ActiveCfg = Release|x64
		{32C1D124-A0DA-43B6-BCE0-6A15162F8DE6}.Release|x64.Build.0 = Release|x64
		{32C1D124-A0DA-43B6-BCE0-6A15162F8DE6}.Release|x86.ActiveCfg = Release|Win32
		{32C1D124-A0DA-43B6-BCE0-6A15162F8DE6}.Release|x86.Build.0 = Release|Win32
		{E0736DB0-47BB-43A8-9141-DA595C7F8A7B}.Debug|x64.ActiveCfg = Debug|x64
		{E0736DB0-47BB-43A8-9141-DA595C7F8A7B}.Debug|x64.Build.0 = Debug|x64
		{E0736DB0-47BB-43A8-9141-DA595C7F8A7B}.Debug|x86.ActiveCfg = Debug|Win32
		{E0736DB0-47BB-43A8-9141-DA595C7F8A7B}.Debug|x86.Build.0 = Debug|Win32
		{E0736DB0-47BB-43A8-9141-DA595C7F8A7B}.Release|x64.ActiveCfg = Release|x64
		{E0736DB0-47BB-43A8-9141-DA595C7F8A7B}.Release|x64.Build.0 = Release|x64
		{E0736DB0-47BB-43A8-9141-DA595C7F8A7B}.Release|x86.ActiveCfg = Release|Win32
		{E0736DB0-47BB-43A8-9141-DA595C7F8A7B}.Release|x86.Build.0 = Release|Win32
		{7C9B07C3-CAE2-4285-B204-85383995B769}.Debug|x64.ActiveCfg = Debug|x64
		{7C9B07C3-CAE2-4285-B204-85383995B769}.Debug|x64.Build.0 = Debug|x64
		{7C9B07C3-CAE2-4285-B204-85383995B769}.Debug|x86.ActiveCfg = Debug|Win32
		{7C9B07C3-CAE2-4285-B204-85383995B769}.Debug|x86.Build.0 = Debug|Win32
		{7C9B07C3-CAE2-4285-B204-85383995B769}.Release|x64.ActiveCfg = Release|x64
		{7C9B07C3-CAE2-4285-B204-85383995B769}.Release|x64.Build.0 = Release|x64
		{7C9B07C3-CAE2-4285-B204-85383995B769}.Release|x86.ActiveCfg = Release|Win32
		{7C9B07C3-CAE2-4285-B204-85383995B769}.Release|x86.Build.0 = Release|Win32
		{04D66741-9ADD-43D2-9856-5C4D0DD5637A}.Debug|x64.ActiveCfg = Debug|x64
		{04D66741-9ADD-43D2-9856-5C4D0DD5637A}.Debug|x64.Build.0 = Debug|x64
		{04D66741-9ADD-43D2-9856-5C4D0DD5637A}.Debug|x86.ActiveCfg = Debug|Win32
		{04D66741-9ADD-43D2-9856-5C4D0DD5637A}.Debug|x86.Build.0 = Debug|Win32
		{04D66741-9ADD-43D2-9856-5C4D0DD5637A}.Release|x64.ActiveCfg = Release|x64
		{04D66741-9ADD-43D2-9856-5C4D0DD5637A}.Release|x64.Build.0 = Release|x64
		{04D66741-9ADD-43D2-9856-5C4D0DD5637A}.Release|x86.ActiveCfg = Release|Win32
		{04D66741-9ADD-43D2-9856-5C4D0DD5637A}.Release|x86.Build.0 = Release|Win32
		{B4C8C9D9-00C4-476F-B08C-3D0E6DA119F5}.Debug|x64.ActiveCfg = Debug|x64
		{B4C8C9D9-00C4-476F-B08C-3D0E6DA119F5}.Debug|x64.Build.0 = Debug|x64
		{B4C8C9D9-00C4-476F-B08C-3D0E6DA119F5}.Debug|x86.ActiveCfg = Debug|Win32
		{B4C8C9D9-00C4-476F-B08C-3D0E6DA119F5}.Debug|x86.Build.0 = Debug|Win32
		{B4C8C9D9-00C4-476F-B08C-3D0E6DA119F5}.Release|x64.ActiveCfg = Release|x64
		{B4C8C9D9-00C4-476F-B08C-3D0E6DA119F5}.Release|x64.Build.0 = Release|x64
		{B4C8C9D9-00C4-476F-B08C-3D0E6DA119F5}.Release|x86.ActiveCfg = Release|Win32
		{B4C8C9D9-00C4-476F-B08C-3D0E6DA119F5}.Release|x86.Build.0 = Release|Win32
		{CB0DD3F3-8B76-42F5-B447-945CF467E819}.Debug|x64.ActiveCfg = Debug|x64
		{CB0DD3F3-8B76-42F5-B447-945CF467E819}.Debug|x64.Build.0 = Debug|x64
		{CB0DD3F3-8B76-42F5-B447-945CF467E819}.Debug|x86.ActiveCfg = Debug|Win32
		{CB0DD3F3-8B76-42F5-B447-945CF467E819}.Debug|x86.Build.0 = Debug|Win32
		{CB0DD3F3-8B76-42F5-B447-945CF467E819}.Release|x64.ActiveCfg = Release|x64
		{CB0DD3F3-8B76-42F5-B447-945CF467E819}.Release|x64.Build.0 = Release|x64
		{CB0DD3F3-8B76-42F5-B447-945CF467E819}.Release|x86.ActiveCfg = Release|Win32
		{CB0DD3F3-8B76-42F5-B447-945CF467E819}.Release|x86.Build.0 = Release|Win32
		{57039BD2-D8DF-45F9-B2DD-30CE7DD2BAD3}.Debug|x64.ActiveCfg = Debug|x64
		{57039BD2-D8DF-45F9-B2DD-30CE7DD2BAD3}.Debug|x64.Build.0 = Debug|x64
		{57039BD2-D8DF-45F9-B2DD-30CE7DD2BAD3}.Debug|x86.ActiveCfg = Debug|Win32
		{57039BD2-D8DF-45F9-B2DD-30CE7DD2BAD3}.Debug|x86.Build.0 = Debug|Win32
		{57039BD2-D8DF-45F9-B2DD-30CE7DD2BAD3}.Release|x64.ActiveCfg = Release|x64
		{57039BD2-D8DF-45F9-B2DD-30CE7DD2BAD3}.Release|x64.Build.0 = Release|x64
		{57039BD2-D8DF-45F9-B2DD-30CE7DD2BAD3}.Release|x86.ActiveCfg = Release|Win32
		{57039BD2-D8DF-45F9-B2DD-30CE7DD2BAD3}.Release|x86.Build.0 = Release|Win32
		{5A6DF4C4-F300-45E0-A7F0-D8C55FB77CFC}.Debug|x64.ActiveCfg = Debug|x64
		{5A6DF4C4-F300-45E0-A7F0-D8C55FB77CFC}.Debug|x64.Build.0 = Debug|x64
		{5A6DF4C4-F300-45E0-A7F0-D8C55FB77CFC}.Debug|x86.ActiveCfg = Debug|Win32
		{5A6DF4C4-F300-45E0-A7F0-D8C55FB77CFC}.Debug|x86.Build.0 = Debug|Win32
		{5A6DF4C4-F300-45E0-A7F0-D8C55FB77CFC}.Release|x64.ActiveCfg = Release|x64
		{5A6DF4C4-F300-45E0-A7F0-D8C55FB77CFC}.Release|x64.Build.0 = Release|x64
		{5A6DF4C4-F300-45E0-A7F0-D8C55FB77CFC}.Release|x86.ActiveCfg = Release|Win32
		{5A6DF4C4-F300-45E0-A7F0-D8C55FB77CFC}.Release|x86.Build.0 = Release|Win32
		{8E2A55E5-C9F4-4969-A444-3EBC3E662EFA}.Debug|x64.ActiveCfg = Debug|x64
		{8E2A55E5-C9F4-4969-A444-3EBC3E662EFA}.Debug|x64.Build.0 = Debug|x64
		{8E2A55E5-C9F4-4969-A444-3EBC3E662EFA}.Debug|x86.ActiveCfg = Debug|Win32
		{8E2A55E5-C9F4-4969-A444-3EBC3E662EFA}.Debug|x86.Build.0 = Debug|Win32
		{8E2A55E5-C9F4-4969-A444-3EBC3E662EFA}.Release|x64.ActiveCfg = Release|x64
		{8E2A55E5-C9F4-4969-A444-3EBC3E662EFA}.Release|x64.Build.0 = Release|x64
		{8E2A55E5-C9F4-4969-A444-3EBC3E662EFA}.Release|x86.ActiveCfg = Release|Win32
		{8E2A55E5-C9F4-4969-A444-3EBC3E662EFA}.Release|x86.Build.0 = Release|Win32
		{B2408EDD-4A26-40E0-A5FE-37F70526BDF1}.Debug|x64.ActiveCfg = Debug|x64
		{B2408EDD-4A26-40E0-A5FE-37F70526BDF1}.Debug|x64.Build.0 = Debug|x64
		{B2408EDD-4A26-40E0-A5FE-37F70526BDF1}.Debug|x86.ActiveCfg = Debug|Win32
		{B2408EDD-4A26-40E0-A5FE-37F70526BDF1}.Debug|x86.Build.0 = Debug|Win32
		{B2408EDD-4A26-40E0-A5FE-37F70526BDF1}.Release|x64.ActiveCfg = Release|x64
		{B2408EDD-4A26-40E0-A5FE-37F70526BDF1}.Release|x64.Build.0 = Release|x64
		{B2408EDD-4A26-40E0-A5FE-37F70526BDF1}.Release|x86.ActiveCfg = Release|Win32
		{B2408EDD-4A26-40E0-A5FE-37F70526BDF1}.Release|x86.Build.0 = Release|Win32
		{39E23654-ED77-44F5-B6EC-31B902FECCBA}.Debug|x64.ActiveCfg = Debug|x64
		{39E23654-ED77-44F5-B6EC-31B902FECCBA}.Debug|x64.Build.0 = Debug|x64
		{39E23654-ED77-44F5-B6EC-31B902FECCBA}.Debug|x86.ActiveCfg = Debug|Win32
		{39E23654-ED77-44F5-B6EC-31B902FECCBA}.Debug|x86.Build.0 = Debug|Win32
		{39E23654-ED77-44F5-B6EC-31B902FECCBA}.Release|x64.ActiveCfg = Release|x64
		{39E23654-ED77-44F5-B6EC-31B902FECCBA}.Release|x64.Build.0 = Release|x64
		{39E23654-ED77-44F5-B6EC-31B902FECCBA}.Release|x86.ActiveCfg = Release|Win32
		{39E23654-ED77-44F5-B6EC-31B902FECCBA}.Release|x86.Build.0 = Release|Win32
		{BE19AD84-4D6E-43D3-92BD-E019F0EFEB6C}.Debug|x64.ActiveCfg = Debug|x64
		{BE19AD84-4D6E-43D3-92BD-E019F0EFEB6C}.Debug|x64.Build.0 = Debug|x64
		{BE19AD84-4D6E-43D3-92BD-E019F0EFEB6C}.Debug|x86.ActiveCfg = Debug|Win32
		{BE19AD84-4D6E-43D3-92BD-E019F0EFEB6C}.Debug|x86.Build.0 = Debug|Win32
		{BE19AD84-4D6E-43D3-92BD-E019F0EFEB6C}.Release|x64.ActiveCfg = Release|x64
		{BE19AD84-4D6E-43D3-92BD-E019F0EFEB6C}.Release|x64.Build.0 = Release|x64
		{BE19AD84-4D6E-43D3-92BD-E019F0EFEB6C}.Release|x86.ActiveCfg = Release|Win32
		{BE19AD84-4D6E-43D3-92BD-E019F0EFEB6C}.Release|x86.Build.0 = Release|Win32
		{7713E8A7-C3EA-419E-8D56-1A9B0906EFDE}.Debug|x64.ActiveCfg = Debug|x64
		{7713E8A7-C3EA-419E-8D56-1A9B0906EFDE}.Debug|x64.Build.0 = Debug|x64
		{7713E8A7-C3EA-419E-8D56-1A9B0906EFDE}.Debug|x86.ActiveCfg = Debug|Win32
		{7713E8A7-C3EA-419E-8D56-1A9B0906EFDE}.Debug|x86.Build.0 = Debug|Win32
		{7713E8A7-C3EA-419E-8D56-1A9B0906EFDE}.Release|x64.ActiveCfg = Release|x64
		{7713E8A7-C3EA-419E-8D56-1A9B0906EFDE}.Release|x64.Build.0 = Release|x64
		{7713E8A7-C3EA-419E-8D56-1A9B0906EFDE}.Release|x86.ActiveCfg = Release|Win32
		{7713E8A7-C3EA-419E-8D56-1A9B0906EFDE}.Release|x86.Build.0 = Release|Win32
		{F3D7A5E5-0768-4C3C-B6E7-D703AEA62B21}.Debug|x64.ActiveCfg = Debug|x64
		{F3D7A5E5-0768-4C3C-B6E7-D703AEA62B21}.Debug|x64.Build.0 = Debug|x64
		{F3D7A5E5-0768-4C3C-B6E7-D703AEA62B21}.Debug|x86.ActiveCfg = Debug|Win32
		{F3D7A5E5-0768-4C3C-B6E7-D703AEA62B21}.Debug|x86.Build.0 = Debug|Win32
		{F3D7A5E5-0768-4C3C-B6E7-D703AEA62B21}.Release|x64.ActiveCfg = Release|x64
		{F3D7A5E5-0768-4C3C-B6E7-D703AEA62B21}.Release|x64.Build.0 = Release|x64
		{F3D7A5E5-0768-4C3C-B6E7-D703AEA62B21}.Release|x86.ActiveCfg = Release|Win32
		{F3D7A5E5-0768-4C3C-B6E7-D703AEA62B21}.Release|x86.Build.0 = Release|Win32
		{8010B7E7-EDD5-44C3-99CD-C735521C7FAB}.Debug|x64.ActiveCfg = Debug|x64
		{8010B7E7-EDD5-44C3-99CD-C735521C7FAB}.Debug|x64.Build.0 = Debug|x64
		{8010B7E7-EDD5-44C3-99CD-C735521C7FAB}.Debug|x86.ActiveCfg = Debug|Win32
		{8010B7E7-EDD5-44C3-99CD-C735521C7FAB}.Debug|x86.Build.0 = Debug|Win32
		{8010B7E7-EDD5-44C3-99CD-C735521C7FAB}.Release|x64.ActiveCfg = Release|x64
		{8010B7E7-EDD5-44C3-99CD-C735521C7FAB}.Release|x64.Build.0 = Release|x64
		{8010B7E7-EDD5-44C3-99CD-C735521C7FAB}.Release|x86.ActiveCfg = Release|Win32
		{8010B7E7-EDD5-44C3-99CD-C735521C7FAB}.Release|x86.Build.0 = Release|Win32
		{46B8E2E2-BE70-4374-8F8D-4AFBE089B04F}.Debug|x64.ActiveCfg = Debug|x64
		{46B8E2E2-BE70-4374-8F8D-4AFBE089B04F}.Debug|x64.Build.0 = Debug|x64
		{46B8E2E2-BE70-4374-8F8D-4AFBE089B04F}.Debug|x86.ActiveCfg = Debug|Win32
		{46B8E2E2-BE70-4374-8F8D-4AFBE089B04F}.Debug|x86.Build.0 = Debug|Win32
		{46B8E2E2-BE70-4374-8F8D-4AFBE089B04F}.Release|x64.ActiveCfg = Release|x64
		{46B8E2E2-BE70-4374-8F8D-4AFBE089B04F}.Release|x64.Build.0 = Release|x64
		{46B8E2E2-BE70-4374-8F8D-4AFBE089B04F}.Release|x86.ActiveCfg = Release|Win32
		{46B8E2E2-BE70-4374-8F8D-4AFBE089B04F}.Release|x86.Build.0 = Release|Win32
		{F8FE663A-9A65-459C-B141-89427F07166E}.Debug|x64.ActiveCfg = Debug|x64
		{F8FE663A-9A65-459C-B141-89427F07166E}.Debug|x64.Build.0 = Debug|x64
		{F8FE663A-9A65-459C-B141-89427F07166E}.Debug|x86.ActiveCfg = Debug|Win32
		{F8FE663A-9A65-459C-B141-89427F07166E}.Debug|x86.Build.0 = Debug|Win32
		{F8FE663A-9A65-459C-B141-89427F07166E}.Release|x64.ActiveCfg = Release|x64
		{F8FE663A-9A65-459C-B141-89427F07166E}.Release|x64.Build.0 = Release|x64
		{F8FE663A-9A65-459C-B141-89427F07166E}.Release|x86.ActiveCfg = Release|Win32
		{F8FE663A-9A65-459C-B141-89427F07166E}.Release|x86.Build.0 = Release|Win32
		{8D62B6A4-E996-4E45-8DC6-603266B0ED26}.Debug|x64.ActiveCfg = Debug|x64
		{8D62B6A4-E996-4E45-8DC6-603266B0ED26}.Debug|x64.Build.0 = Debug|x64
		{8D62B6A4-E996-4E45-8DC6-603266B0ED26}.Debug|x86.ActiveCfg = Debug|Win32
		{8D62B6A4-E996-4E45-8DC6-603266B0ED26}.Debug|x86.Build.0 = Debug|Win32
		{8D62B6A4-E996-4E45-8DC6-603266B0ED26}.Release|x64.ActiveCfg = Release|x64
		{8D62B6A4-E996-4E45-8DC6-603266B0ED26}.Release|x64.Build.0 = Release|x64
		{8D62B6A4-E996-4E45-8DC6-603266B0ED26}.Release|x86.ActiveCfg = Release|Win32
		{8D62B6A4-E996-4E45-8DC6-603266B0ED26}.Release|x86.Build.0 = Release|Win32
		{63252B0B-D1F7-4C91-B687-9D287B19AD7B}.Debug|x64.ActiveCfg = Debug|x64
		{63252B0B-D1F7-4C91-B687-9D287B19AD7B}.Debug|x64.Build.0 = Debug|x64
		{63252B0B-D1F7-4C91-B687-9D287B19AD7B}.Debug|x86.ActiveCfg = Debug|Win32
		{63252B0B-D1F7-4C91-B687-9D287B19AD7B}.Debug|x86.Build.0 = Debug|Win32
		{63252B0B-D1F7-4C91-B687-9D287B19AD7B}.Release|x64.ActiveCfg = Release|x64
		{63252B0B-D1F7-4C91-B687-9D287B19AD7B}.Release|x64.Build.0 = Release|x64
		{63252B0B-D1F7-4C91-B687-9D287B19AD7B}.Release|x86.ActiveCfg = Release|Win32
		{63252B0B-D1F7-4C91-B687-9D287B19AD7B}.Release|x86.Build.0 = Release|Win32
		{ECD4F6B0-05F3-4FE4-A8BF-3A5E289A1BFB}.Debug|x64.ActiveCfg = Debug|x64
		{ECD4F6B0-05F3-4FE4-A8BF-3A5E289A1BFB}.Debug|x64.Build.0 = Debug|x64
		{ECD4F6B0-05F3-4FE4-A8BF-3A5E289A1BFB}.Debug|x86.ActiveCfg = Debug|Win32
		{ECD4F6B0-05F3-4FE4-A8BF-3A5E289A1BFB}.Debug|x86.Build.0 = Debug|Win32
		{ECD4F6B0-05F3-4FE4-A8BF-3A5E289A1BFB}.Release|x64.ActiveCfg = Release|x64
		{ECD4F6B0-05F3-4FE4-A8BF-3A5E289A1BFB}.Release|x64.Build.0 = Release|x64
		{ECD4F6B0-05F3-4FE4-A8BF-3A5E289A1BFB}.Release|x86.ActiveCfg = Release|Win32
		{ECD4F6B0-05F3-4FE4-A8BF-3A5E289A1BFB}.Release|x86.Build.0 = Release|Win32
		{1E367674-079E-484B-87AC-FE222B2F1D01}.Debug|x64.ActiveCfg = Debug|x64
		{1E367674-079E-484B-87AC-FE222B2F1D01}.Debug|x64.Build.0 = Debug|x64
		{1E367674-079E-484B-87AC-FE222B2F1D01}.Debug|x86.ActiveCfg = Debug|Win32
		{1E367674-079E-484B-87AC-FE222B2F1D01}.Debug|x86.Build.0 = Debug|Win32
		{1E367674-079E-484B-87AC-FE222B2F1D01}.Release|x64.ActiveCfg = Release|x64
		{1E367674-079E-484B-87AC-FE222B2F1D01}.Release|x64.Build.0 = Release|x64
		{1E367674-079E-484B-87AC-FE222B2F1D01}.Release|x86.ActiveCfg = Release|Win32
		{1E367674-079E-484B-87AC-FE222B2F1D01}.Release|x86.Build.0 = Release|Win32
		{5658B45F-3F9F-4038-8A46-BC10D049B071}.Debug|x64.ActiveCfg = Debug|x64
		{5658B45F-3F9F-4038-8A46-BC10D049B071}.Debug|x64.Build.0 = Debug|x64
		{5658B45F-3F9F-4038-8A46-BC10D049B071}.Debug|x86.ActiveCfg = Debug|Win32
		{5658B45F-3F9F-4038-8A46-BC10D049B071}.Debug|x86.Build.0 = Debug|Win32
		{5658B45F-3F9F-4038-8A46-BC10D049B071}.Release|x64.ActiveCfg = Release|x64
		{5658B45F-3F9F-4038-8A46-BC10D049B071}.Release|x64.Build.0 = Release|x64
		{5658B45F-3F9F-4038-8A46-BC10D049B071}.Release|x86.ActiveCfg = Release|Win32
		{5658B45F-3F9F-4038-8A46-BC10D049B071}.Release|x86.Build.0 = Release|Win32
	EndGlobalSection
	GlobalSection(SolutionProperties) = preSolution
		HideSolutionNode = FALSE
	EndGlobalSection
	GlobalSection(ExtensibilityGlobals) = postSolution
		SolutionGuid = {BD38FD6D-23FA-42A2-9AC6-C0D931BA831F}
	EndGlobalSection
EndGlobal
