
Microsoft Visual Studio Solution File, Format Version 12.00
# Visual Studio Version 16
VisualStudioVersion = 16.0.30621.155
MinimumVisualStudioVersion = 10.0.40219.1
Project("{8BC9CEB8-8B4A-11D0-8D11-00A0C91BC942}") = "000int", "000int\000int.vcxproj", "{9BFD5862-E9E4-4570-A7D9-59337587C24D}"
EndProject
Project("{8BC9CEB8-8B4A-11D0-8D11-00A0C91BC942}") = "Bai001", "Bai001\Bai001.vcxproj", "{40204031-5396-4DAF-AA28-EF845D9DEAFB}"
EndProject
Project("{8BC9CEB8-8B4A-11D0-8D11-00A0C91BC942}") = "Bai005", "Bai005\Bai005.vcxproj", "{A9CA243A-D0B8-4802-8C68-9346D70E98A0}"
EndProject
Project("{8BC9CEB8-8B4A-11D0-8D11-00A0C91BC942}") = "Bai006", "Bai006\Bai006.vcxproj", "{BE6E0F83-97DC-4052-989F-AE4D0649580C}"
EndProject
Project("{8BC9CEB8-8B4A-11D0-8D11-00A0C91BC942}") = "Bai007", "Bai007\Bai007.vcxproj", "{7790FF40-55DB-4362-9B98-C500C115A6EE}"
EndProject
Project("{8BC9CEB8-8B4A-11D0-8D11-00A0C91BC942}") = "000float", "000float\000float.vcxproj", "{3991D1DE-F42F-426C-932B-F2146FBDDA7D}"
EndProject
Project("{8BC9CEB8-8B4A-11D0-8D11-00A0C91BC942}") = "Bai008", "Bai008\Bai008.vcxproj", "{27F1E3A1-3F4F-4BAE-A480-9A743EC2035F}"
EndProject
Project("{8BC9CEB8-8B4A-11D0-8D11-00A0C91BC942}") = "Bai009", "Bai009\Bai009.vcxproj", "{07AF99CD-E94E-4686-BC46-073E96A667DC}"
EndProject
Project("{8BC9CEB8-8B4A-11D0-8D11-00A0C91BC942}") = "Bai012", "Bai012\Bai012.vcxproj", "{63A4B32E-2181-424E-B277-6B1377FDDEF8}"
EndProject
Project("{8BC9CEB8-8B4A-11D0-8D11-00A0C91BC942}") = "Bai015", "Bai015\Bai015.vcxproj", "{3282FF2A-2DE9-46CA-8DF8-977C15B59E7D}"
EndProject
Project("{8BC9CEB8-8B4A-11D0-8D11-00A0C91BC942}") = "Bai010", "Bai010\Bai010.vcxproj", "{66B8814E-0593-44BC-BA28-D03640DE8CE8}"
EndProject
Project("{8BC9CEB8-8B4A-11D0-8D11-00A0C91BC942}") = "Bai018", "Bai018\Bai018.vcxproj", "{EE7CFACD-5F29-4CF2-8BF1-A40F1D2DD673}"
EndProject
Project("{8BC9CEB8-8B4A-11D0-8D11-00A0C91BC942}") = "Bai002", "Bai002\Bai002.vcxproj", "{FDAF8CEC-D5A4-4D98-807D-D0875114084B}"
EndProject
Project("{8BC9CEB8-8B4A-11D0-8D11-00A0C91BC942}") = "Bai003", "Bai003\Bai003.vcxproj", "{23F64730-089F-4D9D-BC00-2C62B3E78AFC}"
EndProject
Project("{8BC9CEB8-8B4A-11D0-8D11-00A0C91BC942}") = "Bai004", "Bai004\Bai004.vcxproj", "{7EAFD2BE-505E-4515-9B1A-1B9D5EBE5928}"
EndProject
Project("{8BC9CEB8-8B4A-11D0-8D11-00A0C91BC942}") = "Bai021", "Bai021\Bai021.vcxproj", "{60FDC579-14A7-4547-8C82-A3F15A620967}"
EndProject
Project("{8BC9CEB8-8B4A-11D0-8D11-00A0C91BC942}") = "Bai022", "Bai022\Bai022.vcxproj", "{DD07FB48-9C2A-4787-8E87-CB7F01245D80}"
EndProject
Project("{8BC9CEB8-8B4A-11D0-8D11-00A0C91BC942}") = "Bai027", "Bai027\Bai027.vcxproj", "{B6F56AD7-F6CB-49C4-A2A7-7E3F4B7E8C6D}"
EndProject
Project("{8BC9CEB8-8B4A-11D0-8D11-00A0C91BC942}") = "Bai028", "Bai028\Bai028.vcxproj", "{AFAD71AA-43F7-43DD-932B-630C60441C5E}"
EndProject
Project("{8BC9CEB8-8B4A-11D0-8D11-00A0C91BC942}") = "Bai030", "Bai030\Bai030.vcxproj", "{1F242D27-E2C7-44FC-BB82-9F2373A3EBC9}"
EndProject
Project("{8BC9CEB8-8B4A-11D0-8D11-00A0C91BC942}") = "Bai045", "Bai045\Bai045.vcxproj", "{489569C2-D5C6-49AA-8C99-89DD827984BE}"
EndProject
Project("{8BC9CEB8-8B4A-11D0-8D11-00A0C91BC942}") = "Bai011", "Bai011\Bai011.vcxproj", "{8724AF95-FB36-455A-88FE-8B7DBD089CDA}"
EndProject
Project("{8BC9CEB8-8B4A-11D0-8D11-00A0C91BC942}") = "Bai013", "Bai013\Bai013.vcxproj", "{AB125B98-F7DA-4739-92E6-78AA828DF844}"
EndProject
Project("{8BC9CEB8-8B4A-11D0-8D11-00A0C91BC942}") = "Bai014", "Bai014\Bai014.vcxproj", "{89EAE176-BE4E-40C4-86DA-7B83606BA46C}"
EndProject
Project("{8BC9CEB8-8B4A-11D0-8D11-00A0C91BC942}") = "Bai016", "Bai016\Bai016.vcxproj", "{DB8A7040-DA91-4769-A79E-906E8A1591DF}"
EndProject
Project("{8BC9CEB8-8B4A-11D0-8D11-00A0C91BC942}") = "Bai017", "Bai017\Bai017.vcxproj", "{CA4F3A22-A1C5-4ABF-9357-EF3D7EAB818D}"
EndProject
Project("{8BC9CEB8-8B4A-11D0-8D11-00A0C91BC942}") = "Bai019", "Bai019\Bai019.vcxproj", "{5153A0CE-D5E9-4166-96D6-BDB69EA4CA53}"
EndProject
Project("{8BC9CEB8-8B4A-11D0-8D11-00A0C91BC942}") = "Bai020", "Bai020\Bai020.vcxproj", "{E03AE637-9BCB-4422-B9D7-E4D520C306A4}"
EndProject
Project("{8BC9CEB8-8B4A-11D0-8D11-00A0C91BC942}") = "Bai023", "Bai023\Bai023.vcxproj", "{69588C1D-815C-479D-B2BF-54F059FFD276}"
EndProject
Project("{8BC9CEB8-8B4A-11D0-8D11-00A0C91BC942}") = "Bai024", "Bai024\Bai024.vcxproj", "{9A3C3060-5668-4232-A238-C1C9BB76CB9E}"
EndProject
Project("{8BC9CEB8-8B4A-11D0-8D11-00A0C91BC942}") = "Bai025", "Bai025\Bai025.vcxproj", "{FA254ECF-CF04-484D-B28C-0A69C31515CF}"
EndProject
Project("{8BC9CEB8-8B4A-11D0-8D11-00A0C91BC942}") = "Bai026", "Bai026\Bai026.vcxproj", "{9F1ED475-8958-4D63-A3CD-A6F3853224E6}"
EndProject
Project("{8BC9CEB8-8B4A-11D0-8D11-00A0C91BC942}") = "Bai029", "Bai029\Bai029.vcxproj", "{8799DD3F-24FC-4C1F-AC0E-D872E71F20DE}"
EndProject
Project("{8BC9CEB8-8B4A-11D0-8D11-00A0C91BC942}") = "Bai031", "Bai031\Bai031.vcxproj", "{220C5C39-0FB1-4767-A81E-9107225339BD}"
EndProject
Project("{8BC9CEB8-8B4A-11D0-8D11-00A0C91BC942}") = "Bai032", "Bai032\Bai032.vcxproj", "{36FC626A-0D2E-4AD9-809D-D6A3377C9A59}"
EndProject
Project("{8BC9CEB8-8B4A-11D0-8D11-00A0C91BC942}") = "Bai033", "Bai033\Bai033.vcxproj", "{953DB685-FF5C-4DB8-88CC-720C49043701}"
EndProject
Project("{8BC9CEB8-8B4A-11D0-8D11-00A0C91BC942}") = "Bai034", "Bai034\Bai034.vcxproj", "{3B0A41D2-5F01-4C3B-984A-EF4A7B33767A}"
EndProject
Project("{8BC9CEB8-8B4A-11D0-8D11-00A0C91BC942}") = "Bai035", "Bai035\Bai035.vcxproj", "{3EA6936E-73AD-480D-ACAE-653846480CF9}"
EndProject
Project("{8BC9CEB8-8B4A-11D0-8D11-00A0C91BC942}") = "Bai036", "Bai036\Bai036.vcxproj", "{C3BFE497-0D0D-49EE-8723-84F1484D5DA7}"
EndProject
Project("{8BC9CEB8-8B4A-11D0-8D11-00A0C91BC942}") = "Bai037", "Bai037\Bai037.vcxproj", "{2839F823-9A38-4DF1-AE78-0992C70FA889}"
EndProject
Project("{8BC9CEB8-8B4A-11D0-8D11-00A0C91BC942}") = "Bai038", "Bai038\Bai038.vcxproj", "{486C0455-8FB2-4E80-BAC4-6448C18D961E}"
EndProject
Project("{8BC9CEB8-8B4A-11D0-8D11-00A0C91BC942}") = "Bai039", "Bai039\Bai039.vcxproj", "{D54989C8-E121-4482-9DC8-8C8466AF2574}"
EndProject
Project("{8BC9CEB8-8B4A-11D0-8D11-00A0C91BC942}") = "Bai040", "Bai040\Bai040.vcxproj", "{67B16EEE-9394-45C8-8E13-08B2E46DE275}"
EndProject
Project("{8BC9CEB8-8B4A-11D0-8D11-00A0C91BC942}") = "Bai041", "Bai041\Bai041.vcxproj", "{7280B565-E264-4FD7-A835-C76C15EB41DC}"
EndProject
Project("{8BC9CEB8-8B4A-11D0-8D11-00A0C91BC942}") = "Bai042", "Bai042\Bai042.vcxproj", "{231CA0DA-7AF4-4421-B374-E04D6B5B6791}"
EndProject
Project("{8BC9CEB8-8B4A-11D0-8D11-00A0C91BC942}") = "Bai043", "Bai043\Bai043.vcxproj", "{6BC7E5F6-245C-49A0-8E95-39A64E1A30B4}"
EndProject
Project("{8BC9CEB8-8B4A-11D0-8D11-00A0C91BC942}") = "Bai044", "Bai044\Bai044.vcxproj", "{529790FB-AF61-4D5E-AE5D-851886963AEF}"
EndProject
Project("{8BC9CEB8-8B4A-11D0-8D11-00A0C91BC942}") = "Bai050", "Bai050\Bai050.vcxproj", "{AD492535-02B2-40E1-B061-4D25803BE48E}"
EndProject
Project("{8BC9CEB8-8B4A-11D0-8D11-00A0C91BC942}") = "Bai051", "Bai051\Bai051.vcxproj", "{7D44ABCA-671B-480B-9204-80E8EE17DC8A}"
EndProject
Project("{8BC9CEB8-8B4A-11D0-8D11-00A0C91BC942}") = "Bai052", "Bai052\Bai052.vcxproj", "{B3F25A0E-A6D8-4AF8-8F58-BD9098AC9532}"
EndProject
Project("{8BC9CEB8-8B4A-11D0-8D11-00A0C91BC942}") = "Bai053", "Bai053\Bai053.vcxproj", "{EB415A09-47B8-4B5D-ACF8-A86AD93DAF8F}"
EndProject
Project("{8BC9CEB8-8B4A-11D0-8D11-00A0C91BC942}") = "Bai046", "Bai046\Bai046.vcxproj", "{EDAB3074-6B90-4BD1-B350-F4C2BAC2AF97}"
EndProject
Project("{8BC9CEB8-8B4A-11D0-8D11-00A0C91BC942}") = "Bai047", "Bai047\Bai047.vcxproj", "{BDA096F9-E8F2-426A-A78B-4F9D4029334D}"
EndProject
Project("{8BC9CEB8-8B4A-11D0-8D11-00A0C91BC942}") = "Bai048", "Bai048\Bai048.vcxproj", "{CE377088-0932-4F4B-A82F-7015C5086377}"
EndProject
Project("{8BC9CEB8-8B4A-11D0-8D11-00A0C91BC942}") = "Bai049", "Bai049\Bai049.vcxproj", "{8AFC13C9-4B94-4B48-AFAC-380725094DDE}"
EndProject
Project("{8BC9CEB8-8B4A-11D0-8D11-00A0C91BC942}") = "Bai058", "Bai058\Bai058.vcxproj", "{91E58308-22E6-4E1F-9D29-F929F60A7EE0}"
EndProject
Project("{8BC9CEB8-8B4A-11D0-8D11-00A0C91BC942}") = "Bai059", "Bai059\Bai059.vcxproj", "{FF180CEC-5070-4D0C-8494-A466C02A09E0}"
EndProject
Project("{8BC9CEB8-8B4A-11D0-8D11-00A0C91BC942}") = "Bai063", "Bai063\Bai063.vcxproj", "{441573B9-B394-45DA-9D1F-E360B7CDB623}"
EndProject
Project("{8BC9CEB8-8B4A-11D0-8D11-00A0C91BC942}") = "Bai072", "Bai072\Bai072.vcxproj", "{A94436B4-CACE-45FD-A303-9E54D2A4B70A}"
EndProject
Project("{8BC9CEB8-8B4A-11D0-8D11-00A0C91BC942}") = "Bai074", "Bai074\Bai074.vcxproj", "{90350773-FF00-4B2E-87F8-8CA4CF880128}"
EndProject
Project("{8BC9CEB8-8B4A-11D0-8D11-00A0C91BC942}") = "Bai064", "Bai064\Bai064.vcxproj", "{8F2687BC-8E10-48D2-9485-9C10BDE13B45}"
EndProject
Project("{8BC9CEB8-8B4A-11D0-8D11-00A0C91BC942}") = "Bai075", "Bai075\Bai075.vcxproj", "{2C0756B7-72F3-41B5-809A-9DE7186114CE}"
EndProject
Project("{8BC9CEB8-8B4A-11D0-8D11-00A0C91BC942}") = "Bai077", "Bai077\Bai077.vcxproj", "{42EDC22A-B37C-436B-B75E-7355F0AD6511}"
EndProject
Project("{8BC9CEB8-8B4A-11D0-8D11-00A0C91BC942}") = "Bai079", "Bai079\Bai079.vcxproj", "{B50BEEBB-274F-4A6D-88C0-AD54D9A14A3B}"
EndProject
Project("{8BC9CEB8-8B4A-11D0-8D11-00A0C91BC942}") = "Bai085", "Bai085\Bai085.vcxproj", "{32F81BF9-10CA-4BDB-86A4-78DD3F33832A}"
EndProject
Project("{8BC9CEB8-8B4A-11D0-8D11-00A0C91BC942}") = "Bai096", "Bai096\Bai096.vcxproj", "{F4751805-0562-4269-8D14-54C8832EE5B6}"
EndProject
Project("{8BC9CEB8-8B4A-11D0-8D11-00A0C91BC942}") = "Bai097", "Bai097\Bai097.vcxproj", "{966E3215-EDB0-4A76-BF54-649A502F7343}"
EndProject
Project("{8BC9CEB8-8B4A-11D0-8D11-00A0C91BC942}") = "Bai098", "Bai098\Bai098.vcxproj", "{5C64AC97-2CD7-424D-B806-AB31471D84AE}"
EndProject
Project("{8BC9CEB8-8B4A-11D0-8D11-00A0C91BC942}") = "Bai099", "Bai099\Bai099.vcxproj", "{3C36658E-EF2A-428D-8761-45C44698F14A}"
EndProject
Project("{8BC9CEB8-8B4A-11D0-8D11-00A0C91BC942}") = "Bai107", "Bai107\Bai107.vcxproj", "{8CFF3D89-2DED-45A7-9397-A27933694487}"
EndProject
Project("{8BC9CEB8-8B4A-11D0-8D11-00A0C91BC942}") = "Bai117", "Bai117\Bai117.vcxproj", "{E76B9627-44DE-4E34-96A2-D1A1A51023E9}"
EndProject
Project("{8BC9CEB8-8B4A-11D0-8D11-00A0C91BC942}") = "Bai121", "Bai121\Bai121.vcxproj", "{501A44BE-87F1-424C-A47C-C04FDA4B1782}"
EndProject
Project("{8BC9CEB8-8B4A-11D0-8D11-00A0C91BC942}") = "Bai122", "Bai122\Bai122.vcxproj", "{924AA861-B41E-4F85-819B-0D65E90376D4}"
EndProject
Project("{8BC9CEB8-8B4A-11D0-8D11-00A0C91BC942}") = "Bai132", "Bai132\Bai132.vcxproj", "{FF6B9ABC-F034-485C-A04E-F548A3717939}"
EndProject
Project("{8BC9CEB8-8B4A-11D0-8D11-00A0C91BC942}") = "Bai135", "Bai135\Bai135.vcxproj", "{F1BC1106-02C7-47FE-80AF-C7E3B903C27E}"
EndProject
Project("{8BC9CEB8-8B4A-11D0-8D11-00A0C91BC942}") = "Bai137", "Bai137\Bai137.vcxproj", "{AD6A15BE-C3BD-4A9F-864D-991778DD379C}"
EndProject
Project("{8BC9CEB8-8B4A-11D0-8D11-00A0C91BC942}") = "Bai138", "Bai138\Bai138.vcxproj", "{D107B4CE-4434-4CBD-B0DF-9384F07E2E32}"
EndProject
Project("{8BC9CEB8-8B4A-11D0-8D11-00A0C91BC942}") = "Bai139", "Bai139\Bai139.vcxproj", "{EEF8B78A-EC92-458E-822D-CB71EB8D4F72}"
EndProject
Project("{8BC9CEB8-8B4A-11D0-8D11-00A0C91BC942}") = "Bai140", "Bai140\Bai140.vcxproj", "{BC217862-9326-44A2-A398-B9B41F68DFAE}"
EndProject
Project("{8BC9CEB8-8B4A-11D0-8D11-00A0C91BC942}") = "Bai144", "Bai144\Bai144.vcxproj", "{F9C7EA3D-E3EB-4E31-971F-4BB83B51586E}"
EndProject
Project("{8BC9CEB8-8B4A-11D0-8D11-00A0C91BC942}") = "Bai148", "Bai148\Bai148.vcxproj", "{9FE5E144-9984-4D4F-8C51-9EC2AB16EC3D}"
EndProject
Project("{8BC9CEB8-8B4A-11D0-8D11-00A0C91BC942}") = "Bai149", "Bai149\Bai149.vcxproj", "{04C69F11-B4ED-48CD-BF2A-740F101794BB}"
EndProject
Project("{8BC9CEB8-8B4A-11D0-8D11-00A0C91BC942}") = "Bai150", "Bai150\Bai150.vcxproj", "{2377FC75-072B-47E3-B162-C308DF5E5F11}"
EndProject
Project("{8BC9CEB8-8B4A-11D0-8D11-00A0C91BC942}") = "Bai152", "Bai152\Bai152.vcxproj", "{52D60E9F-9ABC-458C-9423-F6BB515E1D43}"
EndProject
Project("{8BC9CEB8-8B4A-11D0-8D11-00A0C91BC942}") = "Bai154", "Bai154\Bai154.vcxproj", "{9FAFA8A2-6232-4426-BDF8-1A52B73FA1F6}"
EndProject
Project("{8BC9CEB8-8B4A-11D0-8D11-00A0C91BC942}") = "Bai160", "Bai160\Bai160.vcxproj", "{69723DBD-1A05-4F14-BBE8-6ED41F2E24F5}"
EndProject
Project("{8BC9CEB8-8B4A-11D0-8D11-00A0C91BC942}") = "Bai161", "Bai161\Bai161.vcxproj", "{251B83A8-CEF1-4EDC-8051-AFB61B0D9AEE}"
EndProject
Project("{8BC9CEB8-8B4A-11D0-8D11-00A0C91BC942}") = "Bai162", "Bai162\Bai162.vcxproj", "{5142E0CF-7A9F-4C0D-86D1-7C30AA1987B3}"
EndProject
Project("{8BC9CEB8-8B4A-11D0-8D11-00A0C91BC942}") = "Bai163", "Bai163\Bai163.vcxproj", "{A4A4A04F-D395-4D04-A906-AA45F967E486}"
EndProject
Project("{8BC9CEB8-8B4A-11D0-8D11-00A0C91BC942}") = "Bai164", "Bai164\Bai164.vcxproj", "{F9FDD912-CEC7-41F4-9C09-6118B4330A9B}"
EndProject
Project("{8BC9CEB8-8B4A-11D0-8D11-00A0C91BC942}") = "Bai169", "Bai169\Bai169.vcxproj", "{4A05B90E-9145-4C5C-B82A-72E4B8FED620}"
EndProject
Project("{8BC9CEB8-8B4A-11D0-8D11-00A0C91BC942}") = "Bai170", "Bai170\Bai170.vcxproj", "{0F98ECE7-43F2-42F9-8B86-797CE46D2A67}"
EndProject
Project("{8BC9CEB8-8B4A-11D0-8D11-00A0C91BC942}") = "Bai171", "Bai171\Bai171.vcxproj", "{0A193CE4-740E-4432-9D76-0F2D9E237F13}"
EndProject
Project("{8BC9CEB8-8B4A-11D0-8D11-00A0C91BC942}") = "Bai173", "Bai173\Bai173.vcxproj", "{EE75D4A4-D2F5-4DE9-B6FA-3E5F00E8E4E6}"
EndProject
Project("{8BC9CEB8-8B4A-11D0-8D11-00A0C91BC942}") = "Bai174", "Bai174\Bai174.vcxproj", "{8EF8FA58-8F51-49FC-8E10-652513E68A51}"
EndProject
Project("{8BC9CEB8-8B4A-11D0-8D11-00A0C91BC942}") = "Bai175", "Bai175\Bai175.vcxproj", "{E5F79821-8C60-4CA6-82B1-F4337501DB0A}"
EndProject
Project("{8BC9CEB8-8B4A-11D0-8D11-00A0C91BC942}") = "Bai177", "Bai177\Bai177.vcxproj", "{A8EAF406-39D4-4D82-8C49-EB9E7B3BD0C1}"
EndProject
Project("{8BC9CEB8-8B4A-11D0-8D11-00A0C91BC942}") = "Bai188", "Bai188\Bai188.vcxproj", "{DBD367CD-B556-4513-9C5D-0C97832C8F32}"
EndProject
Project("{8BC9CEB8-8B4A-11D0-8D11-00A0C91BC942}") = "Bai060", "Bai060\Bai060.vcxproj", "{80A1A39E-A303-4A02-8541-86807D73E6EC}"
EndProject
Project("{8BC9CEB8-8B4A-11D0-8D11-00A0C91BC942}") = "Bai061", "Bai061\Bai061.vcxproj", "{DE20FF67-4A6C-4668-836A-F7B5A0EE6A09}"
EndProject
Project("{8BC9CEB8-8B4A-11D0-8D11-00A0C91BC942}") = "Bai062", "Bai062\Bai062.vcxproj", "{983B7E83-9A73-4842-85CC-BBC20B0EBF7C}"
EndProject
Project("{8BC9CEB8-8B4A-11D0-8D11-00A0C91BC942}") = "Bai054", "Bai054\Bai054.vcxproj", "{43AFE54A-8492-4B77-A677-D8B32D236229}"
EndProject
Project("{8BC9CEB8-8B4A-11D0-8D11-00A0C91BC942}") = "Bai055", "Bai055\Bai055.vcxproj", "{72495D3C-92AD-4771-A0B9-BC8E9F7CC50E}"
EndProject
Project("{8BC9CEB8-8B4A-11D0-8D11-00A0C91BC942}") = "Bai056", "Bai056\Bai056.vcxproj", "{208005A7-1726-47D3-822E-F9A7A07471F8}"
EndProject
Project("{8BC9CEB8-8B4A-11D0-8D11-00A0C91BC942}") = "Bai057", "Bai057\Bai057.vcxproj", "{19F43E18-6630-4B0F-8C41-686DFD08B9A7}"
EndProject
Project("{8BC9CEB8-8B4A-11D0-8D11-00A0C91BC942}") = "Bai065", "Bai065\Bai065.vcxproj", "{2B7F104E-950D-40CD-9211-5DBAF93C2AD1}"
EndProject
Project("{8BC9CEB8-8B4A-11D0-8D11-00A0C91BC942}") = "Bai066", "Bai066\Bai066.vcxproj", "{6EEB8B5C-8DC0-4038-A688-9E42061AC5AE}"
EndProject
Project("{8BC9CEB8-8B4A-11D0-8D11-00A0C91BC942}") = "Bai067", "Bai067\Bai067.vcxproj", "{34F7672E-A6DE-4355-BAE3-C5EE85C5215C}"
EndProject
Project("{8BC9CEB8-8B4A-11D0-8D11-00A0C91BC942}") = "Bai068", "Bai068\Bai068.vcxproj", "{022C27F2-614D-4594-B818-A16D0E76091F}"
EndProject
Project("{8BC9CEB8-8B4A-11D0-8D11-00A0C91BC942}") = "Bai069", "Bai069\Bai069.vcxproj", "{9F25C84A-CCD3-4C49-A580-01082345CAE2}"
EndProject
Project("{8BC9CEB8-8B4A-11D0-8D11-00A0C91BC942}") = "Bai070", "Bai070\Bai070.vcxproj", "{0F0D82F0-C128-4305-B5B4-96D439B0FAF3}"
EndProject
Global
	GlobalSection(SolutionConfigurationPlatforms) = preSolution
		Debug|x64 = Debug|x64
		Debug|x86 = Debug|x86
		Release|x64 = Release|x64
		Release|x86 = Release|x86
	EndGlobalSection
	GlobalSection(ProjectConfigurationPlatforms) = postSolution
		{9BFD5862-E9E4-4570-A7D9-59337587C24D}.Debug|x64.ActiveCfg = Debug|x64
		{9BFD5862-E9E4-4570-A7D9-59337587C24D}.Debug|x64.Build.0 = Debug|x64
		{9BFD5862-E9E4-4570-A7D9-59337587C24D}.Debug|x86.ActiveCfg = Debug|Win32
		{9BFD5862-E9E4-4570-A7D9-59337587C24D}.Debug|x86.Build.0 = Debug|Win32
		{9BFD5862-E9E4-4570-A7D9-59337587C24D}.Release|x64.ActiveCfg = Release|x64
		{9BFD5862-E9E4-4570-A7D9-59337587C24D}.Release|x64.Build.0 = Release|x64
		{9BFD5862-E9E4-4570-A7D9-59337587C24D}.Release|x86.ActiveCfg = Release|Win32
		{9BFD5862-E9E4-4570-A7D9-59337587C24D}.Release|x86.Build.0 = Release|Win32
		{40204031-5396-4DAF-AA28-EF845D9DEAFB}.Debug|x64.ActiveCfg = Debug|x64
		{40204031-5396-4DAF-AA28-EF845D9DEAFB}.Debug|x64.Build.0 = Debug|x64
		{40204031-5396-4DAF-AA28-EF845D9DEAFB}.Debug|x86.ActiveCfg = Debug|Win32
		{40204031-5396-4DAF-AA28-EF845D9DEAFB}.Debug|x86.Build.0 = Debug|Win32
		{40204031-5396-4DAF-AA28-EF845D9DEAFB}.Release|x64.ActiveCfg = Release|x64
		{40204031-5396-4DAF-AA28-EF845D9DEAFB}.Release|x64.Build.0 = Release|x64
		{40204031-5396-4DAF-AA28-EF845D9DEAFB}.Release|x86.ActiveCfg = Release|Win32
		{40204031-5396-4DAF-AA28-EF845D9DEAFB}.Release|x86.Build.0 = Release|Win32
		{A9CA243A-D0B8-4802-8C68-9346D70E98A0}.Debug|x64.ActiveCfg = Debug|x64
		{A9CA243A-D0B8-4802-8C68-9346D70E98A0}.Debug|x64.Build.0 = Debug|x64
		{A9CA243A-D0B8-4802-8C68-9346D70E98A0}.Debug|x86.ActiveCfg = Debug|Win32
		{A9CA243A-D0B8-4802-8C68-9346D70E98A0}.Debug|x86.Build.0 = Debug|Win32
		{A9CA243A-D0B8-4802-8C68-9346D70E98A0}.Release|x64.ActiveCfg = Release|x64
		{A9CA243A-D0B8-4802-8C68-9346D70E98A0}.Release|x64.Build.0 = Release|x64
		{A9CA243A-D0B8-4802-8C68-9346D70E98A0}.Release|x86.ActiveCfg = Release|Win32
		{A9CA243A-D0B8-4802-8C68-9346D70E98A0}.Release|x86.Build.0 = Release|Win32
		{BE6E0F83-97DC-4052-989F-AE4D0649580C}.Debug|x64.ActiveCfg = Debug|x64
		{BE6E0F83-97DC-4052-989F-AE4D0649580C}.Debug|x64.Build.0 = Debug|x64
		{BE6E0F83-97DC-4052-989F-AE4D0649580C}.Debug|x86.ActiveCfg = Debug|Win32
		{BE6E0F83-97DC-4052-989F-AE4D0649580C}.Debug|x86.Build.0 = Debug|Win32
		{BE6E0F83-97DC-4052-989F-AE4D0649580C}.Release|x64.ActiveCfg = Release|x64
		{BE6E0F83-97DC-4052-989F-AE4D0649580C}.Release|x64.Build.0 = Release|x64
		{BE6E0F83-97DC-4052-989F-AE4D0649580C}.Release|x86.ActiveCfg = Release|Win32
		{BE6E0F83-97DC-4052-989F-AE4D0649580C}.Release|x86.Build.0 = Release|Win32
		{7790FF40-55DB-4362-9B98-C500C115A6EE}.Debug|x64.ActiveCfg = Debug|x64
		{7790FF40-55DB-4362-9B98-C500C115A6EE}.Debug|x64.Build.0 = Debug|x64
		{7790FF40-55DB-4362-9B98-C500C115A6EE}.Debug|x86.ActiveCfg = Debug|Win32
		{7790FF40-55DB-4362-9B98-C500C115A6EE}.Debug|x86.Build.0 = Debug|Win32
		{7790FF40-55DB-4362-9B98-C500C115A6EE}.Release|x64.ActiveCfg = Release|x64
		{7790FF40-55DB-4362-9B98-C500C115A6EE}.Release|x64.Build.0 = Release|x64
		{7790FF40-55DB-4362-9B98-C500C115A6EE}.Release|x86.ActiveCfg = Release|Win32
		{7790FF40-55DB-4362-9B98-C500C115A6EE}.Release|x86.Build.0 = Release|Win32
		{3991D1DE-F42F-426C-932B-F2146FBDDA7D}.Debug|x64.ActiveCfg = Debug|x64
		{3991D1DE-F42F-426C-932B-F2146FBDDA7D}.Debug|x64.Build.0 = Debug|x64
		{3991D1DE-F42F-426C-932B-F2146FBDDA7D}.Debug|x86.ActiveCfg = Debug|Win32
		{3991D1DE-F42F-426C-932B-F2146FBDDA7D}.Debug|x86.Build.0 = Debug|Win32
		{3991D1DE-F42F-426C-932B-F2146FBDDA7D}.Release|x64.ActiveCfg = Release|x64
		{3991D1DE-F42F-426C-932B-F2146FBDDA7D}.Release|x64.Build.0 = Release|x64
		{3991D1DE-F42F-426C-932B-F2146FBDDA7D}.Release|x86.ActiveCfg = Release|Win32
		{3991D1DE-F42F-426C-932B-F2146FBDDA7D}.Release|x86.Build.0 = Release|Win32
		{27F1E3A1-3F4F-4BAE-A480-9A743EC2035F}.Debug|x64.ActiveCfg = Debug|x64
		{27F1E3A1-3F4F-4BAE-A480-9A743EC2035F}.Debug|x64.Build.0 = Debug|x64
		{27F1E3A1-3F4F-4BAE-A480-9A743EC2035F}.Debug|x86.ActiveCfg = Debug|Win32
		{27F1E3A1-3F4F-4BAE-A480-9A743EC2035F}.Debug|x86.Build.0 = Debug|Win32
		{27F1E3A1-3F4F-4BAE-A480-9A743EC2035F}.Release|x64.ActiveCfg = Release|x64
		{27F1E3A1-3F4F-4BAE-A480-9A743EC2035F}.Release|x64.Build.0 = Release|x64
		{27F1E3A1-3F4F-4BAE-A480-9A743EC2035F}.Release|x86.ActiveCfg = Release|Win32
		{27F1E3A1-3F4F-4BAE-A480-9A743EC2035F}.Release|x86.Build.0 = Release|Win32
		{07AF99CD-E94E-4686-BC46-073E96A667DC}.Debug|x64.ActiveCfg = Debug|x64
		{07AF99CD-E94E-4686-BC46-073E96A667DC}.Debug|x64.Build.0 = Debug|x64
		{07AF99CD-E94E-4686-BC46-073E96A667DC}.Debug|x86.ActiveCfg = Debug|Win32
		{07AF99CD-E94E-4686-BC46-073E96A667DC}.Debug|x86.Build.0 = Debug|Win32
		{07AF99CD-E94E-4686-BC46-073E96A667DC}.Release|x64.ActiveCfg = Release|x64
		{07AF99CD-E94E-4686-BC46-073E96A667DC}.Release|x64.Build.0 = Release|x64
		{07AF99CD-E94E-4686-BC46-073E96A667DC}.Release|x86.ActiveCfg = Release|Win32
		{07AF99CD-E94E-4686-BC46-073E96A667DC}.Release|x86.Build.0 = Release|Win32
		{63A4B32E-2181-424E-B277-6B1377FDDEF8}.Debug|x64.ActiveCfg = Debug|x64
		{63A4B32E-2181-424E-B277-6B1377FDDEF8}.Debug|x64.Build.0 = Debug|x64
		{63A4B32E-2181-424E-B277-6B1377FDDEF8}.Debug|x86.ActiveCfg = Debug|Win32
		{63A4B32E-2181-424E-B277-6B1377FDDEF8}.Debug|x86.Build.0 = Debug|Win32
		{63A4B32E-2181-424E-B277-6B1377FDDEF8}.Release|x64.ActiveCfg = Release|x64
		{63A4B32E-2181-424E-B277-6B1377FDDEF8}.Release|x64.Build.0 = Release|x64
		{63A4B32E-2181-424E-B277-6B1377FDDEF8}.Release|x86.ActiveCfg = Release|Win32
		{63A4B32E-2181-424E-B277-6B1377FDDEF8}.Release|x86.Build.0 = Release|Win32
		{3282FF2A-2DE9-46CA-8DF8-977C15B59E7D}.Debug|x64.ActiveCfg = Debug|x64
		{3282FF2A-2DE9-46CA-8DF8-977C15B59E7D}.Debug|x64.Build.0 = Debug|x64
		{3282FF2A-2DE9-46CA-8DF8-977C15B59E7D}.Debug|x86.ActiveCfg = Debug|Win32
		{3282FF2A-2DE9-46CA-8DF8-977C15B59E7D}.Debug|x86.Build.0 = Debug|Win32
		{3282FF2A-2DE9-46CA-8DF8-977C15B59E7D}.Release|x64.ActiveCfg = Release|x64
		{3282FF2A-2DE9-46CA-8DF8-977C15B59E7D}.Release|x64.Build.0 = Release|x64
		{3282FF2A-2DE9-46CA-8DF8-977C15B59E7D}.Release|x86.ActiveCfg = Release|Win32
		{3282FF2A-2DE9-46CA-8DF8-977C15B59E7D}.Release|x86.Build.0 = Release|Win32
		{66B8814E-0593-44BC-BA28-D03640DE8CE8}.Debug|x64.ActiveCfg = Debug|x64
		{66B8814E-0593-44BC-BA28-D03640DE8CE8}.Debug|x64.Build.0 = Debug|x64
		{66B8814E-0593-44BC-BA28-D03640DE8CE8}.Debug|x86.ActiveCfg = Debug|Win32
		{66B8814E-0593-44BC-BA28-D03640DE8CE8}.Debug|x86.Build.0 = Debug|Win32
		{66B8814E-0593-44BC-BA28-D03640DE8CE8}.Release|x64.ActiveCfg = Release|x64
		{66B8814E-0593-44BC-BA28-D03640DE8CE8}.Release|x64.Build.0 = Release|x64
		{66B8814E-0593-44BC-BA28-D03640DE8CE8}.Release|x86.ActiveCfg = Release|Win32
		{66B8814E-0593-44BC-BA28-D03640DE8CE8}.Release|x86.Build.0 = Release|Win32
		{EE7CFACD-5F29-4CF2-8BF1-A40F1D2DD673}.Debug|x64.ActiveCfg = Debug|x64
		{EE7CFACD-5F29-4CF2-8BF1-A40F1D2DD673}.Debug|x64.Build.0 = Debug|x64
		{EE7CFACD-5F29-4CF2-8BF1-A40F1D2DD673}.Debug|x86.ActiveCfg = Debug|Win32
		{EE7CFACD-5F29-4CF2-8BF1-A40F1D2DD673}.Debug|x86.Build.0 = Debug|Win32
		{EE7CFACD-5F29-4CF2-8BF1-A40F1D2DD673}.Release|x64.ActiveCfg = Release|x64
		{EE7CFACD-5F29-4CF2-8BF1-A40F1D2DD673}.Release|x64.Build.0 = Release|x64
		{EE7CFACD-5F29-4CF2-8BF1-A40F1D2DD673}.Release|x86.ActiveCfg = Release|Win32
		{EE7CFACD-5F29-4CF2-8BF1-A40F1D2DD673}.Release|x86.Build.0 = Release|Win32
		{FDAF8CEC-D5A4-4D98-807D-D0875114084B}.Debug|x64.ActiveCfg = Debug|x64
		{FDAF8CEC-D5A4-4D98-807D-D0875114084B}.Debug|x64.Build.0 = Debug|x64
		{FDAF8CEC-D5A4-4D98-807D-D0875114084B}.Debug|x86.ActiveCfg = Debug|Win32
		{FDAF8CEC-D5A4-4D98-807D-D0875114084B}.Debug|x86.Build.0 = Debug|Win32
		{FDAF8CEC-D5A4-4D98-807D-D0875114084B}.Release|x64.ActiveCfg = Release|x64
		{FDAF8CEC-D5A4-4D98-807D-D0875114084B}.Release|x64.Build.0 = Release|x64
		{FDAF8CEC-D5A4-4D98-807D-D0875114084B}.Release|x86.ActiveCfg = Release|Win32
		{FDAF8CEC-D5A4-4D98-807D-D0875114084B}.Release|x86.Build.0 = Release|Win32
		{23F64730-089F-4D9D-BC00-2C62B3E78AFC}.Debug|x64.ActiveCfg = Debug|x64
		{23F64730-089F-4D9D-BC00-2C62B3E78AFC}.Debug|x64.Build.0 = Debug|x64
		{23F64730-089F-4D9D-BC00-2C62B3E78AFC}.Debug|x86.ActiveCfg = Debug|Win32
		{23F64730-089F-4D9D-BC00-2C62B3E78AFC}.Debug|x86.Build.0 = Debug|Win32
		{23F64730-089F-4D9D-BC00-2C62B3E78AFC}.Release|x64.ActiveCfg = Release|x64
		{23F64730-089F-4D9D-BC00-2C62B3E78AFC}.Release|x64.Build.0 = Release|x64
		{23F64730-089F-4D9D-BC00-2C62B3E78AFC}.Release|x86.ActiveCfg = Release|Win32
		{23F64730-089F-4D9D-BC00-2C62B3E78AFC}.Release|x86.Build.0 = Release|Win32
		{7EAFD2BE-505E-4515-9B1A-1B9D5EBE5928}.Debug|x64.ActiveCfg = Debug|x64
		{7EAFD2BE-505E-4515-9B1A-1B9D5EBE5928}.Debug|x64.Build.0 = Debug|x64
		{7EAFD2BE-505E-4515-9B1A-1B9D5EBE5928}.Debug|x86.ActiveCfg = Debug|Win32
		{7EAFD2BE-505E-4515-9B1A-1B9D5EBE5928}.Debug|x86.Build.0 = Debug|Win32
		{7EAFD2BE-505E-4515-9B1A-1B9D5EBE5928}.Release|x64.ActiveCfg = Release|x64
		{7EAFD2BE-505E-4515-9B1A-1B9D5EBE5928}.Release|x64.Build.0 = Release|x64
		{7EAFD2BE-505E-4515-9B1A-1B9D5EBE5928}.Release|x86.ActiveCfg = Release|Win32
		{7EAFD2BE-505E-4515-9B1A-1B9D5EBE5928}.Release|x86.Build.0 = Release|Win32
		{60FDC579-14A7-4547-8C82-A3F15A620967}.Debug|x64.ActiveCfg = Debug|x64
		{60FDC579-14A7-4547-8C82-A3F15A620967}.Debug|x64.Build.0 = Debug|x64
		{60FDC579-14A7-4547-8C82-A3F15A620967}.Debug|x86.ActiveCfg = Debug|Win32
		{60FDC579-14A7-4547-8C82-A3F15A620967}.Debug|x86.Build.0 = Debug|Win32
		{60FDC579-14A7-4547-8C82-A3F15A620967}.Release|x64.ActiveCfg = Release|x64
		{60FDC579-14A7-4547-8C82-A3F15A620967}.Release|x64.Build.0 = Release|x64
		{60FDC579-14A7-4547-8C82-A3F15A620967}.Release|x86.ActiveCfg = Release|Win32
		{60FDC579-14A7-4547-8C82-A3F15A620967}.Release|x86.Build.0 = Release|Win32
		{DD07FB48-9C2A-4787-8E87-CB7F01245D80}.Debug|x64.ActiveCfg = Debug|x64
		{DD07FB48-9C2A-4787-8E87-CB7F01245D80}.Debug|x64.Build.0 = Debug|x64
		{DD07FB48-9C2A-4787-8E87-CB7F01245D80}.Debug|x86.ActiveCfg = Debug|Win32
		{DD07FB48-9C2A-4787-8E87-CB7F01245D80}.Debug|x86.Build.0 = Debug|Win32
		{DD07FB48-9C2A-4787-8E87-CB7F01245D80}.Release|x64.ActiveCfg = Release|x64
		{DD07FB48-9C2A-4787-8E87-CB7F01245D80}.Release|x64.Build.0 = Release|x64
		{DD07FB48-9C2A-4787-8E87-CB7F01245D80}.Release|x86.ActiveCfg = Release|Win32
		{DD07FB48-9C2A-4787-8E87-CB7F01245D80}.Release|x86.Build.0 = Release|Win32
		{B6F56AD7-F6CB-49C4-A2A7-7E3F4B7E8C6D}.Debug|x64.ActiveCfg = Debug|x64
		{B6F56AD7-F6CB-49C4-A2A7-7E3F4B7E8C6D}.Debug|x64.Build.0 = Debug|x64
		{B6F56AD7-F6CB-49C4-A2A7-7E3F4B7E8C6D}.Debug|x86.ActiveCfg = Debug|Win32
		{B6F56AD7-F6CB-49C4-A2A7-7E3F4B7E8C6D}.Debug|x86.Build.0 = Debug|Win32
		{B6F56AD7-F6CB-49C4-A2A7-7E3F4B7E8C6D}.Release|x64.ActiveCfg = Release|x64
		{B6F56AD7-F6CB-49C4-A2A7-7E3F4B7E8C6D}.Release|x64.Build.0 = Release|x64
		{B6F56AD7-F6CB-49C4-A2A7-7E3F4B7E8C6D}.Release|x86.ActiveCfg = Release|Win32
		{B6F56AD7-F6CB-49C4-A2A7-7E3F4B7E8C6D}.Release|x86.Build.0 = Release|Win32
		{AFAD71AA-43F7-43DD-932B-630C60441C5E}.Debug|x64.ActiveCfg = Debug|x64
		{AFAD71AA-43F7-43DD-932B-630C60441C5E}.Debug|x64.Build.0 = Debug|x64
		{AFAD71AA-43F7-43DD-932B-630C60441C5E}.Debug|x86.ActiveCfg = Debug|Win32
		{AFAD71AA-43F7-43DD-932B-630C60441C5E}.Debug|x86.Build.0 = Debug|Win32
		{AFAD71AA-43F7-43DD-932B-630C60441C5E}.Release|x64.ActiveCfg = Release|x64
		{AFAD71AA-43F7-43DD-932B-630C60441C5E}.Release|x64.Build.0 = Release|x64
		{AFAD71AA-43F7-43DD-932B-630C60441C5E}.Release|x86.ActiveCfg = Release|Win32
		{AFAD71AA-43F7-43DD-932B-630C60441C5E}.Release|x86.Build.0 = Release|Win32
		{1F242D27-E2C7-44FC-BB82-9F2373A3EBC9}.Debug|x64.ActiveCfg = Debug|x64
		{1F242D27-E2C7-44FC-BB82-9F2373A3EBC9}.Debug|x64.Build.0 = Debug|x64
		{1F242D27-E2C7-44FC-BB82-9F2373A3EBC9}.Debug|x86.ActiveCfg = Debug|Win32
		{1F242D27-E2C7-44FC-BB82-9F2373A3EBC9}.Debug|x86.Build.0 = Debug|Win32
		{1F242D27-E2C7-44FC-BB82-9F2373A3EBC9}.Release|x64.ActiveCfg = Release|x64
		{1F242D27-E2C7-44FC-BB82-9F2373A3EBC9}.Release|x64.Build.0 = Release|x64
		{1F242D27-E2C7-44FC-BB82-9F2373A3EBC9}.Release|x86.ActiveCfg = Release|Win32
		{1F242D27-E2C7-44FC-BB82-9F2373A3EBC9}.Release|x86.Build.0 = Release|Win32
		{489569C2-D5C6-49AA-8C99-89DD827984BE}.Debug|x64.ActiveCfg = Debug|x64
		{489569C2-D5C6-49AA-8C99-89DD827984BE}.Debug|x64.Build.0 = Debug|x64
		{489569C2-D5C6-49AA-8C99-89DD827984BE}.Debug|x86.ActiveCfg = Debug|Win32
		{489569C2-D5C6-49AA-8C99-89DD827984BE}.Debug|x86.Build.0 = Debug|Win32
		{489569C2-D5C6-49AA-8C99-89DD827984BE}.Release|x64.ActiveCfg = Release|x64
		{489569C2-D5C6-49AA-8C99-89DD827984BE}.Release|x64.Build.0 = Release|x64
		{489569C2-D5C6-49AA-8C99-89DD827984BE}.Release|x86.ActiveCfg = Release|Win32
		{489569C2-D5C6-49AA-8C99-89DD827984BE}.Release|x86.Build.0 = Release|Win32
		{8724AF95-FB36-455A-88FE-8B7DBD089CDA}.Debug|x64.ActiveCfg = Debug|x64
		{8724AF95-FB36-455A-88FE-8B7DBD089CDA}.Debug|x64.Build.0 = Debug|x64
		{8724AF95-FB36-455A-88FE-8B7DBD089CDA}.Debug|x86.ActiveCfg = Debug|Win32
		{8724AF95-FB36-455A-88FE-8B7DBD089CDA}.Debug|x86.Build.0 = Debug|Win32
		{8724AF95-FB36-455A-88FE-8B7DBD089CDA}.Release|x64.ActiveCfg = Release|x64
		{8724AF95-FB36-455A-88FE-8B7DBD089CDA}.Release|x64.Build.0 = Release|x64
		{8724AF95-FB36-455A-88FE-8B7DBD089CDA}.Release|x86.ActiveCfg = Release|Win32
		{8724AF95-FB36-455A-88FE-8B7DBD089CDA}.Release|x86.Build.0 = Release|Win32
		{AB125B98-F7DA-4739-92E6-78AA828DF844}.Debug|x64.ActiveCfg = Debug|x64
		{AB125B98-F7DA-4739-92E6-78AA828DF844}.Debug|x64.Build.0 = Debug|x64
		{AB125B98-F7DA-4739-92E6-78AA828DF844}.Debug|x86.ActiveCfg = Debug|Win32
		{AB125B98-F7DA-4739-92E6-78AA828DF844}.Debug|x86.Build.0 = Debug|Win32
		{AB125B98-F7DA-4739-92E6-78AA828DF844}.Release|x64.ActiveCfg = Release|x64
		{AB125B98-F7DA-4739-92E6-78AA828DF844}.Release|x64.Build.0 = Release|x64
		{AB125B98-F7DA-4739-92E6-78AA828DF844}.Release|x86.ActiveCfg = Release|Win32
		{AB125B98-F7DA-4739-92E6-78AA828DF844}.Release|x86.Build.0 = Release|Win32
		{89EAE176-BE4E-40C4-86DA-7B83606BA46C}.Debug|x64.ActiveCfg = Debug|x64
		{89EAE176-BE4E-40C4-86DA-7B83606BA46C}.Debug|x64.Build.0 = Debug|x64
		{89EAE176-BE4E-40C4-86DA-7B83606BA46C}.Debug|x86.ActiveCfg = Debug|Win32
		{89EAE176-BE4E-40C4-86DA-7B83606BA46C}.Debug|x86.Build.0 = Debug|Win32
		{89EAE176-BE4E-40C4-86DA-7B83606BA46C}.Release|x64.ActiveCfg = Release|x64
		{89EAE176-BE4E-40C4-86DA-7B83606BA46C}.Release|x64.Build.0 = Release|x64
		{89EAE176-BE4E-40C4-86DA-7B83606BA46C}.Release|x86.ActiveCfg = Release|Win32
		{89EAE176-BE4E-40C4-86DA-7B83606BA46C}.Release|x86.Build.0 = Release|Win32
		{DB8A7040-DA91-4769-A79E-906E8A1591DF}.Debug|x64.ActiveCfg = Debug|x64
		{DB8A7040-DA91-4769-A79E-906E8A1591DF}.Debug|x64.Build.0 = Debug|x64
		{DB8A7040-DA91-4769-A79E-906E8A1591DF}.Debug|x86.ActiveCfg = Debug|Win32
		{DB8A7040-DA91-4769-A79E-906E8A1591DF}.Debug|x86.Build.0 = Debug|Win32
		{DB8A7040-DA91-4769-A79E-906E8A1591DF}.Release|x64.ActiveCfg = Release|x64
		{DB8A7040-DA91-4769-A79E-906E8A1591DF}.Release|x64.Build.0 = Release|x64
		{DB8A7040-DA91-4769-A79E-906E8A1591DF}.Release|x86.ActiveCfg = Release|Win32
		{DB8A7040-DA91-4769-A79E-906E8A1591DF}.Release|x86.Build.0 = Release|Win32
		{CA4F3A22-A1C5-4ABF-9357-EF3D7EAB818D}.Debug|x64.ActiveCfg = Debug|x64
		{CA4F3A22-A1C5-4ABF-9357-EF3D7EAB818D}.Debug|x64.Build.0 = Debug|x64
		{CA4F3A22-A1C5-4ABF-9357-EF3D7EAB818D}.Debug|x86.ActiveCfg = Debug|Win32
		{CA4F3A22-A1C5-4ABF-9357-EF3D7EAB818D}.Debug|x86.Build.0 = Debug|Win32
		{CA4F3A22-A1C5-4ABF-9357-EF3D7EAB818D}.Release|x64.ActiveCfg = Release|x64
		{CA4F3A22-A1C5-4ABF-9357-EF3D7EAB818D}.Release|x64.Build.0 = Release|x64
		{CA4F3A22-A1C5-4ABF-9357-EF3D7EAB818D}.Release|x86.ActiveCfg = Release|Win32
		{CA4F3A22-A1C5-4ABF-9357-EF3D7EAB818D}.Release|x86.Build.0 = Release|Win32
		{5153A0CE-D5E9-4166-96D6-BDB69EA4CA53}.Debug|x64.ActiveCfg = Debug|x64
		{5153A0CE-D5E9-4166-96D6-BDB69EA4CA53}.Debug|x64.Build.0 = Debug|x64
		{5153A0CE-D5E9-4166-96D6-BDB69EA4CA53}.Debug|x86.ActiveCfg = Debug|Win32
		{5153A0CE-D5E9-4166-96D6-BDB69EA4CA53}.Debug|x86.Build.0 = Debug|Win32
		{5153A0CE-D5E9-4166-96D6-BDB69EA4CA53}.Release|x64.ActiveCfg = Release|x64
		{5153A0CE-D5E9-4166-96D6-BDB69EA4CA53}.Release|x64.Build.0 = Release|x64
		{5153A0CE-D5E9-4166-96D6-BDB69EA4CA53}.Release|x86.ActiveCfg = Release|Win32
		{5153A0CE-D5E9-4166-96D6-BDB69EA4CA53}.Release|x86.Build.0 = Release|Win32
		{E03AE637-9BCB-4422-B9D7-E4D520C306A4}.Debug|x64.ActiveCfg = Debug|x64
		{E03AE637-9BCB-4422-B9D7-E4D520C306A4}.Debug|x64.Build.0 = Debug|x64
		{E03AE637-9BCB-4422-B9D7-E4D520C306A4}.Debug|x86.ActiveCfg = Debug|Win32
		{E03AE637-9BCB-4422-B9D7-E4D520C306A4}.Debug|x86.Build.0 = Debug|Win32
		{E03AE637-9BCB-4422-B9D7-E4D520C306A4}.Release|x64.ActiveCfg = Release|x64
		{E03AE637-9BCB-4422-B9D7-E4D520C306A4}.Release|x64.Build.0 = Release|x64
		{E03AE637-9BCB-4422-B9D7-E4D520C306A4}.Release|x86.ActiveCfg = Release|Win32
		{E03AE637-9BCB-4422-B9D7-E4D520C306A4}.Release|x86.Build.0 = Release|Win32
		{69588C1D-815C-479D-B2BF-54F059FFD276}.Debug|x64.ActiveCfg = Debug|x64
		{69588C1D-815C-479D-B2BF-54F059FFD276}.Debug|x64.Build.0 = Debug|x64
		{69588C1D-815C-479D-B2BF-54F059FFD276}.Debug|x86.ActiveCfg = Debug|Win32
		{69588C1D-815C-479D-B2BF-54F059FFD276}.Debug|x86.Build.0 = Debug|Win32
		{69588C1D-815C-479D-B2BF-54F059FFD276}.Release|x64.ActiveCfg = Release|x64
		{69588C1D-815C-479D-B2BF-54F059FFD276}.Release|x64.Build.0 = Release|x64
		{69588C1D-815C-479D-B2BF-54F059FFD276}.Release|x86.ActiveCfg = Release|Win32
		{69588C1D-815C-479D-B2BF-54F059FFD276}.Release|x86.Build.0 = Release|Win32
		{9A3C3060-5668-4232-A238-C1C9BB76CB9E}.Debug|x64.ActiveCfg = Debug|x64
		{9A3C3060-5668-4232-A238-C1C9BB76CB9E}.Debug|x64.Build.0 = Debug|x64
		{9A3C3060-5668-4232-A238-C1C9BB76CB9E}.Debug|x86.ActiveCfg = Debug|Win32
		{9A3C3060-5668-4232-A238-C1C9BB76CB9E}.Debug|x86.Build.0 = Debug|Win32
		{9A3C3060-5668-4232-A238-C1C9BB76CB9E}.Release|x64.ActiveCfg = Release|x64
		{9A3C3060-5668-4232-A238-C1C9BB76CB9E}.Release|x64.Build.0 = Release|x64
		{9A3C3060-5668-4232-A238-C1C9BB76CB9E}.Release|x86.ActiveCfg = Release|Win32
		{9A3C3060-5668-4232-A238-C1C9BB76CB9E}.Release|x86.Build.0 = Release|Win32
		{FA254ECF-CF04-484D-B28C-0A69C31515CF}.Debug|x64.ActiveCfg = Debug|x64
		{FA254ECF-CF04-484D-B28C-0A69C31515CF}.Debug|x64.Build.0 = Debug|x64
		{FA254ECF-CF04-484D-B28C-0A69C31515CF}.Debug|x86.ActiveCfg = Debug|Win32
		{FA254ECF-CF04-484D-B28C-0A69C31515CF}.Debug|x86.Build.0 = Debug|Win32
		{FA254ECF-CF04-484D-B28C-0A69C31515CF}.Release|x64.ActiveCfg = Release|x64
		{FA254ECF-CF04-484D-B28C-0A69C31515CF}.Release|x64.Build.0 = Release|x64
		{FA254ECF-CF04-484D-B28C-0A69C31515CF}.Release|x86.ActiveCfg = Release|Win32
		{FA254ECF-CF04-484D-B28C-0A69C31515CF}.Release|x86.Build.0 = Release|Win32
		{9F1ED475-8958-4D63-A3CD-A6F3853224E6}.Debug|x64.ActiveCfg = Debug|x64
		{9F1ED475-8958-4D63-A3CD-A6F3853224E6}.Debug|x64.Build.0 = Debug|x64
		{9F1ED475-8958-4D63-A3CD-A6F3853224E6}.Debug|x86.ActiveCfg = Debug|Win32
		{9F1ED475-8958-4D63-A3CD-A6F3853224E6}.Debug|x86.Build.0 = Debug|Win32
		{9F1ED475-8958-4D63-A3CD-A6F3853224E6}.Release|x64.ActiveCfg = Release|x64
		{9F1ED475-8958-4D63-A3CD-A6F3853224E6}.Release|x64.Build.0 = Release|x64
		{9F1ED475-8958-4D63-A3CD-A6F3853224E6}.Release|x86.ActiveCfg = Release|Win32
		{9F1ED475-8958-4D63-A3CD-A6F3853224E6}.Release|x86.Build.0 = Release|Win32
		{8799DD3F-24FC-4C1F-AC0E-D872E71F20DE}.Debug|x64.ActiveCfg = Debug|x64
		{8799DD3F-24FC-4C1F-AC0E-D872E71F20DE}.Debug|x64.Build.0 = Debug|x64
		{8799DD3F-24FC-4C1F-AC0E-D872E71F20DE}.Debug|x86.ActiveCfg = Debug|Win32
		{8799DD3F-24FC-4C1F-AC0E-D872E71F20DE}.Debug|x86.Build.0 = Debug|Win32
		{8799DD3F-24FC-4C1F-AC0E-D872E71F20DE}.Release|x64.ActiveCfg = Release|x64
		{8799DD3F-24FC-4C1F-AC0E-D872E71F20DE}.Release|x64.Build.0 = Release|x64
		{8799DD3F-24FC-4C1F-AC0E-D872E71F20DE}.Release|x86.ActiveCfg = Release|Win32
		{8799DD3F-24FC-4C1F-AC0E-D872E71F20DE}.Release|x86.Build.0 = Release|Win32
		{220C5C39-0FB1-4767-A81E-9107225339BD}.Debug|x64.ActiveCfg = Debug|x64
		{220C5C39-0FB1-4767-A81E-9107225339BD}.Debug|x64.Build.0 = Debug|x64
		{220C5C39-0FB1-4767-A81E-9107225339BD}.Debug|x86.ActiveCfg = Debug|Win32
		{220C5C39-0FB1-4767-A81E-9107225339BD}.Debug|x86.Build.0 = Debug|Win32
		{220C5C39-0FB1-4767-A81E-9107225339BD}.Release|x64.ActiveCfg = Release|x64
		{220C5C39-0FB1-4767-A81E-9107225339BD}.Release|x64.Build.0 = Release|x64
		{220C5C39-0FB1-4767-A81E-9107225339BD}.Release|x86.ActiveCfg = Release|Win32
		{220C5C39-0FB1-4767-A81E-9107225339BD}.Release|x86.Build.0 = Release|Win32
		{36FC626A-0D2E-4AD9-809D-D6A3377C9A59}.Debug|x64.ActiveCfg = Debug|x64
		{36FC626A-0D2E-4AD9-809D-D6A3377C9A59}.Debug|x64.Build.0 = Debug|x64
		{36FC626A-0D2E-4AD9-809D-D6A3377C9A59}.Debug|x86.ActiveCfg = Debug|Win32
		{36FC626A-0D2E-4AD9-809D-D6A3377C9A59}.Debug|x86.Build.0 = Debug|Win32
		{36FC626A-0D2E-4AD9-809D-D6A3377C9A59}.Release|x64.ActiveCfg = Release|x64
		{36FC626A-0D2E-4AD9-809D-D6A3377C9A59}.Release|x64.Build.0 = Release|x64
		{36FC626A-0D2E-4AD9-809D-D6A3377C9A59}.Release|x86.ActiveCfg = Release|Win32
		{36FC626A-0D2E-4AD9-809D-D6A3377C9A59}.Release|x86.Build.0 = Release|Win32
		{953DB685-FF5C-4DB8-88CC-720C49043701}.Debug|x64.ActiveCfg = Debug|x64
		{953DB685-FF5C-4DB8-88CC-720C49043701}.Debug|x64.Build.0 = Debug|x64
		{953DB685-FF5C-4DB8-88CC-720C49043701}.Debug|x86.ActiveCfg = Debug|Win32
		{953DB685-FF5C-4DB8-88CC-720C49043701}.Debug|x86.Build.0 = Debug|Win32
		{953DB685-FF5C-4DB8-88CC-720C49043701}.Release|x64.ActiveCfg = Release|x64
		{953DB685-FF5C-4DB8-88CC-720C49043701}.Release|x64.Build.0 = Release|x64
		{953DB685-FF5C-4DB8-88CC-720C49043701}.Release|x86.ActiveCfg = Release|Win32
		{953DB685-FF5C-4DB8-88CC-720C49043701}.Release|x86.Build.0 = Release|Win32
		{3B0A41D2-5F01-4C3B-984A-EF4A7B33767A}.Debug|x64.ActiveCfg = Debug|x64
		{3B0A41D2-5F01-4C3B-984A-EF4A7B33767A}.Debug|x64.Build.0 = Debug|x64
		{3B0A41D2-5F01-4C3B-984A-EF4A7B33767A}.Debug|x86.ActiveCfg = Debug|Win32
		{3B0A41D2-5F01-4C3B-984A-EF4A7B33767A}.Debug|x86.Build.0 = Debug|Win32
		{3B0A41D2-5F01-4C3B-984A-EF4A7B33767A}.Release|x64.ActiveCfg = Release|x64
		{3B0A41D2-5F01-4C3B-984A-EF4A7B33767A}.Release|x64.Build.0 = Release|x64
		{3B0A41D2-5F01-4C3B-984A-EF4A7B33767A}.Release|x86.ActiveCfg = Release|Win32
		{3B0A41D2-5F01-4C3B-984A-EF4A7B33767A}.Release|x86.Build.0 = Release|Win32
		{3EA6936E-73AD-480D-ACAE-653846480CF9}.Debug|x64.ActiveCfg = Debug|x64
		{3EA6936E-73AD-480D-ACAE-653846480CF9}.Debug|x64.Build.0 = Debug|x64
		{3EA6936E-73AD-480D-ACAE-653846480CF9}.Debug|x86.ActiveCfg = Debug|Win32
		{3EA6936E-73AD-480D-ACAE-653846480CF9}.Debug|x86.Build.0 = Debug|Win32
		{3EA6936E-73AD-480D-ACAE-653846480CF9}.Release|x64.ActiveCfg = Release|x64
		{3EA6936E-73AD-480D-ACAE-653846480CF9}.Release|x64.Build.0 = Release|x64
		{3EA6936E-73AD-480D-ACAE-653846480CF9}.Release|x86.ActiveCfg = Release|Win32
		{3EA6936E-73AD-480D-ACAE-653846480CF9}.Release|x86.Build.0 = Release|Win32
		{C3BFE497-0D0D-49EE-8723-84F1484D5DA7}.Debug|x64.ActiveCfg = Debug|x64
		{C3BFE497-0D0D-49EE-8723-84F1484D5DA7}.Debug|x64.Build.0 = Debug|x64
		{C3BFE497-0D0D-49EE-8723-84F1484D5DA7}.Debug|x86.ActiveCfg = Debug|Win32
		{C3BFE497-0D0D-49EE-8723-84F1484D5DA7}.Debug|x86.Build.0 = Debug|Win32
		{C3BFE497-0D0D-49EE-8723-84F1484D5DA7}.Release|x64.ActiveCfg = Release|x64
		{C3BFE497-0D0D-49EE-8723-84F1484D5DA7}.Release|x64.Build.0 = Release|x64
		{C3BFE497-0D0D-49EE-8723-84F1484D5DA7}.Release|x86.ActiveCfg = Release|Win32
		{C3BFE497-0D0D-49EE-8723-84F1484D5DA7}.Release|x86.Build.0 = Release|Win32
		{2839F823-9A38-4DF1-AE78-0992C70FA889}.Debug|x64.ActiveCfg = Debug|x64
		{2839F823-9A38-4DF1-AE78-0992C70FA889}.Debug|x64.Build.0 = Debug|x64
		{2839F823-9A38-4DF1-AE78-0992C70FA889}.Debug|x86.ActiveCfg = Debug|Win32
		{2839F823-9A38-4DF1-AE78-0992C70FA889}.Debug|x86.Build.0 = Debug|Win32
		{2839F823-9A38-4DF1-AE78-0992C70FA889}.Release|x64.ActiveCfg = Release|x64
		{2839F823-9A38-4DF1-AE78-0992C70FA889}.Release|x64.Build.0 = Release|x64
		{2839F823-9A38-4DF1-AE78-0992C70FA889}.Release|x86.ActiveCfg = Release|Win32
		{2839F823-9A38-4DF1-AE78-0992C70FA889}.Release|x86.Build.0 = Release|Win32
		{486C0455-8FB2-4E80-BAC4-6448C18D961E}.Debug|x64.ActiveCfg = Debug|x64
		{486C0455-8FB2-4E80-BAC4-6448C18D961E}.Debug|x64.Build.0 = Debug|x64
		{486C0455-8FB2-4E80-BAC4-6448C18D961E}.Debug|x86.ActiveCfg = Debug|Win32
		{486C0455-8FB2-4E80-BAC4-6448C18D961E}.Debug|x86.Build.0 = Debug|Win32
		{486C0455-8FB2-4E80-BAC4-6448C18D961E}.Release|x64.ActiveCfg = Release|x64
		{486C0455-8FB2-4E80-BAC4-6448C18D961E}.Release|x64.Build.0 = Release|x64
		{486C0455-8FB2-4E80-BAC4-6448C18D961E}.Release|x86.ActiveCfg = Release|Win32
		{486C0455-8FB2-4E80-BAC4-6448C18D961E}.Release|x86.Build.0 = Release|Win32
		{D54989C8-E121-4482-9DC8-8C8466AF2574}.Debug|x64.ActiveCfg = Debug|x64
		{D54989C8-E121-4482-9DC8-8C8466AF2574}.Debug|x64.Build.0 = Debug|x64
		{D54989C8-E121-4482-9DC8-8C8466AF2574}.Debug|x86.ActiveCfg = Debug|Win32
		{D54989C8-E121-4482-9DC8-8C8466AF2574}.Debug|x86.Build.0 = Debug|Win32
		{D54989C8-E121-4482-9DC8-8C8466AF2574}.Release|x64.ActiveCfg = Release|x64
		{D54989C8-E121-4482-9DC8-8C8466AF2574}.Release|x64.Build.0 = Release|x64
		{D54989C8-E121-4482-9DC8-8C8466AF2574}.Release|x86.ActiveCfg = Release|Win32
		{D54989C8-E121-4482-9DC8-8C8466AF2574}.Release|x86.Build.0 = Release|Win32
		{67B16EEE-9394-45C8-8E13-08B2E46DE275}.Debug|x64.ActiveCfg = Debug|x64
		{67B16EEE-9394-45C8-8E13-08B2E46DE275}.Debug|x64.Build.0 = Debug|x64
		{67B16EEE-9394-45C8-8E13-08B2E46DE275}.Debug|x86.ActiveCfg = Debug|Win32
		{67B16EEE-9394-45C8-8E13-08B2E46DE275}.Debug|x86.Build.0 = Debug|Win32
		{67B16EEE-9394-45C8-8E13-08B2E46DE275}.Release|x64.ActiveCfg = Release|x64
		{67B16EEE-9394-45C8-8E13-08B2E46DE275}.Release|x64.Build.0 = Release|x64
		{67B16EEE-9394-45C8-8E13-08B2E46DE275}.Release|x86.ActiveCfg = Release|Win32
		{67B16EEE-9394-45C8-8E13-08B2E46DE275}.Release|x86.Build.0 = Release|Win32
		{7280B565-E264-4FD7-A835-C76C15EB41DC}.Debug|x64.ActiveCfg = Debug|x64
		{7280B565-E264-4FD7-A835-C76C15EB41DC}.Debug|x64.Build.0 = Debug|x64
		{7280B565-E264-4FD7-A835-C76C15EB41DC}.Debug|x86.ActiveCfg = Debug|Win32
		{7280B565-E264-4FD7-A835-C76C15EB41DC}.Debug|x86.Build.0 = Debug|Win32
		{7280B565-E264-4FD7-A835-C76C15EB41DC}.Release|x64.ActiveCfg = Release|x64
		{7280B565-E264-4FD7-A835-C76C15EB41DC}.Release|x64.Build.0 = Release|x64
		{7280B565-E264-4FD7-A835-C76C15EB41DC}.Release|x86.ActiveCfg = Release|Win32
		{7280B565-E264-4FD7-A835-C76C15EB41DC}.Release|x86.Build.0 = Release|Win32
		{231CA0DA-7AF4-4421-B374-E04D6B5B6791}.Debug|x64.ActiveCfg = Debug|x64
		{231CA0DA-7AF4-4421-B374-E04D6B5B6791}.Debug|x64.Build.0 = Debug|x64
		{231CA0DA-7AF4-4421-B374-E04D6B5B6791}.Debug|x86.ActiveCfg = Debug|Win32
		{231CA0DA-7AF4-4421-B374-E04D6B5B6791}.Debug|x86.Build.0 = Debug|Win32
		{231CA0DA-7AF4-4421-B374-E04D6B5B6791}.Release|x64.ActiveCfg = Release|x64
		{231CA0DA-7AF4-4421-B374-E04D6B5B6791}.Release|x64.Build.0 = Release|x64
		{231CA0DA-7AF4-4421-B374-E04D6B5B6791}.Release|x86.ActiveCfg = Release|Win32
		{231CA0DA-7AF4-4421-B374-E04D6B5B6791}.Release|x86.Build.0 = Release|Win32
		{6BC7E5F6-245C-49A0-8E95-39A64E1A30B4}.Debug|x64.ActiveCfg = Debug|x64
		{6BC7E5F6-245C-49A0-8E95-39A64E1A30B4}.Debug|x64.Build.0 = Debug|x64
		{6BC7E5F6-245C-49A0-8E95-39A64E1A30B4}.Debug|x86.ActiveCfg = Debug|Win32
		{6BC7E5F6-245C-49A0-8E95-39A64E1A30B4}.Debug|x86.Build.0 = Debug|Win32
		{6BC7E5F6-245C-49A0-8E95-39A64E1A30B4}.Release|x64.ActiveCfg = Release|x64
		{6BC7E5F6-245C-49A0-8E95-39A64E1A30B4}.Release|x64.Build.0 = Release|x64
		{6BC7E5F6-245C-49A0-8E95-39A64E1A30B4}.Release|x86.ActiveCfg = Release|Win32
		{6BC7E5F6-245C-49A0-8E95-39A64E1A30B4}.Release|x86.Build.0 = Release|Win32
		{529790FB-AF61-4D5E-AE5D-851886963AEF}.Debug|x64.ActiveCfg = Debug|x64
		{529790FB-AF61-4D5E-AE5D-851886963AEF}.Debug|x64.Build.0 = Debug|x64
		{529790FB-AF61-4D5E-AE5D-851886963AEF}.Debug|x86.ActiveCfg = Debug|Win32
		{529790FB-AF61-4D5E-AE5D-851886963AEF}.Debug|x86.Build.0 = Debug|Win32
		{529790FB-AF61-4D5E-AE5D-851886963AEF}.Release|x64.ActiveCfg = Release|x64
		{529790FB-AF61-4D5E-AE5D-851886963AEF}.Release|x64.Build.0 = Release|x64
		{529790FB-AF61-4D5E-AE5D-851886963AEF}.Release|x86.ActiveCfg = Release|Win32
		{529790FB-AF61-4D5E-AE5D-851886963AEF}.Release|x86.Build.0 = Release|Win32
		{AD492535-02B2-40E1-B061-4D25803BE48E}.Debug|x64.ActiveCfg = Debug|x64
		{AD492535-02B2-40E1-B061-4D25803BE48E}.Debug|x64.Build.0 = Debug|x64
		{AD492535-02B2-40E1-B061-4D25803BE48E}.Debug|x86.ActiveCfg = Debug|Win32
		{AD492535-02B2-40E1-B061-4D25803BE48E}.Debug|x86.Build.0 = Debug|Win32
		{AD492535-02B2-40E1-B061-4D25803BE48E}.Release|x64.ActiveCfg = Release|x64
		{AD492535-02B2-40E1-B061-4D25803BE48E}.Release|x64.Build.0 = Release|x64
		{AD492535-02B2-40E1-B061-4D25803BE48E}.Release|x86.ActiveCfg = Release|Win32
		{AD492535-02B2-40E1-B061-4D25803BE48E}.Release|x86.Build.0 = Release|Win32
		{7D44ABCA-671B-480B-9204-80E8EE17DC8A}.Debug|x64.ActiveCfg = Debug|x64
		{7D44ABCA-671B-480B-9204-80E8EE17DC8A}.Debug|x64.Build.0 = Debug|x64
		{7D44ABCA-671B-480B-9204-80E8EE17DC8A}.Debug|x86.ActiveCfg = Debug|Win32
		{7D44ABCA-671B-480B-9204-80E8EE17DC8A}.Debug|x86.Build.0 = Debug|Win32
		{7D44ABCA-671B-480B-9204-80E8EE17DC8A}.Release|x64.ActiveCfg = Release|x64
		{7D44ABCA-671B-480B-9204-80E8EE17DC8A}.Release|x64.Build.0 = Release|x64
		{7D44ABCA-671B-480B-9204-80E8EE17DC8A}.Release|x86.ActiveCfg = Release|Win32
		{7D44ABCA-671B-480B-9204-80E8EE17DC8A}.Release|x86.Build.0 = Release|Win32
		{B3F25A0E-A6D8-4AF8-8F58-BD9098AC9532}.Debug|x64.ActiveCfg = Debug|x64
		{B3F25A0E-A6D8-4AF8-8F58-BD9098AC9532}.Debug|x64.Build.0 = Debug|x64
		{B3F25A0E-A6D8-4AF8-8F58-BD9098AC9532}.Debug|x86.ActiveCfg = Debug|Win32
		{B3F25A0E-A6D8-4AF8-8F58-BD9098AC9532}.Debug|x86.Build.0 = Debug|Win32
		{B3F25A0E-A6D8-4AF8-8F58-BD9098AC9532}.Release|x64.ActiveCfg = Release|x64
		{B3F25A0E-A6D8-4AF8-8F58-BD9098AC9532}.Release|x64.Build.0 = Release|x64
		{B3F25A0E-A6D8-4AF8-8F58-BD9098AC9532}.Release|x86.ActiveCfg = Release|Win32
		{B3F25A0E-A6D8-4AF8-8F58-BD9098AC9532}.Release|x86.Build.0 = Release|Win32
		{EB415A09-47B8-4B5D-ACF8-A86AD93DAF8F}.Debug|x64.ActiveCfg = Debug|x64
		{EB415A09-47B8-4B5D-ACF8-A86AD93DAF8F}.Debug|x64.Build.0 = Debug|x64
		{EB415A09-47B8-4B5D-ACF8-A86AD93DAF8F}.Debug|x86.ActiveCfg = Debug|Win32
		{EB415A09-47B8-4B5D-ACF8-A86AD93DAF8F}.Debug|x86.Build.0 = Debug|Win32
		{EB415A09-47B8-4B5D-ACF8-A86AD93DAF8F}.Release|x64.ActiveCfg = Release|x64
		{EB415A09-47B8-4B5D-ACF8-A86AD93DAF8F}.Release|x64.Build.0 = Release|x64
		{EB415A09-47B8-4B5D-ACF8-A86AD93DAF8F}.Release|x86.ActiveCfg = Release|Win32
		{EB415A09-47B8-4B5D-ACF8-A86AD93DAF8F}.Release|x86.Build.0 = Release|Win32
		{EDAB3074-6B90-4BD1-B350-F4C2BAC2AF97}.Debug|x64.ActiveCfg = Debug|x64
		{EDAB3074-6B90-4BD1-B350-F4C2BAC2AF97}.Debug|x64.Build.0 = Debug|x64
		{EDAB3074-6B90-4BD1-B350-F4C2BAC2AF97}.Debug|x86.ActiveCfg = Debug|Win32
		{EDAB3074-6B90-4BD1-B350-F4C2BAC2AF97}.Debug|x86.Build.0 = Debug|Win32
		{EDAB3074-6B90-4BD1-B350-F4C2BAC2AF97}.Release|x64.ActiveCfg = Release|x64
		{EDAB3074-6B90-4BD1-B350-F4C2BAC2AF97}.Release|x64.Build.0 = Release|x64
		{EDAB3074-6B90-4BD1-B350-F4C2BAC2AF97}.Release|x86.ActiveCfg = Release|Win32
		{EDAB3074-6B90-4BD1-B350-F4C2BAC2AF97}.Release|x86.Build.0 = Release|Win32
		{BDA096F9-E8F2-426A-A78B-4F9D4029334D}.Debug|x64.ActiveCfg = Debug|x64
		{BDA096F9-E8F2-426A-A78B-4F9D4029334D}.Debug|x64.Build.0 = Debug|x64
		{BDA096F9-E8F2-426A-A78B-4F9D4029334D}.Debug|x86.ActiveCfg = Debug|Win32
		{BDA096F9-E8F2-426A-A78B-4F9D4029334D}.Debug|x86.Build.0 = Debug|Win32
		{BDA096F9-E8F2-426A-A78B-4F9D4029334D}.Release|x64.ActiveCfg = Release|x64
		{BDA096F9-E8F2-426A-A78B-4F9D4029334D}.Release|x64.Build.0 = Release|x64
		{BDA096F9-E8F2-426A-A78B-4F9D4029334D}.Release|x86.ActiveCfg = Release|Win32
		{BDA096F9-E8F2-426A-A78B-4F9D4029334D}.Release|x86.Build.0 = Release|Win32
		{CE377088-0932-4F4B-A82F-7015C5086377}.Debug|x64.ActiveCfg = Debug|x64
		{CE377088-0932-4F4B-A82F-7015C5086377}.Debug|x64.Build.0 = Debug|x64
		{CE377088-0932-4F4B-A82F-7015C5086377}.Debug|x86.ActiveCfg = Debug|Win32
		{CE377088-0932-4F4B-A82F-7015C5086377}.Debug|x86.Build.0 = Debug|Win32
		{CE377088-0932-4F4B-A82F-7015C5086377}.Release|x64.ActiveCfg = Release|x64
		{CE377088-0932-4F4B-A82F-7015C5086377}.Release|x64.Build.0 = Release|x64
		{CE377088-0932-4F4B-A82F-7015C5086377}.Release|x86.ActiveCfg = Release|Win32
		{CE377088-0932-4F4B-A82F-7015C5086377}.Release|x86.Build.0 = Release|Win32
		{8AFC13C9-4B94-4B48-AFAC-380725094DDE}.Debug|x64.ActiveCfg = Debug|x64
		{8AFC13C9-4B94-4B48-AFAC-380725094DDE}.Debug|x64.Build.0 = Debug|x64
		{8AFC13C9-4B94-4B48-AFAC-380725094DDE}.Debug|x86.ActiveCfg = Debug|Win32
		{8AFC13C9-4B94-4B48-AFAC-380725094DDE}.Debug|x86.Build.0 = Debug|Win32
		{8AFC13C9-4B94-4B48-AFAC-380725094DDE}.Release|x64.ActiveCfg = Release|x64
		{8AFC13C9-4B94-4B48-AFAC-380725094DDE}.Release|x64.Build.0 = Release|x64
		{8AFC13C9-4B94-4B48-AFAC-380725094DDE}.Release|x86.ActiveCfg = Release|Win32
		{8AFC13C9-4B94-4B48-AFAC-380725094DDE}.Release|x86.Build.0 = Release|Win32
		{91E58308-22E6-4E1F-9D29-F929F60A7EE0}.Debug|x64.ActiveCfg = Debug|x64
		{91E58308-22E6-4E1F-9D29-F929F60A7EE0}.Debug|x64.Build.0 = Debug|x64
		{91E58308-22E6-4E1F-9D29-F929F60A7EE0}.Debug|x86.ActiveCfg = Debug|Win32
		{91E58308-22E6-4E1F-9D29-F929F60A7EE0}.Debug|x86.Build.0 = Debug|Win32
		{91E58308-22E6-4E1F-9D29-F929F60A7EE0}.Release|x64.ActiveCfg = Release|x64
		{91E58308-22E6-4E1F-9D29-F929F60A7EE0}.Release|x64.Build.0 = Release|x64
		{91E58308-22E6-4E1F-9D29-F929F60A7EE0}.Release|x86.ActiveCfg = Release|Win32
		{91E58308-22E6-4E1F-9D29-F929F60A7EE0}.Release|x86.Build.0 = Release|Win32
		{FF180CEC-5070-4D0C-8494-A466C02A09E0}.Debug|x64.ActiveCfg = Debug|x64
		{FF180CEC-5070-4D0C-8494-A466C02A09E0}.Debug|x64.Build.0 = Debug|x64
		{FF180CEC-5070-4D0C-8494-A466C02A09E0}.Debug|x86.ActiveCfg = Debug|Win32
		{FF180CEC-5070-4D0C-8494-A466C02A09E0}.Debug|x86.Build.0 = Debug|Win32
		{FF180CEC-5070-4D0C-8494-A466C02A09E0}.Release|x64.ActiveCfg = Release|x64
		{FF180CEC-5070-4D0C-8494-A466C02A09E0}.Release|x64.Build.0 = Release|x64
		{FF180CEC-5070-4D0C-8494-A466C02A09E0}.Release|x86.ActiveCfg = Release|Win32
		{FF180CEC-5070-4D0C-8494-A466C02A09E0}.Release|x86.Build.0 = Release|Win32
		{441573B9-B394-45DA-9D1F-E360B7CDB623}.Debug|x64.ActiveCfg = Debug|x64
		{441573B9-B394-45DA-9D1F-E360B7CDB623}.Debug|x64.Build.0 = Debug|x64
		{441573B9-B394-45DA-9D1F-E360B7CDB623}.Debug|x86.ActiveCfg = Debug|Win32
		{441573B9-B394-45DA-9D1F-E360B7CDB623}.Debug|x86.Build.0 = Debug|Win32
		{441573B9-B394-45DA-9D1F-E360B7CDB623}.Release|x64.ActiveCfg = Release|x64
		{441573B9-B394-45DA-9D1F-E360B7CDB623}.Release|x64.Build.0 = Release|x64
		{441573B9-B394-45DA-9D1F-E360B7CDB623}.Release|x86.ActiveCfg = Release|Win32
		{441573B9-B394-45DA-9D1F-E360B7CDB623}.Release|x86.Build.0 = Release|Win32
		{A94436B4-CACE-45FD-A303-9E54D2A4B70A}.Debug|x64.ActiveCfg = Debug|x64
		{A94436B4-CACE-45FD-A303-9E54D2A4B70A}.Debug|x64.Build.0 = Debug|x64
		{A94436B4-CACE-45FD-A303-9E54D2A4B70A}.Debug|x86.ActiveCfg = Debug|Win32
		{A94436B4-CACE-45FD-A303-9E54D2A4B70A}.Debug|x86.Build.0 = Debug|Win32
		{A94436B4-CACE-45FD-A303-9E54D2A4B70A}.Release|x64.ActiveCfg = Release|x64
		{A94436B4-CACE-45FD-A303-9E54D2A4B70A}.Release|x64.Build.0 = Release|x64
		{A94436B4-CACE-45FD-A303-9E54D2A4B70A}.Release|x86.ActiveCfg = Release|Win32
		{A94436B4-CACE-45FD-A303-9E54D2A4B70A}.Release|x86.Build.0 = Release|Win32
		{90350773-FF00-4B2E-87F8-8CA4CF880128}.Debug|x64.ActiveCfg = Debug|x64
		{90350773-FF00-4B2E-87F8-8CA4CF880128}.Debug|x64.Build.0 = Debug|x64
		{90350773-FF00-4B2E-87F8-8CA4CF880128}.Debug|x86.ActiveCfg = Debug|Win32
		{90350773-FF00-4B2E-87F8-8CA4CF880128}.Debug|x86.Build.0 = Debug|Win32
		{90350773-FF00-4B2E-87F8-8CA4CF880128}.Release|x64.ActiveCfg = Release|x64
		{90350773-FF00-4B2E-87F8-8CA4CF880128}.Release|x64.Build.0 = Release|x64
		{90350773-FF00-4B2E-87F8-8CA4CF880128}.Release|x86.ActiveCfg = Release|Win32
		{90350773-FF00-4B2E-87F8-8CA4CF880128}.Release|x86.Build.0 = Release|Win32
		{8F2687BC-8E10-48D2-9485-9C10BDE13B45}.Debug|x64.ActiveCfg = Debug|x64
		{8F2687BC-8E10-48D2-9485-9C10BDE13B45}.Debug|x64.Build.0 = Debug|x64
		{8F2687BC-8E10-48D2-9485-9C10BDE13B45}.Debug|x86.ActiveCfg = Debug|Win32
		{8F2687BC-8E10-48D2-9485-9C10BDE13B45}.Debug|x86.Build.0 = Debug|Win32
		{8F2687BC-8E10-48D2-9485-9C10BDE13B45}.Release|x64.ActiveCfg = Release|x64
		{8F2687BC-8E10-48D2-9485-9C10BDE13B45}.Release|x64.Build.0 = Release|x64
		{8F2687BC-8E10-48D2-9485-9C10BDE13B45}.Release|x86.ActiveCfg = Release|Win32
		{8F2687BC-8E10-48D2-9485-9C10BDE13B45}.Release|x86.Build.0 = Release|Win32
		{2C0756B7-72F3-41B5-809A-9DE7186114CE}.Debug|x64.ActiveCfg = Debug|x64
		{2C0756B7-72F3-41B5-809A-9DE7186114CE}.Debug|x64.Build.0 = Debug|x64
		{2C0756B7-72F3-41B5-809A-9DE7186114CE}.Debug|x86.ActiveCfg = Debug|Win32
		{2C0756B7-72F3-41B5-809A-9DE7186114CE}.Debug|x86.Build.0 = Debug|Win32
		{2C0756B7-72F3-41B5-809A-9DE7186114CE}.Release|x64.ActiveCfg = Release|x64
		{2C0756B7-72F3-41B5-809A-9DE7186114CE}.Release|x64.Build.0 = Release|x64
		{2C0756B7-72F3-41B5-809A-9DE7186114CE}.Release|x86.ActiveCfg = Release|Win32
		{2C0756B7-72F3-41B5-809A-9DE7186114CE}.Release|x86.Build.0 = Release|Win32
		{42EDC22A-B37C-436B-B75E-7355F0AD6511}.Debug|x64.ActiveCfg = Debug|x64
		{42EDC22A-B37C-436B-B75E-7355F0AD6511}.Debug|x64.Build.0 = Debug|x64
		{42EDC22A-B37C-436B-B75E-7355F0AD6511}.Debug|x86.ActiveCfg = Debug|Win32
		{42EDC22A-B37C-436B-B75E-7355F0AD6511}.Debug|x86.Build.0 = Debug|Win32
		{42EDC22A-B37C-436B-B75E-7355F0AD6511}.Release|x64.ActiveCfg = Release|x64
		{42EDC22A-B37C-436B-B75E-7355F0AD6511}.Release|x64.Build.0 = Release|x64
		{42EDC22A-B37C-436B-B75E-7355F0AD6511}.Release|x86.ActiveCfg = Release|Win32
		{42EDC22A-B37C-436B-B75E-7355F0AD6511}.Release|x86.Build.0 = Release|Win32
		{B50BEEBB-274F-4A6D-88C0-AD54D9A14A3B}.Debug|x64.ActiveCfg = Debug|x64
		{B50BEEBB-274F-4A6D-88C0-AD54D9A14A3B}.Debug|x64.Build.0 = Debug|x64
		{B50BEEBB-274F-4A6D-88C0-AD54D9A14A3B}.Debug|x86.ActiveCfg = Debug|Win32
		{B50BEEBB-274F-4A6D-88C0-AD54D9A14A3B}.Debug|x86.Build.0 = Debug|Win32
		{B50BEEBB-274F-4A6D-88C0-AD54D9A14A3B}.Release|x64.ActiveCfg = Release|x64
		{B50BEEBB-274F-4A6D-88C0-AD54D9A14A3B}.Release|x64.Build.0 = Release|x64
		{B50BEEBB-274F-4A6D-88C0-AD54D9A14A3B}.Release|x86.ActiveCfg = Release|Win32
		{B50BEEBB-274F-4A6D-88C0-AD54D9A14A3B}.Release|x86.Build.0 = Release|Win32
		{32F81BF9-10CA-4BDB-86A4-78DD3F33832A}.Debug|x64.ActiveCfg = Debug|x64
		{32F81BF9-10CA-4BDB-86A4-78DD3F33832A}.Debug|x64.Build.0 = Debug|x64
		{32F81BF9-10CA-4BDB-86A4-78DD3F33832A}.Debug|x86.ActiveCfg = Debug|Win32
		{32F81BF9-10CA-4BDB-86A4-78DD3F33832A}.Debug|x86.Build.0 = Debug|Win32
		{32F81BF9-10CA-4BDB-86A4-78DD3F33832A}.Release|x64.ActiveCfg = Release|x64
		{32F81BF9-10CA-4BDB-86A4-78DD3F33832A}.Release|x64.Build.0 = Release|x64
		{32F81BF9-10CA-4BDB-86A4-78DD3F33832A}.Release|x86.ActiveCfg = Release|Win32
		{32F81BF9-10CA-4BDB-86A4-78DD3F33832A}.Release|x86.Build.0 = Release|Win32
		{F4751805-0562-4269-8D14-54C8832EE5B6}.Debug|x64.ActiveCfg = Debug|x64
		{F4751805-0562-4269-8D14-54C8832EE5B6}.Debug|x64.Build.0 = Debug|x64
		{F4751805-0562-4269-8D14-54C8832EE5B6}.Debug|x86.ActiveCfg = Debug|Win32
		{F4751805-0562-4269-8D14-54C8832EE5B6}.Debug|x86.Build.0 = Debug|Win32
		{F4751805-0562-4269-8D14-54C8832EE5B6}.Release|x64.ActiveCfg = Release|x64
		{F4751805-0562-4269-8D14-54C8832EE5B6}.Release|x64.Build.0 = Release|x64
		{F4751805-0562-4269-8D14-54C8832EE5B6}.Release|x86.ActiveCfg = Release|Win32
		{F4751805-0562-4269-8D14-54C8832EE5B6}.Release|x86.Build.0 = Release|Win32
		{966E3215-EDB0-4A76-BF54-649A502F7343}.Debug|x64.ActiveCfg = Debug|x64
		{966E3215-EDB0-4A76-BF54-649A502F7343}.Debug|x64.Build.0 = Debug|x64
		{966E3215-EDB0-4A76-BF54-649A502F7343}.Debug|x86.ActiveCfg = Debug|Win32
		{966E3215-EDB0-4A76-BF54-649A502F7343}.Debug|x86.Build.0 = Debug|Win32
		{966E3215-EDB0-4A76-BF54-649A502F7343}.Release|x64.ActiveCfg = Release|x64
		{966E3215-EDB0-4A76-BF54-649A502F7343}.Release|x64.Build.0 = Release|x64
		{966E3215-EDB0-4A76-BF54-649A502F7343}.Release|x86.ActiveCfg = Release|Win32
		{966E3215-EDB0-4A76-BF54-649A502F7343}.Release|x86.Build.0 = Release|Win32
		{5C64AC97-2CD7-424D-B806-AB31471D84AE}.Debug|x64.ActiveCfg = Debug|x64
		{5C64AC97-2CD7-424D-B806-AB31471D84AE}.Debug|x64.Build.0 = Debug|x64
		{5C64AC97-2CD7-424D-B806-AB31471D84AE}.Debug|x86.ActiveCfg = Debug|Win32
		{5C64AC97-2CD7-424D-B806-AB31471D84AE}.Debug|x86.Build.0 = Debug|Win32
		{5C64AC97-2CD7-424D-B806-AB31471D84AE}.Release|x64.ActiveCfg = Release|x64
		{5C64AC97-2CD7-424D-B806-AB31471D84AE}.Release|x64.Build.0 = Release|x64
		{5C64AC97-2CD7-424D-B806-AB31471D84AE}.Release|x86.ActiveCfg = Release|Win32
		{5C64AC97-2CD7-424D-B806-AB31471D84AE}.Release|x86.Build.0 = Release|Win32
		{3C36658E-EF2A-428D-8761-45C44698F14A}.Debug|x64.ActiveCfg = Debug|x64
		{3C36658E-EF2A-428D-8761-45C44698F14A}.Debug|x64.Build.0 = Debug|x64
		{3C36658E-EF2A-428D-8761-45C44698F14A}.Debug|x86.ActiveCfg = Debug|Win32
		{3C36658E-EF2A-428D-8761-45C44698F14A}.Debug|x86.Build.0 = Debug|Win32
		{3C36658E-EF2A-428D-8761-45C44698F14A}.Release|x64.ActiveCfg = Release|x64
		{3C36658E-EF2A-428D-8761-45C44698F14A}.Release|x64.Build.0 = Release|x64
		{3C36658E-EF2A-428D-8761-45C44698F14A}.Release|x86.ActiveCfg = Release|Win32
		{3C36658E-EF2A-428D-8761-45C44698F14A}.Release|x86.Build.0 = Release|Win32
		{8CFF3D89-2DED-45A7-9397-A27933694487}.Debug|x64.ActiveCfg = Debug|x64
		{8CFF3D89-2DED-45A7-9397-A27933694487}.Debug|x64.Build.0 = Debug|x64
		{8CFF3D89-2DED-45A7-9397-A27933694487}.Debug|x86.ActiveCfg = Debug|Win32
		{8CFF3D89-2DED-45A7-9397-A27933694487}.Debug|x86.Build.0 = Debug|Win32
		{8CFF3D89-2DED-45A7-9397-A27933694487}.Release|x64.ActiveCfg = Release|x64
		{8CFF3D89-2DED-45A7-9397-A27933694487}.Release|x64.Build.0 = Release|x64
		{8CFF3D89-2DED-45A7-9397-A27933694487}.Release|x86.ActiveCfg = Release|Win32
		{8CFF3D89-2DED-45A7-9397-A27933694487}.Release|x86.Build.0 = Release|Win32
		{E76B9627-44DE-4E34-96A2-D1A1A51023E9}.Debug|x64.ActiveCfg = Debug|x64
		{E76B9627-44DE-4E34-96A2-D1A1A51023E9}.Debug|x64.Build.0 = Debug|x64
		{E76B9627-44DE-4E34-96A2-D1A1A51023E9}.Debug|x86.ActiveCfg = Debug|Win32
		{E76B9627-44DE-4E34-96A2-D1A1A51023E9}.Debug|x86.Build.0 = Debug|Win32
		{E76B9627-44DE-4E34-96A2-D1A1A51023E9}.Release|x64.ActiveCfg = Release|x64
		{E76B9627-44DE-4E34-96A2-D1A1A51023E9}.Release|x64.Build.0 = Release|x64
		{E76B9627-44DE-4E34-96A2-D1A1A51023E9}.Release|x86.ActiveCfg = Release|Win32
		{E76B9627-44DE-4E34-96A2-D1A1A51023E9}.Release|x86.Build.0 = Release|Win32
		{501A44BE-87F1-424C-A47C-C04FDA4B1782}.Debug|x64.ActiveCfg = Debug|x64
		{501A44BE-87F1-424C-A47C-C04FDA4B1782}.Debug|x64.Build.0 = Debug|x64
		{501A44BE-87F1-424C-A47C-C04FDA4B1782}.Debug|x86.ActiveCfg = Debug|Win32
		{501A44BE-87F1-424C-A47C-C04FDA4B1782}.Debug|x86.Build.0 = Debug|Win32
		{501A44BE-87F1-424C-A47C-C04FDA4B1782}.Release|x64.ActiveCfg = Release|x64
		{501A44BE-87F1-424C-A47C-C04FDA4B1782}.Release|x64.Build.0 = Release|x64
		{501A44BE-87F1-424C-A47C-C04FDA4B1782}.Release|x86.ActiveCfg = Release|Win32
		{501A44BE-87F1-424C-A47C-C04FDA4B1782}.Release|x86.Build.0 = Release|Win32
		{924AA861-B41E-4F85-819B-0D65E90376D4}.Debug|x64.ActiveCfg = Debug|x64
		{924AA861-B41E-4F85-819B-0D65E90376D4}.Debug|x64.Build.0 = Debug|x64
		{924AA861-B41E-4F85-819B-0D65E90376D4}.Debug|x86.ActiveCfg = Debug|Win32
		{924AA861-B41E-4F85-819B-0D65E90376D4}.Debug|x86.Build.0 = Debug|Win32
		{924AA861-B41E-4F85-819B-0D65E90376D4}.Release|x64.ActiveCfg = Release|x64
		{924AA861-B41E-4F85-819B-0D65E90376D4}.Release|x64.Build.0 = Release|x64
		{924AA861-B41E-4F85-819B-0D65E90376D4}.Release|x86.ActiveCfg = Release|Win32
		{924AA861-B41E-4F85-819B-0D65E90376D4}.Release|x86.Build.0 = Release|Win32
		{FF6B9ABC-F034-485C-A04E-F548A3717939}.Debug|x64.ActiveCfg = Debug|x64
		{FF6B9ABC-F034-485C-A04E-F548A3717939}.Debug|x64.Build.0 = Debug|x64
		{FF6B9ABC-F034-485C-A04E-F548A3717939}.Debug|x86.ActiveCfg = Debug|Win32
		{FF6B9ABC-F034-485C-A04E-F548A3717939}.Debug|x86.Build.0 = Debug|Win32
		{FF6B9ABC-F034-485C-A04E-F548A3717939}.Release|x64.ActiveCfg = Release|x64
		{FF6B9ABC-F034-485C-A04E-F548A3717939}.Release|x64.Build.0 = Release|x64
		{FF6B9ABC-F034-485C-A04E-F548A3717939}.Release|x86.ActiveCfg = Release|Win32
		{FF6B9ABC-F034-485C-A04E-F548A3717939}.Release|x86.Build.0 = Release|Win32
		{F1BC1106-02C7-47FE-80AF-C7E3B903C27E}.Debug|x64.ActiveCfg = Debug|x64
		{F1BC1106-02C7-47FE-80AF-C7E3B903C27E}.Debug|x64.Build.0 = Debug|x64
		{F1BC1106-02C7-47FE-80AF-C7E3B903C27E}.Debug|x86.ActiveCfg = Debug|Win32
		{F1BC1106-02C7-47FE-80AF-C7E3B903C27E}.Debug|x86.Build.0 = Debug|Win32
		{F1BC1106-02C7-47FE-80AF-C7E3B903C27E}.Release|x64.ActiveCfg = Release|x64
		{F1BC1106-02C7-47FE-80AF-C7E3B903C27E}.Release|x64.Build.0 = Release|x64
		{F1BC1106-02C7-47FE-80AF-C7E3B903C27E}.Release|x86.ActiveCfg = Release|Win32
		{F1BC1106-02C7-47FE-80AF-C7E3B903C27E}.Release|x86.Build.0 = Release|Win32
		{AD6A15BE-C3BD-4A9F-864D-991778DD379C}.Debug|x64.ActiveCfg = Debug|x64
		{AD6A15BE-C3BD-4A9F-864D-991778DD379C}.Debug|x64.Build.0 = Debug|x64
		{AD6A15BE-C3BD-4A9F-864D-991778DD379C}.Debug|x86.ActiveCfg = Debug|Win32
		{AD6A15BE-C3BD-4A9F-864D-991778DD379C}.Debug|x86.Build.0 = Debug|Win32
		{AD6A15BE-C3BD-4A9F-864D-991778DD379C}.Release|x64.ActiveCfg = Release|x64
		{AD6A15BE-C3BD-4A9F-864D-991778DD379C}.Release|x64.Build.0 = Release|x64
		{AD6A15BE-C3BD-4A9F-864D-991778DD379C}.Release|x86.ActiveCfg = Release|Win32
		{AD6A15BE-C3BD-4A9F-864D-991778DD379C}.Release|x86.Build.0 = Release|Win32
		{D107B4CE-4434-4CBD-B0DF-9384F07E2E32}.Debug|x64.ActiveCfg = Debug|x64
		{D107B4CE-4434-4CBD-B0DF-9384F07E2E32}.Debug|x64.Build.0 = Debug|x64
		{D107B4CE-4434-4CBD-B0DF-9384F07E2E32}.Debug|x86.ActiveCfg = Debug|Win32
		{D107B4CE-4434-4CBD-B0DF-9384F07E2E32}.Debug|x86.Build.0 = Debug|Win32
		{D107B4CE-4434-4CBD-B0DF-9384F07E2E32}.Release|x64.ActiveCfg = Release|x64
		{D107B4CE-4434-4CBD-B0DF-9384F07E2E32}.Release|x64.Build.0 = Release|x64
		{D107B4CE-4434-4CBD-B0DF-9384F07E2E32}.Release|x86.ActiveCfg = Release|Win32
		{D107B4CE-4434-4CBD-B0DF-9384F07E2E32}.Release|x86.Build.0 = Release|Win32
		{EEF8B78A-EC92-458E-822D-CB71EB8D4F72}.Debug|x64.ActiveCfg = Debug|x64
		{EEF8B78A-EC92-458E-822D-CB71EB8D4F72}.Debug|x64.Build.0 = Debug|x64
		{EEF8B78A-EC92-458E-822D-CB71EB8D4F72}.Debug|x86.ActiveCfg = Debug|Win32
		{EEF8B78A-EC92-458E-822D-CB71EB8D4F72}.Debug|x86.Build.0 = Debug|Win32
		{EEF8B78A-EC92-458E-822D-CB71EB8D4F72}.Release|x64.ActiveCfg = Release|x64
		{EEF8B78A-EC92-458E-822D-CB71EB8D4F72}.Release|x64.Build.0 = Release|x64
		{EEF8B78A-EC92-458E-822D-CB71EB8D4F72}.Release|x86.ActiveCfg = Release|Win32
		{EEF8B78A-EC92-458E-822D-CB71EB8D4F72}.Release|x86.Build.0 = Release|Win32
		{BC217862-9326-44A2-A398-B9B41F68DFAE}.Debug|x64.ActiveCfg = Debug|x64
		{BC217862-9326-44A2-A398-B9B41F68DFAE}.Debug|x64.Build.0 = Debug|x64
		{BC217862-9326-44A2-A398-B9B41F68DFAE}.Debug|x86.ActiveCfg = Debug|Win32
		{BC217862-9326-44A2-A398-B9B41F68DFAE}.Debug|x86.Build.0 = Debug|Win32
		{BC217862-9326-44A2-A398-B9B41F68DFAE}.Release|x64.ActiveCfg = Release|x64
		{BC217862-9326-44A2-A398-B9B41F68DFAE}.Release|x64.Build.0 = Release|x64
		{BC217862-9326-44A2-A398-B9B41F68DFAE}.Release|x86.ActiveCfg = Release|Win32
		{BC217862-9326-44A2-A398-B9B41F68DFAE}.Release|x86.Build.0 = Release|Win32
		{F9C7EA3D-E3EB-4E31-971F-4BB83B51586E}.Debug|x64.ActiveCfg = Debug|x64
		{F9C7EA3D-E3EB-4E31-971F-4BB83B51586E}.Debug|x64.Build.0 = Debug|x64
		{F9C7EA3D-E3EB-4E31-971F-4BB83B51586E}.Debug|x86.ActiveCfg = Debug|Win32
		{F9C7EA3D-E3EB-4E31-971F-4BB83B51586E}.Debug|x86.Build.0 = Debug|Win32
		{F9C7EA3D-E3EB-4E31-971F-4BB83B51586E}.Release|x64.ActiveCfg = Release|x64
		{F9C7EA3D-E3EB-4E31-971F-4BB83B51586E}.Release|x64.Build.0 = Release|x64
		{F9C7EA3D-E3EB-4E31-971F-4BB83B51586E}.Release|x86.ActiveCfg = Release|Win32
		{F9C7EA3D-E3EB-4E31-971F-4BB83B51586E}.Release|x86.Build.0 = Release|Win32
		{9FE5E144-9984-4D4F-8C51-9EC2AB16EC3D}.Debug|x64.ActiveCfg = Debug|x64
		{9FE5E144-9984-4D4F-8C51-9EC2AB16EC3D}.Debug|x64.Build.0 = Debug|x64
		{9FE5E144-9984-4D4F-8C51-9EC2AB16EC3D}.Debug|x86.ActiveCfg = Debug|Win32
		{9FE5E144-9984-4D4F-8C51-9EC2AB16EC3D}.Debug|x86.Build.0 = Debug|Win32
		{9FE5E144-9984-4D4F-8C51-9EC2AB16EC3D}.Release|x64.ActiveCfg = Release|x64
		{9FE5E144-9984-4D4F-8C51-9EC2AB16EC3D}.Release|x64.Build.0 = Release|x64
		{9FE5E144-9984-4D4F-8C51-9EC2AB16EC3D}.Release|x86.ActiveCfg = Release|Win32
		{9FE5E144-9984-4D4F-8C51-9EC2AB16EC3D}.Release|x86.Build.0 = Release|Win32
		{04C69F11-B4ED-48CD-BF2A-740F101794BB}.Debug|x64.ActiveCfg = Debug|x64
		{04C69F11-B4ED-48CD-BF2A-740F101794BB}.Debug|x64.Build.0 = Debug|x64
		{04C69F11-B4ED-48CD-BF2A-740F101794BB}.Debug|x86.ActiveCfg = Debug|Win32
		{04C69F11-B4ED-48CD-BF2A-740F101794BB}.Debug|x86.Build.0 = Debug|Win32
		{04C69F11-B4ED-48CD-BF2A-740F101794BB}.Release|x64.ActiveCfg = Release|x64
		{04C69F11-B4ED-48CD-BF2A-740F101794BB}.Release|x64.Build.0 = Release|x64
		{04C69F11-B4ED-48CD-BF2A-740F101794BB}.Release|x86.ActiveCfg = Release|Win32
		{04C69F11-B4ED-48CD-BF2A-740F101794BB}.Release|x86.Build.0 = Release|Win32
		{2377FC75-072B-47E3-B162-C308DF5E5F11}.Debug|x64.ActiveCfg = Debug|x64
		{2377FC75-072B-47E3-B162-C308DF5E5F11}.Debug|x64.Build.0 = Debug|x64
		{2377FC75-072B-47E3-B162-C308DF5E5F11}.Debug|x86.ActiveCfg = Debug|Win32
		{2377FC75-072B-47E3-B162-C308DF5E5F11}.Debug|x86.Build.0 = Debug|Win32
		{2377FC75-072B-47E3-B162-C308DF5E5F11}.Release|x64.ActiveCfg = Release|x64
		{2377FC75-072B-47E3-B162-C308DF5E5F11}.Release|x64.Build.0 = Release|x64
		{2377FC75-072B-47E3-B162-C308DF5E5F11}.Release|x86.ActiveCfg = Release|Win32
		{2377FC75-072B-47E3-B162-C308DF5E5F11}.Release|x86.Build.0 = Release|Win32
		{52D60E9F-9ABC-458C-9423-F6BB515E1D43}.Debug|x64.ActiveCfg = Debug|x64
		{52D60E9F-9ABC-458C-9423-F6BB515E1D43}.Debug|x64.Build.0 = Debug|x64
		{52D60E9F-9ABC-458C-9423-F6BB515E1D43}.Debug|x86.ActiveCfg = Debug|Win32
		{52D60E9F-9ABC-458C-9423-F6BB515E1D43}.Debug|x86.Build.0 = Debug|Win32
		{52D60E9F-9ABC-458C-9423-F6BB515E1D43}.Release|x64.ActiveCfg = Release|x64
		{52D60E9F-9ABC-458C-9423-F6BB515E1D43}.Release|x64.Build.0 = Release|x64
		{52D60E9F-9ABC-458C-9423-F6BB515E1D43}.Release|x86.ActiveCfg = Release|Win32
		{52D60E9F-9ABC-458C-9423-F6BB515E1D43}.Release|x86.Build.0 = Release|Win32
		{9FAFA8A2-6232-4426-BDF8-1A52B73FA1F6}.Debug|x64.ActiveCfg = Debug|x64
		{9FAFA8A2-6232-4426-BDF8-1A52B73FA1F6}.Debug|x64.Build.0 = Debug|x64
		{9FAFA8A2-6232-4426-BDF8-1A52B73FA1F6}.Debug|x86.ActiveCfg = Debug|Win32
		{9FAFA8A2-6232-4426-BDF8-1A52B73FA1F6}.Debug|x86.Build.0 = Debug|Win32
		{9FAFA8A2-6232-4426-BDF8-1A52B73FA1F6}.Release|x64.ActiveCfg = Release|x64
		{9FAFA8A2-6232-4426-BDF8-1A52B73FA1F6}.Release|x64.Build.0 = Release|x64
		{9FAFA8A2-6232-4426-BDF8-1A52B73FA1F6}.Release|x86.ActiveCfg = Release|Win32
		{9FAFA8A2-6232-4426-BDF8-1A52B73FA1F6}.Release|x86.Build.0 = Release|Win32
		{69723DBD-1A05-4F14-BBE8-6ED41F2E24F5}.Debug|x64.ActiveCfg = Debug|x64
		{69723DBD-1A05-4F14-BBE8-6ED41F2E24F5}.Debug|x64.Build.0 = Debug|x64
		{69723DBD-1A05-4F14-BBE8-6ED41F2E24F5}.Debug|x86.ActiveCfg = Debug|Win32
		{69723DBD-1A05-4F14-BBE8-6ED41F2E24F5}.Debug|x86.Build.0 = Debug|Win32
		{69723DBD-1A05-4F14-BBE8-6ED41F2E24F5}.Release|x64.ActiveCfg = Release|x64
		{69723DBD-1A05-4F14-BBE8-6ED41F2E24F5}.Release|x64.Build.0 = Release|x64
		{69723DBD-1A05-4F14-BBE8-6ED41F2E24F5}.Release|x86.ActiveCfg = Release|Win32
		{69723DBD-1A05-4F14-BBE8-6ED41F2E24F5}.Release|x86.Build.0 = Release|Win32
		{251B83A8-CEF1-4EDC-8051-AFB61B0D9AEE}.Debug|x64.ActiveCfg = Debug|x64
		{251B83A8-CEF1-4EDC-8051-AFB61B0D9AEE}.Debug|x64.Build.0 = Debug|x64
		{251B83A8-CEF1-4EDC-8051-AFB61B0D9AEE}.Debug|x86.ActiveCfg = Debug|Win32
		{251B83A8-CEF1-4EDC-8051-AFB61B0D9AEE}.Debug|x86.Build.0 = Debug|Win32
		{251B83A8-CEF1-4EDC-8051-AFB61B0D9AEE}.Release|x64.ActiveCfg = Release|x64
		{251B83A8-CEF1-4EDC-8051-AFB61B0D9AEE}.Release|x64.Build.0 = Release|x64
		{251B83A8-CEF1-4EDC-8051-AFB61B0D9AEE}.Release|x86.ActiveCfg = Release|Win32
		{251B83A8-CEF1-4EDC-8051-AFB61B0D9AEE}.Release|x86.Build.0 = Release|Win32
		{5142E0CF-7A9F-4C0D-86D1-7C30AA1987B3}.Debug|x64.ActiveCfg = Debug|x64
		{5142E0CF-7A9F-4C0D-86D1-7C30AA1987B3}.Debug|x64.Build.0 = Debug|x64
		{5142E0CF-7A9F-4C0D-86D1-7C30AA1987B3}.Debug|x86.ActiveCfg = Debug|Win32
		{5142E0CF-7A9F-4C0D-86D1-7C30AA1987B3}.Debug|x86.Build.0 = Debug|Win32
		{5142E0CF-7A9F-4C0D-86D1-7C30AA1987B3}.Release|x64.ActiveCfg = Release|x64
		{5142E0CF-7A9F-4C0D-86D1-7C30AA1987B3}.Release|x64.Build.0 = Release|x64
		{5142E0CF-7A9F-4C0D-86D1-7C30AA1987B3}.Release|x86.ActiveCfg = Release|Win32
		{5142E0CF-7A9F-4C0D-86D1-7C30AA1987B3}.Release|x86.Build.0 = Release|Win32
		{A4A4A04F-D395-4D04-A906-AA45F967E486}.Debug|x64.ActiveCfg = Debug|x64
		{A4A4A04F-D395-4D04-A906-AA45F967E486}.Debug|x64.Build.0 = Debug|x64
		{A4A4A04F-D395-4D04-A906-AA45F967E486}.Debug|x86.ActiveCfg = Debug|Win32
		{A4A4A04F-D395-4D04-A906-AA45F967E486}.Debug|x86.Build.0 = Debug|Win32
		{A4A4A04F-D395-4D04-A906-AA45F967E486}.Release|x64.ActiveCfg = Release|x64
		{A4A4A04F-D395-4D04-A906-AA45F967E486}.Release|x64.Build.0 = Release|x64
		{A4A4A04F-D395-4D04-A906-AA45F967E486}.Release|x86.ActiveCfg = Release|Win32
		{A4A4A04F-D395-4D04-A906-AA45F967E486}.Release|x86.Build.0 = Release|Win32
		{F9FDD912-CEC7-41F4-9C09-6118B4330A9B}.Debug|x64.ActiveCfg = Debug|x64
		{F9FDD912-CEC7-41F4-9C09-6118B4330A9B}.Debug|x64.Build.0 = Debug|x64
		{F9FDD912-CEC7-41F4-9C09-6118B4330A9B}.Debug|x86.ActiveCfg = Debug|Win32
		{F9FDD912-CEC7-41F4-9C09-6118B4330A9B}.Debug|x86.Build.0 = Debug|Win32
		{F9FDD912-CEC7-41F4-9C09-6118B4330A9B}.Release|x64.ActiveCfg = Release|x64
		{F9FDD912-CEC7-41F4-9C09-6118B4330A9B}.Release|x64.Build.0 = Release|x64
		{F9FDD912-CEC7-41F4-9C09-6118B4330A9B}.Release|x86.ActiveCfg = Release|Win32
		{F9FDD912-CEC7-41F4-9C09-6118B4330A9B}.Release|x86.Build.0 = Release|Win32
		{4A05B90E-9145-4C5C-B82A-72E4B8FED620}.Debug|x64.ActiveCfg = Debug|x64
		{4A05B90E-9145-4C5C-B82A-72E4B8FED620}.Debug|x64.Build.0 = Debug|x64
		{4A05B90E-9145-4C5C-B82A-72E4B8FED620}.Debug|x86.ActiveCfg = Debug|Win32
		{4A05B90E-9145-4C5C-B82A-72E4B8FED620}.Debug|x86.Build.0 = Debug|Win32
		{4A05B90E-9145-4C5C-B82A-72E4B8FED620}.Release|x64.ActiveCfg = Release|x64
		{4A05B90E-9145-4C5C-B82A-72E4B8FED620}.Release|x64.Build.0 = Release|x64
		{4A05B90E-9145-4C5C-B82A-72E4B8FED620}.Release|x86.ActiveCfg = Release|Win32
		{4A05B90E-9145-4C5C-B82A-72E4B8FED620}.Release|x86.Build.0 = Release|Win32
		{0F98ECE7-43F2-42F9-8B86-797CE46D2A67}.Debug|x64.ActiveCfg = Debug|x64
		{0F98ECE7-43F2-42F9-8B86-797CE46D2A67}.Debug|x64.Build.0 = Debug|x64
		{0F98ECE7-43F2-42F9-8B86-797CE46D2A67}.Debug|x86.ActiveCfg = Debug|Win32
		{0F98ECE7-43F2-42F9-8B86-797CE46D2A67}.Debug|x86.Build.0 = Debug|Win32
		{0F98ECE7-43F2-42F9-8B86-797CE46D2A67}.Release|x64.ActiveCfg = Release|x64
		{0F98ECE7-43F2-42F9-8B86-797CE46D2A67}.Release|x64.Build.0 = Release|x64
		{0F98ECE7-43F2-42F9-8B86-797CE46D2A67}.Release|x86.ActiveCfg = Release|Win32
		{0F98ECE7-43F2-42F9-8B86-797CE46D2A67}.Release|x86.Build.0 = Release|Win32
		{0A193CE4-740E-4432-9D76-0F2D9E237F13}.Debug|x64.ActiveCfg = Debug|x64
		{0A193CE4-740E-4432-9D76-0F2D9E237F13}.Debug|x64.Build.0 = Debug|x64
		{0A193CE4-740E-4432-9D76-0F2D9E237F13}.Debug|x86.ActiveCfg = Debug|Win32
		{0A193CE4-740E-4432-9D76-0F2D9E237F13}.Debug|x86.Build.0 = Debug|Win32
		{0A193CE4-740E-4432-9D76-0F2D9E237F13}.Release|x64.ActiveCfg = Release|x64
		{0A193CE4-740E-4432-9D76-0F2D9E237F13}.Release|x64.Build.0 = Release|x64
		{0A193CE4-740E-4432-9D76-0F2D9E237F13}.Release|x86.ActiveCfg = Release|Win32
		{0A193CE4-740E-4432-9D76-0F2D9E237F13}.Release|x86.Build.0 = Release|Win32
		{EE75D4A4-D2F5-4DE9-B6FA-3E5F00E8E4E6}.Debug|x64.ActiveCfg = Debug|x64
		{EE75D4A4-D2F5-4DE9-B6FA-3E5F00E8E4E6}.Debug|x64.Build.0 = Debug|x64
		{EE75D4A4-D2F5-4DE9-B6FA-3E5F00E8E4E6}.Debug|x86.ActiveCfg = Debug|Win32
		{EE75D4A4-D2F5-4DE9-B6FA-3E5F00E8E4E6}.Debug|x86.Build.0 = Debug|Win32
		{EE75D4A4-D2F5-4DE9-B6FA-3E5F00E8E4E6}.Release|x64.ActiveCfg = Release|x64
		{EE75D4A4-D2F5-4DE9-B6FA-3E5F00E8E4E6}.Release|x64.Build.0 = Release|x64
		{EE75D4A4-D2F5-4DE9-B6FA-3E5F00E8E4E6}.Release|x86.ActiveCfg = Release|Win32
		{EE75D4A4-D2F5-4DE9-B6FA-3E5F00E8E4E6}.Release|x86.Build.0 = Release|Win32
		{8EF8FA58-8F51-49FC-8E10-652513E68A51}.Debug|x64.ActiveCfg = Debug|x64
		{8EF8FA58-8F51-49FC-8E10-652513E68A51}.Debug|x64.Build.0 = Debug|x64
		{8EF8FA58-8F51-49FC-8E10-652513E68A51}.Debug|x86.ActiveCfg = Debug|Win32
		{8EF8FA58-8F51-49FC-8E10-652513E68A51}.Debug|x86.Build.0 = Debug|Win32
		{8EF8FA58-8F51-49FC-8E10-652513E68A51}.Release|x64.ActiveCfg = Release|x64
		{8EF8FA58-8F51-49FC-8E10-652513E68A51}.Release|x64.Build.0 = Release|x64
		{8EF8FA58-8F51-49FC-8E10-652513E68A51}.Release|x86.ActiveCfg = Release|Win32
		{8EF8FA58-8F51-49FC-8E10-652513E68A51}.Release|x86.Build.0 = Release|Win32
		{E5F79821-8C60-4CA6-82B1-F4337501DB0A}.Debug|x64.ActiveCfg = Debug|x64
		{E5F79821-8C60-4CA6-82B1-F4337501DB0A}.Debug|x64.Build.0 = Debug|x64
		{E5F79821-8C60-4CA6-82B1-F4337501DB0A}.Debug|x86.ActiveCfg = Debug|Win32
		{E5F79821-8C60-4CA6-82B1-F4337501DB0A}.Debug|x86.Build.0 = Debug|Win32
		{E5F79821-8C60-4CA6-82B1-F4337501DB0A}.Release|x64.ActiveCfg = Release|x64
		{E5F79821-8C60-4CA6-82B1-F4337501DB0A}.Release|x64.Build.0 = Release|x64
		{E5F79821-8C60-4CA6-82B1-F4337501DB0A}.Release|x86.ActiveCfg = Release|Win32
		{E5F79821-8C60-4CA6-82B1-F4337501DB0A}.Release|x86.Build.0 = Release|Win32
		{A8EAF406-39D4-4D82-8C49-EB9E7B3BD0C1}.Debug|x64.ActiveCfg = Debug|x64
		{A8EAF406-39D4-4D82-8C49-EB9E7B3BD0C1}.Debug|x64.Build.0 = Debug|x64
		{A8EAF406-39D4-4D82-8C49-EB9E7B3BD0C1}.Debug|x86.ActiveCfg = Debug|Win32
		{A8EAF406-39D4-4D82-8C49-EB9E7B3BD0C1}.Debug|x86.Build.0 = Debug|Win32
		{A8EAF406-39D4-4D82-8C49-EB9E7B3BD0C1}.Release|x64.ActiveCfg = Release|x64
		{A8EAF406-39D4-4D82-8C49-EB9E7B3BD0C1}.Release|x64.Build.0 = Release|x64
		{A8EAF406-39D4-4D82-8C49-EB9E7B3BD0C1}.Release|x86.ActiveCfg = Release|Win32
		{A8EAF406-39D4-4D82-8C49-EB9E7B3BD0C1}.Release|x86.Build.0 = Release|Win32
		{DBD367CD-B556-4513-9C5D-0C97832C8F32}.Debug|x64.ActiveCfg = Debug|x64
		{DBD367CD-B556-4513-9C5D-0C97832C8F32}.Debug|x64.Build.0 = Debug|x64
		{DBD367CD-B556-4513-9C5D-0C97832C8F32}.Debug|x86.ActiveCfg = Debug|Win32
		{DBD367CD-B556-4513-9C5D-0C97832C8F32}.Debug|x86.Build.0 = Debug|Win32
		{DBD367CD-B556-4513-9C5D-0C97832C8F32}.Release|x64.ActiveCfg = Release|x64
		{DBD367CD-B556-4513-9C5D-0C97832C8F32}.Release|x64.Build.0 = Release|x64
		{DBD367CD-B556-4513-9C5D-0C97832C8F32}.Release|x86.ActiveCfg = Release|Win32
		{DBD367CD-B556-4513-9C5D-0C97832C8F32}.Release|x86.Build.0 = Release|Win32
		{80A1A39E-A303-4A02-8541-86807D73E6EC}.Debug|x64.ActiveCfg = Debug|x64
		{80A1A39E-A303-4A02-8541-86807D73E6EC}.Debug|x64.Build.0 = Debug|x64
		{80A1A39E-A303-4A02-8541-86807D73E6EC}.Debug|x86.ActiveCfg = Debug|Win32
		{80A1A39E-A303-4A02-8541-86807D73E6EC}.Debug|x86.Build.0 = Debug|Win32
		{80A1A39E-A303-4A02-8541-86807D73E6EC}.Release|x64.ActiveCfg = Release|x64
		{80A1A39E-A303-4A02-8541-86807D73E6EC}.Release|x64.Build.0 = Release|x64
		{80A1A39E-A303-4A02-8541-86807D73E6EC}.Release|x86.ActiveCfg = Release|Win32
		{80A1A39E-A303-4A02-8541-86807D73E6EC}.Release|x86.Build.0 = Release|Win32
		{DE20FF67-4A6C-4668-836A-F7B5A0EE6A09}.Debug|x64.ActiveCfg = Debug|x64
		{DE20FF67-4A6C-4668-836A-F7B5A0EE6A09}.Debug|x64.Build.0 = Debug|x64
		{DE20FF67-4A6C-4668-836A-F7B5A0EE6A09}.Debug|x86.ActiveCfg = Debug|Win32
		{DE20FF67-4A6C-4668-836A-F7B5A0EE6A09}.Debug|x86.Build.0 = Debug|Win32
		{DE20FF67-4A6C-4668-836A-F7B5A0EE6A09}.Release|x64.ActiveCfg = Release|x64
		{DE20FF67-4A6C-4668-836A-F7B5A0EE6A09}.Release|x64.Build.0 = Release|x64
		{DE20FF67-4A6C-4668-836A-F7B5A0EE6A09}.Release|x86.ActiveCfg = Release|Win32
		{DE20FF67-4A6C-4668-836A-F7B5A0EE6A09}.Release|x86.Build.0 = Release|Win32
		{983B7E83-9A73-4842-85CC-BBC20B0EBF7C}.Debug|x64.ActiveCfg = Debug|x64
		{983B7E83-9A73-4842-85CC-BBC20B0EBF7C}.Debug|x64.Build.0 = Debug|x64
		{983B7E83-9A73-4842-85CC-BBC20B0EBF7C}.Debug|x86.ActiveCfg = Debug|Win32
		{983B7E83-9A73-4842-85CC-BBC20B0EBF7C}.Debug|x86.Build.0 = Debug|Win32
		{983B7E83-9A73-4842-85CC-BBC20B0EBF7C}.Release|x64.ActiveCfg = Release|x64
		{983B7E83-9A73-4842-85CC-BBC20B0EBF7C}.Release|x64.Build.0 = Release|x64
		{983B7E83-9A73-4842-85CC-BBC20B0EBF7C}.Release|x86.ActiveCfg = Release|Win32
		{983B7E83-9A73-4842-85CC-BBC20B0EBF7C}.Release|x86.Build.0 = Release|Win32
		{43AFE54A-8492-4B77-A677-D8B32D236229}.Debug|x64.ActiveCfg = Debug|x64
		{43AFE54A-8492-4B77-A677-D8B32D236229}.Debug|x64.Build.0 = Debug|x64
		{43AFE54A-8492-4B77-A677-D8B32D236229}.Debug|x86.ActiveCfg = Debug|Win32
		{43AFE54A-8492-4B77-A677-D8B32D236229}.Debug|x86.Build.0 = Debug|Win32
		{43AFE54A-8492-4B77-A677-D8B32D236229}.Release|x64.ActiveCfg = Release|x64
		{43AFE54A-8492-4B77-A677-D8B32D236229}.Release|x64.Build.0 = Release|x64
		{43AFE54A-8492-4B77-A677-D8B32D236229}.Release|x86.ActiveCfg = Release|Win32
		{43AFE54A-8492-4B77-A677-D8B32D236229}.Release|x86.Build.0 = Release|Win32
		{72495D3C-92AD-4771-A0B9-BC8E9F7CC50E}.Debug|x64.ActiveCfg = Debug|x64
		{72495D3C-92AD-4771-A0B9-BC8E9F7CC50E}.Debug|x64.Build.0 = Debug|x64
		{72495D3C-92AD-4771-A0B9-BC8E9F7CC50E}.Debug|x86.ActiveCfg = Debug|Win32
		{72495D3C-92AD-4771-A0B9-BC8E9F7CC50E}.Debug|x86.Build.0 = Debug|Win32
		{72495D3C-92AD-4771-A0B9-BC8E9F7CC50E}.Release|x64.ActiveCfg = Release|x64
		{72495D3C-92AD-4771-A0B9-BC8E9F7CC50E}.Release|x64.Build.0 = Release|x64
		{72495D3C-92AD-4771-A0B9-BC8E9F7CC50E}.Release|x86.ActiveCfg = Release|Win32
		{72495D3C-92AD-4771-A0B9-BC8E9F7CC50E}.Release|x86.Build.0 = Release|Win32
		{208005A7-1726-47D3-822E-F9A7A07471F8}.Debug|x64.ActiveCfg = Debug|x64
		{208005A7-1726-47D3-822E-F9A7A07471F8}.Debug|x64.Build.0 = Debug|x64
		{208005A7-1726-47D3-822E-F9A7A07471F8}.Debug|x86.ActiveCfg = Debug|Win32
		{208005A7-1726-47D3-822E-F9A7A07471F8}.Debug|x86.Build.0 = Debug|Win32
		{208005A7-1726-47D3-822E-F9A7A07471F8}.Release|x64.ActiveCfg = Release|x64
		{208005A7-1726-47D3-822E-F9A7A07471F8}.Release|x64.Build.0 = Release|x64
		{208005A7-1726-47D3-822E-F9A7A07471F8}.Release|x86.ActiveCfg = Release|Win32
		{208005A7-1726-47D3-822E-F9A7A07471F8}.Release|x86.Build.0 = Release|Win32
		{19F43E18-6630-4B0F-8C41-686DFD08B9A7}.Debug|x64.ActiveCfg = Debug|x64
		{19F43E18-6630-4B0F-8C41-686DFD08B9A7}.Debug|x64.Build.0 = Debug|x64
		{19F43E18-6630-4B0F-8C41-686DFD08B9A7}.Debug|x86.ActiveCfg = Debug|Win32
		{19F43E18-6630-4B0F-8C41-686DFD08B9A7}.Debug|x86.Build.0 = Debug|Win32
		{19F43E18-6630-4B0F-8C41-686DFD08B9A7}.Release|x64.ActiveCfg = Release|x64
		{19F43E18-6630-4B0F-8C41-686DFD08B9A7}.Release|x64.Build.0 = Release|x64
		{19F43E18-6630-4B0F-8C41-686DFD08B9A7}.Release|x86.ActiveCfg = Release|Win32
		{19F43E18-6630-4B0F-8C41-686DFD08B9A7}.Release|x86.Build.0 = Release|Win32
		{2B7F104E-950D-40CD-9211-5DBAF93C2AD1}.Debug|x64.ActiveCfg = Debug|x64
		{2B7F104E-950D-40CD-9211-5DBAF93C2AD1}.Debug|x64.Build.0 = Debug|x64
		{2B7F104E-950D-40CD-9211-5DBAF93C2AD1}.Debug|x86.ActiveCfg = Debug|Win32
		{2B7F104E-950D-40CD-9211-5DBAF93C2AD1}.Debug|x86.Build.0 = Debug|Win32
		{2B7F104E-950D-40CD-9211-5DBAF93C2AD1}.Release|x64.ActiveCfg = Release|x64
		{2B7F104E-950D-40CD-9211-5DBAF93C2AD1}.Release|x64.Build.0 = Release|x64
		{2B7F104E-950D-40CD-9211-5DBAF93C2AD1}.Release|x86.ActiveCfg = Release|Win32
		{2B7F104E-950D-40CD-9211-5DBAF93C2AD1}.Release|x86.Build.0 = Release|Win32
		{6EEB8B5C-8DC0-4038-A688-9E42061AC5AE}.Debug|x64.ActiveCfg = Debug|x64
		{6EEB8B5C-8DC0-4038-A688-9E42061AC5AE}.Debug|x64.Build.0 = Debug|x64
		{6EEB8B5C-8DC0-4038-A688-9E42061AC5AE}.Debug|x86.ActiveCfg = Debug|Win32
		{6EEB8B5C-8DC0-4038-A688-9E42061AC5AE}.Debug|x86.Build.0 = Debug|Win32
		{6EEB8B5C-8DC0-4038-A688-9E42061AC5AE}.Release|x64.ActiveCfg = Release|x64
		{6EEB8B5C-8DC0-4038-A688-9E42061AC5AE}.Release|x64.Build.0 = Release|x64
		{6EEB8B5C-8DC0-4038-A688-9E42061AC5AE}.Release|x86.ActiveCfg = Release|Win32
		{6EEB8B5C-8DC0-4038-A688-9E42061AC5AE}.Release|x86.Build.0 = Release|Win32
		{34F7672E-A6DE-4355-BAE3-C5EE85C5215C}.Debug|x64.ActiveCfg = Debug|x64
		{34F7672E-A6DE-4355-BAE3-C5EE85C5215C}.Debug|x64.Build.0 = Debug|x64
		{34F7672E-A6DE-4355-BAE3-C5EE85C5215C}.Debug|x86.ActiveCfg = Debug|Win32
		{34F7672E-A6DE-4355-BAE3-C5EE85C5215C}.Debug|x86.Build.0 = Debug|Win32
		{34F7672E-A6DE-4355-BAE3-C5EE85C5215C}.Release|x64.ActiveCfg = Release|x64
		{34F7672E-A6DE-4355-BAE3-C5EE85C5215C}.Release|x64.Build.0 = Release|x64
		{34F7672E-A6DE-4355-BAE3-C5EE85C5215C}.Release|x86.ActiveCfg = Release|Win32
		{34F7672E-A6DE-4355-BAE3-C5EE85C5215C}.Release|x86.Build.0 = Release|Win32
		{022C27F2-614D-4594-B818-A16D0E76091F}.Debug|x64.ActiveCfg = Debug|x64
		{022C27F2-614D-4594-B818-A16D0E76091F}.Debug|x64.Build.0 = Debug|x64
		{022C27F2-614D-4594-B818-A16D0E76091F}.Debug|x86.ActiveCfg = Debug|Win32
		{022C27F2-614D-4594-B818-A16D0E76091F}.Debug|x86.Build.0 = Debug|Win32
		{022C27F2-614D-4594-B818-A16D0E76091F}.Release|x64.ActiveCfg = Release|x64
		{022C27F2-614D-4594-B818-A16D0E76091F}.Release|x64.Build.0 = Release|x64
		{022C27F2-614D-4594-B818-A16D0E76091F}.Release|x86.ActiveCfg = Release|Win32
		{022C27F2-614D-4594-B818-A16D0E76091F}.Release|x86.Build.0 = Release|Win32
		{9F25C84A-CCD3-4C49-A580-01082345CAE2}.Debug|x64.ActiveCfg = Debug|x64
		{9F25C84A-CCD3-4C49-A580-01082345CAE2}.Debug|x64.Build.0 = Debug|x64
		{9F25C84A-CCD3-4C49-A580-01082345CAE2}.Debug|x86.ActiveCfg = Debug|Win32
		{9F25C84A-CCD3-4C49-A580-01082345CAE2}.Debug|x86.Build.0 = Debug|Win32
		{9F25C84A-CCD3-4C49-A580-01082345CAE2}.Release|x64.ActiveCfg = Release|x64
		{9F25C84A-CCD3-4C49-A580-01082345CAE2}.Release|x64.Build.0 = Release|x64
		{9F25C84A-CCD3-4C49-A580-01082345CAE2}.Release|x86.ActiveCfg = Release|Win32
		{9F25C84A-CCD3-4C49-A580-01082345CAE2}.Release|x86.Build.0 = Release|Win32
		{0F0D82F0-C128-4305-B5B4-96D439B0FAF3}.Debug|x64.ActiveCfg = Debug|x64
		{0F0D82F0-C128-4305-B5B4-96D439B0FAF3}.Debug|x64.Build.0 = Debug|x64
		{0F0D82F0-C128-4305-B5B4-96D439B0FAF3}.Debug|x86.ActiveCfg = Debug|Win32
		{0F0D82F0-C128-4305-B5B4-96D439B0FAF3}.Debug|x86.Build.0 = Debug|Win32
		{0F0D82F0-C128-4305-B5B4-96D439B0FAF3}.Release|x64.ActiveCfg = Release|x64
		{0F0D82F0-C128-4305-B5B4-96D439B0FAF3}.Release|x64.Build.0 = Release|x64
		{0F0D82F0-C128-4305-B5B4-96D439B0FAF3}.Release|x86.ActiveCfg = Release|Win32
		{0F0D82F0-C128-4305-B5B4-96D439B0FAF3}.Release|x86.Build.0 = Release|Win32
	EndGlobalSection
	GlobalSection(SolutionProperties) = preSolution
		HideSolutionNode = FALSE
	EndGlobalSection
	GlobalSection(ExtensibilityGlobals) = postSolution
		SolutionGuid = {95F6A1A0-A500-4CD3-AEFD-7F5A6CF3A459}
	EndGlobalSection
EndGlobal
