
Microsoft Visual Studio Solution File, Format Version 12.00
# Visual Studio Version 16
VisualStudioVersion = 16.0.30621.155
MinimumVisualStudioVersion = 10.0.40219.1
Project("{8BC9CEB8-8B4A-11D0-8D11-00A0C91BC942}") = "Bai001", "Bai001\Bai001.vcxproj", "{DFFB735A-6C52-4059-B0D8-C852B8812EB8}"
EndProject
Project("{8BC9CEB8-8B4A-11D0-8D11-00A0C91BC942}") = "Bai002", "Bai002\Bai002.vcxproj", "{C5D9DF3A-7700-4D7E-92BB-E96090180194}"
EndProject
Project("{8BC9CEB8-8B4A-11D0-8D11-00A0C91BC942}") = "Bai003", "Bai003\Bai003.vcxproj", "{0B6F2BD2-F461-4C9B-A58B-3A92D87888F0}"
EndProject
Project("{8BC9CEB8-8B4A-11D0-8D11-00A0C91BC942}") = "Bai004", "Bai004\Bai004.vcxproj", "{415FEA24-CF51-48AA-B44C-0AFDBBF1E189}"
EndProject
Project("{8BC9CEB8-8B4A-11D0-8D11-00A0C91BC942}") = "Bai005", "Bai005\Bai005.vcxproj", "{DDA766CF-9D87-4834-A5E6-1E58DD1B6521}"
EndProject
Project("{8BC9CEB8-8B4A-11D0-8D11-00A0C91BC942}") = "Bai006", "Bai006\Bai006.vcxproj", "{D1B262B0-11E6-4100-82D2-699A4DDE6E1B}"
EndProject
Project("{8BC9CEB8-8B4A-11D0-8D11-00A0C91BC942}") = "Bai007", "Bai007\Bai007.vcxproj", "{B22DEB6B-554A-4733-89BE-74B99FA15C71}"
EndProject
Global
	GlobalSection(SolutionConfigurationPlatforms) = preSolution
		Debug|x64 = Debug|x64
		Debug|x86 = Debug|x86
		Release|x64 = Release|x64
		Release|x86 = Release|x86
	EndGlobalSection
	GlobalSection(ProjectConfigurationPlatforms) = postSolution
		{DFFB735A-6C52-4059-B0D8-C852B8812EB8}.Debug|x64.ActiveCfg = Debug|x64
		{DFFB735A-6C52-4059-B0D8-C852B8812EB8}.Debug|x64.Build.0 = Debug|x64
		{DFFB735A-6C52-4059-B0D8-C852B8812EB8}.Debug|x86.ActiveCfg = Debug|Win32
		{DFFB735A-6C52-4059-B0D8-C852B8812EB8}.Debug|x86.Build.0 = Debug|Win32
		{DFFB735A-6C52-4059-B0D8-C852B8812EB8}.Release|x64.ActiveCfg = Release|x64
		{DFFB735A-6C52-4059-B0D8-C852B8812EB8}.Release|x64.Build.0 = Release|x64
		{DFFB735A-6C52-4059-B0D8-C852B8812EB8}.Release|x86.ActiveCfg = Release|Win32
		{DFFB735A-6C52-4059-B0D8-C852B8812EB8}.Release|x86.Build.0 = Release|Win32
		{C5D9DF3A-7700-4D7E-92BB-E96090180194}.Debug|x64.ActiveCfg = Debug|x64
		{C5D9DF3A-7700-4D7E-92BB-E96090180194}.Debug|x64.Build.0 = Debug|x64
		{C5D9DF3A-7700-4D7E-92BB-E96090180194}.Debug|x86.ActiveCfg = Debug|Win32
		{C5D9DF3A-7700-4D7E-92BB-E96090180194}.Debug|x86.Build.0 = Debug|Win32
		{C5D9DF3A-7700-4D7E-92BB-E96090180194}.Release|x64.ActiveCfg = Release|x64
		{C5D9DF3A-7700-4D7E-92BB-E96090180194}.Release|x64.Build.0 = Release|x64
		{C5D9DF3A-7700-4D7E-92BB-E96090180194}.Release|x86.ActiveCfg = Release|Win32
		{C5D9DF3A-7700-4D7E-92BB-E96090180194}.Release|x86.Build.0 = Release|Win32
		{0B6F2BD2-F461-4C9B-A58B-3A92D87888F0}.Debug|x64.ActiveCfg = Debug|x64
		{0B6F2BD2-F461-4C9B-A58B-3A92D87888F0}.Debug|x64.Build.0 = Debug|x64
		{0B6F2BD2-F461-4C9B-A58B-3A92D87888F0}.Debug|x86.ActiveCfg = Debug|Win32
		{0B6F2BD2-F461-4C9B-A58B-3A92D87888F0}.Debug|x86.Build.0 = Debug|Win32
		{0B6F2BD2-F461-4C9B-A58B-3A92D87888F0}.Release|x64.ActiveCfg = Release|x64
		{0B6F2BD2-F461-4C9B-A58B-3A92D87888F0}.Release|x64.Build.0 = Release|x64
		{0B6F2BD2-F461-4C9B-A58B-3A92D87888F0}.Release|x86.ActiveCfg = Release|Win32
		{0B6F2BD2-F461-4C9B-A58B-3A92D87888F0}.Release|x86.Build.0 = Release|Win32
		{415FEA24-CF51-48AA-B44C-0AFDBBF1E189}.Debug|x64.ActiveCfg = Debug|x64
		{415FEA24-CF51-48AA-B44C-0AFDBBF1E189}.Debug|x64.Build.0 = Debug|x64
		{415FEA24-CF51-48AA-B44C-0AFDBBF1E189}.Debug|x86.ActiveCfg = Debug|Win32
		{415FEA24-CF51-48AA-B44C-0AFDBBF1E189}.Debug|x86.Build.0 = Debug|Win32
		{415FEA24-CF51-48AA-B44C-0AFDBBF1E189}.Release|x64.ActiveCfg = Release|x64
		{415FEA24-CF51-48AA-B44C-0AFDBBF1E189}.Release|x64.Build.0 = Release|x64
		{415FEA24-CF51-48AA-B44C-0AFDBBF1E189}.Release|x86.ActiveCfg = Release|Win32
		{415FEA24-CF51-48AA-B44C-0AFDBBF1E189}.Release|x86.Build.0 = Release|Win32
		{DDA766CF-9D87-4834-A5E6-1E58DD1B6521}.Debug|x64.ActiveCfg = Debug|x64
		{DDA766CF-9D87-4834-A5E6-1E58DD1B6521}.Debug|x64.Build.0 = Debug|x64
		{DDA766CF-9D87-4834-A5E6-1E58DD1B6521}.Debug|x86.ActiveCfg = Debug|Win32
		{DDA766CF-9D87-4834-A5E6-1E58DD1B6521}.Debug|x86.Build.0 = Debug|Win32
		{DDA766CF-9D87-4834-A5E6-1E58DD1B6521}.Release|x64.ActiveCfg = Release|x64
		{DDA766CF-9D87-4834-A5E6-1E58DD1B6521}.Release|x64.Build.0 = Release|x64
		{DDA766CF-9D87-4834-A5E6-1E58DD1B6521}.Release|x86.ActiveCfg = Release|Win32
		{DDA766CF-9D87-4834-A5E6-1E58DD1B6521}.Release|x86.Build.0 = Release|Win32
		{D1B262B0-11E6-4100-82D2-699A4DDE6E1B}.Debug|x64.ActiveCfg = Debug|x64
		{D1B262B0-11E6-4100-82D2-699A4DDE6E1B}.Debug|x64.Build.0 = Debug|x64
		{D1B262B0-11E6-4100-82D2-699A4DDE6E1B}.Debug|x86.ActiveCfg = Debug|Win32
		{D1B262B0-11E6-4100-82D2-699A4DDE6E1B}.Debug|x86.Build.0 = Debug|Win32
		{D1B262B0-11E6-4100-82D2-699A4DDE6E1B}.Release|x64.ActiveCfg = Release|x64
		{D1B262B0-11E6-4100-82D2-699A4DDE6E1B}.Release|x64.Build.0 = Release|x64
		{D1B262B0-11E6-4100-82D2-699A4DDE6E1B}.Release|x86.ActiveCfg = Release|Win32
		{D1B262B0-11E6-4100-82D2-699A4DDE6E1B}.Release|x86.Build.0 = Release|Win32
		{B22DEB6B-554A-4733-89BE-74B99FA15C71}.Debug|x64.ActiveCfg = Debug|x64
		{B22DEB6B-554A-4733-89BE-74B99FA15C71}.Debug|x64.Build.0 = Debug|x64
		{B22DEB6B-554A-4733-89BE-74B99FA15C71}.Debug|x86.ActiveCfg = Debug|Win32
		{B22DEB6B-554A-4733-89BE-74B99FA15C71}.Debug|x86.Build.0 = Debug|Win32
		{B22DEB6B-554A-4733-89BE-74B99FA15C71}.Release|x64.ActiveCfg = Release|x64
		{B22DEB6B-554A-4733-89BE-74B99FA15C71}.Release|x64.Build.0 = Release|x64
		{B22DEB6B-554A-4733-89BE-74B99FA15C71}.Release|x86.ActiveCfg = Release|Win32
		{B22DEB6B-554A-4733-89BE-74B99FA15C71}.Release|x86.Build.0 = Release|Win32
	EndGlobalSection
	GlobalSection(SolutionProperties) = preSolution
		HideSolutionNode = FALSE
	EndGlobalSection
	GlobalSection(ExtensibilityGlobals) = postSolution
		SolutionGuid = {8A92F058-1096-48CD-9559-453AA83B43B0}
	EndGlobalSection
EndGlobal
