
Microsoft Visual Studio Solution File, Format Version 12.00
# Visual Studio Version 16
VisualStudioVersion = 16.0.30621.155
MinimumVisualStudioVersion = 10.0.40219.1
Project("{8BC9CEB8-8B4A-11D0-8D11-00A0C91BC942}") = "Bai001", "Bai001\Bai001.vcxproj", "{F88ED988-B481-41EF-9B6E-2E682F289AF7}"
EndProject
Project("{8BC9CEB8-8B4A-11D0-8D11-00A0C91BC942}") = "Bai006", "Bai006\Bai006.vcxproj", "{7B0AFDDB-9CFE-4237-9074-ABF664BF1503}"
EndProject
Project("{8BC9CEB8-8B4A-11D0-8D11-00A0C91BC942}") = "Bai002,3,4,5", "Bai002,3,4,5\Bai002,3,4,5.vcxproj", "{0C634E6E-06E2-4086-9526-0707AA94B60C}"
EndProject
Project("{8BC9CEB8-8B4A-11D0-8D11-00A0C91BC942}") = "Bai007", "Bai007\Bai007.vcxproj", "{1D4B9EDB-F82B-4E55-9712-13257934B660}"
EndProject
Project("{8BC9CEB8-8B4A-11D0-8D11-00A0C91BC942}") = "Bai008,9", "Bai008,9\Bai008,9.vcxproj", "{0378CE91-6037-4C8D-9A86-B2FFB2F89EEC}"
EndProject
Project("{8BC9CEB8-8B4A-11D0-8D11-00A0C91BC942}") = "Bai010,11", "Bai010,11\Bai010,11.vcxproj", "{0E8B3EFE-6027-4940-9EFF-D7AF3F750B28}"
EndProject
Project("{8BC9CEB8-8B4A-11D0-8D11-00A0C91BC942}") = "Bai012,13,14,15,16,17,18,19,20,21", "Bai012,13,14,15,16,17,18,19,20,21\Bai012,13,14,15,16,17,18,19,20,21.vcxproj", "{F1068F83-50ED-41C0-9594-C6869C2D6C2F}"
EndProject
Project("{8BC9CEB8-8B4A-11D0-8D11-00A0C91BC942}") = "Bai022,23,24", "Bai022,23,24\Bai022,23,24.vcxproj", "{7AFF41E3-DB3F-42FB-BF78-C5E6482131C0}"
EndProject
Project("{8BC9CEB8-8B4A-11D0-8D11-00A0C91BC942}") = "Bai025,26", "Bai025,26\Bai025,26.vcxproj", "{F02905B9-1A60-4C64-904E-080C8B98897D}"
EndProject
Project("{8BC9CEB8-8B4A-11D0-8D11-00A0C91BC942}") = "Bai027,28,29,30,31,32,33,34,35", "Bai027,28,29,30,31,32,33,34,35\Bai027,28,29,30,31,32,33,34,35.vcxproj", "{6B616A0E-FF2C-4F29-8F66-F59E408C1E1F}"
EndProject
Project("{8BC9CEB8-8B4A-11D0-8D11-00A0C91BC942}") = "Bai036", "Bai036\Bai036.vcxproj", "{99A6272A-6AD8-4F21-ACE2-CB9EB2B3C98B}"
EndProject
Project("{8BC9CEB8-8B4A-11D0-8D11-00A0C91BC942}") = "Bai037,38,39,40,41,42,43,44,45,46,47", "Bai037,38,39,40,41,42,43,44,45,46,47\Bai037,38,39,40,41,42,43,44,45,46,47.vcxproj", "{67B0B177-CF43-49E7-A17F-D2F6ED277DD6}"
EndProject
Project("{8BC9CEB8-8B4A-11D0-8D11-00A0C91BC942}") = "Bai048", "Bai048\Bai048.vcxproj", "{80D3B7B7-09EF-4C36-9F12-F0AECB0E30E2}"
EndProject
Project("{8BC9CEB8-8B4A-11D0-8D11-00A0C91BC942}") = "Bai049,50,51,52,53,54,55,56,57", "Bai049,50,51,52,53,54,55,56,57\Bai049,50,51,52,53,54,55,56,57.vcxproj", "{D6A40DD5-AFEC-4F90-B147-13AD1748AC1A}"
EndProject
Project("{8BC9CEB8-8B4A-11D0-8D11-00A0C91BC942}") = "Bai058,59,60,61,62,63,64,65,66,67", "Bai058,59,60,61,62,63,64,65,66,67\Bai058,59,60,61,62,63,64,65,66,67.vcxproj", "{FE41A4B5-B132-459E-B533-A3957FF04239}"
EndProject
Project("{8BC9CEB8-8B4A-11D0-8D11-00A0C91BC942}") = "Bai068", "Bai068\Bai068.vcxproj", "{5467D939-BDB7-4A2D-8AB7-94D790C4C95B}"
EndProject
Project("{8BC9CEB8-8B4A-11D0-8D11-00A0C91BC942}") = "Bai069,70,71", "Bai069,70,71\Bai069,70,71.vcxproj", "{EDB5CA83-64DE-46A3-8C8A-DE20F09CD631}"
EndProject
Project("{8BC9CEB8-8B4A-11D0-8D11-00A0C91BC942}") = "Bai072", "Bai072\Bai072.vcxproj", "{F53FC567-63B3-476C-9859-50FCDB5BEE97}"
EndProject
Project("{8BC9CEB8-8B4A-11D0-8D11-00A0C91BC942}") = "Bai077", "Bai077\Bai077.vcxproj", "{A6392DF6-6086-44AB-A49A-3338B9350E2F}"
EndProject
Project("{8BC9CEB8-8B4A-11D0-8D11-00A0C91BC942}") = "Bai078", "Bai078\Bai078.vcxproj", "{4545EE18-2CF7-491E-ABC0-D51C81031F9A}"
EndProject
Project("{8BC9CEB8-8B4A-11D0-8D11-00A0C91BC942}") = "Bai079", "Bai079\Bai079.vcxproj", "{FAB12A05-7FDB-44DE-A1AF-9CA3D13F8B86}"
EndProject
Project("{8BC9CEB8-8B4A-11D0-8D11-00A0C91BC942}") = "Bai080,81,82,83,84,85,86,87", "Bai080,81,82,83,84,85,86,87\Bai080,81,82,83,84,85,86,87.vcxproj", "{8F2B820D-9F96-430C-93B2-811DD96F3254}"
EndProject
Project("{8BC9CEB8-8B4A-11D0-8D11-00A0C91BC942}") = "Bai088", "Bai088\Bai088.vcxproj", "{1B1BAB2A-9832-4E67-A0C1-093CB3419F1D}"
EndProject
Project("{8BC9CEB8-8B4A-11D0-8D11-00A0C91BC942}") = "Bai089,90,91,92", "Bai089,90,91,92\Bai089,90,91,92.vcxproj", "{9C2A1939-C72F-4CBB-819D-2E246822E1EA}"
EndProject
Project("{8BC9CEB8-8B4A-11D0-8D11-00A0C91BC942}") = "Bai093,94,95,96,97,98,99,100", "Bai093,94,95,96,97,98,99,100\Bai093,94,95,96,97,98,99,100.vcxproj", "{A160D32E-DA2C-4ED2-A788-DAF947813403}"
EndProject
Project("{8BC9CEB8-8B4A-11D0-8D11-00A0C91BC942}") = "Bai101,102,103,104,105,106,107,108,109,110,111,112", "Bai101,102,103,104,105,106,107,108,109,110,111,112\Bai101,102,103,104,105,106,107,108,109,110,111,112.vcxproj", "{F8BA91A3-D60D-4AA8-A868-92DC7021A31F}"
EndProject
Project("{8BC9CEB8-8B4A-11D0-8D11-00A0C91BC942}") = "Bai113,114,115,116,117,118,119,120,121,122,123,124", "Bai113,114,115,116,117,118,119,120,121,122,123,124\Bai113,114,115,116,117,118,119,120,121,122,123,124.vcxproj", "{7B70C0AE-A531-49DE-8325-0228DD96B930}"
EndProject
Project("{8BC9CEB8-8B4A-11D0-8D11-00A0C91BC942}") = "Bai125,126,127,128", "Bai125,126,127,128\Bai125,126,127,128.vcxproj", "{CC36E1BE-90FE-493D-BDA8-EC02B329B83D}"
EndProject
Project("{8BC9CEB8-8B4A-11D0-8D11-00A0C91BC942}") = "Bai129", "Bai129\Bai129.vcxproj", "{491C2236-7443-44FD-9D0B-48257F6C5EB7}"
EndProject
Project("{8BC9CEB8-8B4A-11D0-8D11-00A0C91BC942}") = "Bai130", "Bai130\Bai130.vcxproj", "{E745F15C-CC81-4CEA-9C07-D4B3E325ED66}"
EndProject
Project("{8BC9CEB8-8B4A-11D0-8D11-00A0C91BC942}") = "Bai131", "Bai131\Bai131.vcxproj", "{EF0F64C7-FF10-427C-B2DF-3BAB30CBE742}"
EndProject
Project("{8BC9CEB8-8B4A-11D0-8D11-00A0C91BC942}") = "Bai132", "Bai132\Bai132.vcxproj", "{BF81D26D-8D54-4CF5-AA65-D9FE28A4094F}"
EndProject
Project("{8BC9CEB8-8B4A-11D0-8D11-00A0C91BC942}") = "Bai133,134", "Bai133,134\Bai133,134.vcxproj", "{917217E2-0F86-4A26-B7EC-ACF3D7F00DF9}"
EndProject
Project("{8BC9CEB8-8B4A-11D0-8D11-00A0C91BC942}") = "Bai135", "Bai135\Bai135.vcxproj", "{536F688F-B74B-4623-86AD-6A9BA6395760}"
EndProject
Project("{8BC9CEB8-8B4A-11D0-8D11-00A0C91BC942}") = "Bai136", "Bai136\Bai136.vcxproj", "{770A60B9-DCEF-4F71-A3AB-32AE8A0AA197}"
EndProject
Project("{8BC9CEB8-8B4A-11D0-8D11-00A0C91BC942}") = "Bai137,138", "Bai137,138\Bai137,138.vcxproj", "{59215E3A-C783-420C-AE63-E7E31AE7D554}"
EndProject
Project("{8BC9CEB8-8B4A-11D0-8D11-00A0C91BC942}") = "Bai139", "Bai139\Bai139.vcxproj", "{31CF48DC-6A30-484C-AE4F-12069D0755F4}"
EndProject
Project("{8BC9CEB8-8B4A-11D0-8D11-00A0C91BC942}") = "Bai140", "Bai140\Bai140.vcxproj", "{20F302AD-EFDD-44D8-922E-5E1558495BBD}"
EndProject
Project("{8BC9CEB8-8B4A-11D0-8D11-00A0C91BC942}") = "Bai141,142,143,144,145,146,147,148", "Bai141,142,143,144,145,146,147,148\Bai141,142,143,144,145,146,147,148.vcxproj", "{1F5DACEB-2AE6-473D-A072-8841FFE51035}"
EndProject
Project("{8BC9CEB8-8B4A-11D0-8D11-00A0C91BC942}") = "Bai149,150", "Bai149,150\Bai149,150.vcxproj", "{627A9B12-C79D-4F7E-A89A-22398C8AF5FC}"
EndProject
Project("{8BC9CEB8-8B4A-11D0-8D11-00A0C91BC942}") = "Bai151,152,153,154", "Bai151,152,153,154\Bai151,152,153,154.vcxproj", "{29B78FEC-14AB-418F-960E-8EE1DF0CFE57}"
EndProject
Project("{8BC9CEB8-8B4A-11D0-8D11-00A0C91BC942}") = "Bai155,156,157", "Bai155,156,157\Bai155,156,157.vcxproj", "{BF19D207-E103-4BD4-A113-062CE3B85F0F}"
EndProject
Project("{8BC9CEB8-8B4A-11D0-8D11-00A0C91BC942}") = "Bai158,159,160", "Bai158,159,160\Bai158,159,160.vcxproj", "{3E8722B9-EEB3-4852-B594-B7F96D96F9CE}"
EndProject
Project("{8BC9CEB8-8B4A-11D0-8D11-00A0C91BC942}") = "Bai161,162", "Bai161,162\Bai161,162.vcxproj", "{0966A71E-DCB9-4693-8E46-525EF9A4905D}"
EndProject
Project("{8BC9CEB8-8B4A-11D0-8D11-00A0C91BC942}") = "Bai163", "Bai163\Bai163.vcxproj", "{410A9847-D462-46E6-9FC4-B1B517332C71}"
EndProject
Project("{8BC9CEB8-8B4A-11D0-8D11-00A0C91BC942}") = "Bai164", "Bai164\Bai164.vcxproj", "{48EC27C0-737C-4675-9AC3-4DC30E5392E1}"
EndProject
Project("{8BC9CEB8-8B4A-11D0-8D11-00A0C91BC942}") = "Bai165,166,167", "Bai165,166,167\Bai165,166,167.vcxproj", "{B21A6273-F6A7-4CFB-8194-E968996725A4}"
EndProject
Project("{8BC9CEB8-8B4A-11D0-8D11-00A0C91BC942}") = "Bai073,74,75,76", "Bai073,74,75,76\Bai073,74,75,76.vcxproj", "{450EF65B-E5DE-46A1-AFBE-CD82AB9EFCE8}"
EndProject
Global
	GlobalSection(SolutionConfigurationPlatforms) = preSolution
		Debug|x64 = Debug|x64
		Debug|x86 = Debug|x86
		Release|x64 = Release|x64
		Release|x86 = Release|x86
	EndGlobalSection
	GlobalSection(ProjectConfigurationPlatforms) = postSolution
		{F88ED988-B481-41EF-9B6E-2E682F289AF7}.Debug|x64.ActiveCfg = Debug|x64
		{F88ED988-B481-41EF-9B6E-2E682F289AF7}.Debug|x64.Build.0 = Debug|x64
		{F88ED988-B481-41EF-9B6E-2E682F289AF7}.Debug|x86.ActiveCfg = Debug|Win32
		{F88ED988-B481-41EF-9B6E-2E682F289AF7}.Debug|x86.Build.0 = Debug|Win32
		{F88ED988-B481-41EF-9B6E-2E682F289AF7}.Release|x64.ActiveCfg = Release|x64
		{F88ED988-B481-41EF-9B6E-2E682F289AF7}.Release|x64.Build.0 = Release|x64
		{F88ED988-B481-41EF-9B6E-2E682F289AF7}.Release|x86.ActiveCfg = Release|Win32
		{F88ED988-B481-41EF-9B6E-2E682F289AF7}.Release|x86.Build.0 = Release|Win32
		{7B0AFDDB-9CFE-4237-9074-ABF664BF1503}.Debug|x64.ActiveCfg = Debug|x64
		{7B0AFDDB-9CFE-4237-9074-ABF664BF1503}.Debug|x64.Build.0 = Debug|x64
		{7B0AFDDB-9CFE-4237-9074-ABF664BF1503}.Debug|x86.ActiveCfg = Debug|Win32
		{7B0AFDDB-9CFE-4237-9074-ABF664BF1503}.Debug|x86.Build.0 = Debug|Win32
		{7B0AFDDB-9CFE-4237-9074-ABF664BF1503}.Release|x64.ActiveCfg = Release|x64
		{7B0AFDDB-9CFE-4237-9074-ABF664BF1503}.Release|x64.Build.0 = Release|x64
		{7B0AFDDB-9CFE-4237-9074-ABF664BF1503}.Release|x86.ActiveCfg = Release|Win32
		{7B0AFDDB-9CFE-4237-9074-ABF664BF1503}.Release|x86.Build.0 = Release|Win32
		{0C634E6E-06E2-4086-9526-0707AA94B60C}.Debug|x64.ActiveCfg = Debug|x64
		{0C634E6E-06E2-4086-9526-0707AA94B60C}.Debug|x64.Build.0 = Debug|x64
		{0C634E6E-06E2-4086-9526-0707AA94B60C}.Debug|x86.ActiveCfg = Debug|Win32
		{0C634E6E-06E2-4086-9526-0707AA94B60C}.Debug|x86.Build.0 = Debug|Win32
		{0C634E6E-06E2-4086-9526-0707AA94B60C}.Release|x64.ActiveCfg = Release|x64
		{0C634E6E-06E2-4086-9526-0707AA94B60C}.Release|x64.Build.0 = Release|x64
		{0C634E6E-06E2-4086-9526-0707AA94B60C}.Release|x86.ActiveCfg = Release|Win32
		{0C634E6E-06E2-4086-9526-0707AA94B60C}.Release|x86.Build.0 = Release|Win32
		{1D4B9EDB-F82B-4E55-9712-13257934B660}.Debug|x64.ActiveCfg = Debug|x64
		{1D4B9EDB-F82B-4E55-9712-13257934B660}.Debug|x64.Build.0 = Debug|x64
		{1D4B9EDB-F82B-4E55-9712-13257934B660}.Debug|x86.ActiveCfg = Debug|Win32
		{1D4B9EDB-F82B-4E55-9712-13257934B660}.Debug|x86.Build.0 = Debug|Win32
		{1D4B9EDB-F82B-4E55-9712-13257934B660}.Release|x64.ActiveCfg = Release|x64
		{1D4B9EDB-F82B-4E55-9712-13257934B660}.Release|x64.Build.0 = Release|x64
		{1D4B9EDB-F82B-4E55-9712-13257934B660}.Release|x86.ActiveCfg = Release|Win32
		{1D4B9EDB-F82B-4E55-9712-13257934B660}.Release|x86.Build.0 = Release|Win32
		{0378CE91-6037-4C8D-9A86-B2FFB2F89EEC}.Debug|x64.ActiveCfg = Debug|x64
		{0378CE91-6037-4C8D-9A86-B2FFB2F89EEC}.Debug|x64.Build.0 = Debug|x64
		{0378CE91-6037-4C8D-9A86-B2FFB2F89EEC}.Debug|x86.ActiveCfg = Debug|Win32
		{0378CE91-6037-4C8D-9A86-B2FFB2F89EEC}.Debug|x86.Build.0 = Debug|Win32
		{0378CE91-6037-4C8D-9A86-B2FFB2F89EEC}.Release|x64.ActiveCfg = Release|x64
		{0378CE91-6037-4C8D-9A86-B2FFB2F89EEC}.Release|x64.Build.0 = Release|x64
		{0378CE91-6037-4C8D-9A86-B2FFB2F89EEC}.Release|x86.ActiveCfg = Release|Win32
		{0378CE91-6037-4C8D-9A86-B2FFB2F89EEC}.Release|x86.Build.0 = Release|Win32
		{0E8B3EFE-6027-4940-9EFF-D7AF3F750B28}.Debug|x64.ActiveCfg = Debug|x64
		{0E8B3EFE-6027-4940-9EFF-D7AF3F750B28}.Debug|x64.Build.0 = Debug|x64
		{0E8B3EFE-6027-4940-9EFF-D7AF3F750B28}.Debug|x86.ActiveCfg = Debug|Win32
		{0E8B3EFE-6027-4940-9EFF-D7AF3F750B28}.Debug|x86.Build.0 = Debug|Win32
		{0E8B3EFE-6027-4940-9EFF-D7AF3F750B28}.Release|x64.ActiveCfg = Release|x64
		{0E8B3EFE-6027-4940-9EFF-D7AF3F750B28}.Release|x64.Build.0 = Release|x64
		{0E8B3EFE-6027-4940-9EFF-D7AF3F750B28}.Release|x86.ActiveCfg = Release|Win32
		{0E8B3EFE-6027-4940-9EFF-D7AF3F750B28}.Release|x86.Build.0 = Release|Win32
		{F1068F83-50ED-41C0-9594-C6869C2D6C2F}.Debug|x64.ActiveCfg = Debug|x64
		{F1068F83-50ED-41C0-9594-C6869C2D6C2F}.Debug|x64.Build.0 = Debug|x64
		{F1068F83-50ED-41C0-9594-C6869C2D6C2F}.Debug|x86.ActiveCfg = Debug|Win32
		{F1068F83-50ED-41C0-9594-C6869C2D6C2F}.Debug|x86.Build.0 = Debug|Win32
		{F1068F83-50ED-41C0-9594-C6869C2D6C2F}.Release|x64.ActiveCfg = Release|x64
		{F1068F83-50ED-41C0-9594-C6869C2D6C2F}.Release|x64.Build.0 = Release|x64
		{F1068F83-50ED-41C0-9594-C6869C2D6C2F}.Release|x86.ActiveCfg = Release|Win32
		{F1068F83-50ED-41C0-9594-C6869C2D6C2F}.Release|x86.Build.0 = Release|Win32
		{7AFF41E3-DB3F-42FB-BF78-C5E6482131C0}.Debug|x64.ActiveCfg = Debug|x64
		{7AFF41E3-DB3F-42FB-BF78-C5E6482131C0}.Debug|x64.Build.0 = Debug|x64
		{7AFF41E3-DB3F-42FB-BF78-C5E6482131C0}.Debug|x86.ActiveCfg = Debug|Win32
		{7AFF41E3-DB3F-42FB-BF78-C5E6482131C0}.Debug|x86.Build.0 = Debug|Win32
		{7AFF41E3-DB3F-42FB-BF78-C5E6482131C0}.Release|x64.ActiveCfg = Release|x64
		{7AFF41E3-DB3F-42FB-BF78-C5E6482131C0}.Release|x64.Build.0 = Release|x64
		{7AFF41E3-DB3F-42FB-BF78-C5E6482131C0}.Release|x86.ActiveCfg = Release|Win32
		{7AFF41E3-DB3F-42FB-BF78-C5E6482131C0}.Release|x86.Build.0 = Release|Win32
		{F02905B9-1A60-4C64-904E-080C8B98897D}.Debug|x64.ActiveCfg = Debug|x64
		{F02905B9-1A60-4C64-904E-080C8B98897D}.Debug|x64.Build.0 = Debug|x64
		{F02905B9-1A60-4C64-904E-080C8B98897D}.Debug|x86.ActiveCfg = Debug|Win32
		{F02905B9-1A60-4C64-904E-080C8B98897D}.Debug|x86.Build.0 = Debug|Win32
		{F02905B9-1A60-4C64-904E-080C8B98897D}.Release|x64.ActiveCfg = Release|x64
		{F02905B9-1A60-4C64-904E-080C8B98897D}.Release|x64.Build.0 = Release|x64
		{F02905B9-1A60-4C64-904E-080C8B98897D}.Release|x86.ActiveCfg = Release|Win32
		{F02905B9-1A60-4C64-904E-080C8B98897D}.Release|x86.Build.0 = Release|Win32
		{6B616A0E-FF2C-4F29-8F66-F59E408C1E1F}.Debug|x64.ActiveCfg = Debug|x64
		{6B616A0E-FF2C-4F29-8F66-F59E408C1E1F}.Debug|x64.Build.0 = Debug|x64
		{6B616A0E-FF2C-4F29-8F66-F59E408C1E1F}.Debug|x86.ActiveCfg = Debug|Win32
		{6B616A0E-FF2C-4F29-8F66-F59E408C1E1F}.Debug|x86.Build.0 = Debug|Win32
		{6B616A0E-FF2C-4F29-8F66-F59E408C1E1F}.Release|x64.ActiveCfg = Release|x64
		{6B616A0E-FF2C-4F29-8F66-F59E408C1E1F}.Release|x64.Build.0 = Release|x64
		{6B616A0E-FF2C-4F29-8F66-F59E408C1E1F}.Release|x86.ActiveCfg = Release|Win32
		{6B616A0E-FF2C-4F29-8F66-F59E408C1E1F}.Release|x86.Build.0 = Release|Win32
		{99A6272A-6AD8-4F21-ACE2-CB9EB2B3C98B}.Debug|x64.ActiveCfg = Debug|x64
		{99A6272A-6AD8-4F21-ACE2-CB9EB2B3C98B}.Debug|x64.Build.0 = Debug|x64
		{99A6272A-6AD8-4F21-ACE2-CB9EB2B3C98B}.Debug|x86.ActiveCfg = Debug|Win32
		{99A6272A-6AD8-4F21-ACE2-CB9EB2B3C98B}.Debug|x86.Build.0 = Debug|Win32
		{99A6272A-6AD8-4F21-ACE2-CB9EB2B3C98B}.Release|x64.ActiveCfg = Release|x64
		{99A6272A-6AD8-4F21-ACE2-CB9EB2B3C98B}.Release|x64.Build.0 = Release|x64
		{99A6272A-6AD8-4F21-ACE2-CB9EB2B3C98B}.Release|x86.ActiveCfg = Release|Win32
		{99A6272A-6AD8-4F21-ACE2-CB9EB2B3C98B}.Release|x86.Build.0 = Release|Win32
		{67B0B177-CF43-49E7-A17F-D2F6ED277DD6}.Debug|x64.ActiveCfg = Debug|x64
		{67B0B177-CF43-49E7-A17F-D2F6ED277DD6}.Debug|x64.Build.0 = Debug|x64
		{67B0B177-CF43-49E7-A17F-D2F6ED277DD6}.Debug|x86.ActiveCfg = Debug|Win32
		{67B0B177-CF43-49E7-A17F-D2F6ED277DD6}.Debug|x86.Build.0 = Debug|Win32
		{67B0B177-CF43-49E7-A17F-D2F6ED277DD6}.Release|x64.ActiveCfg = Release|x64
		{67B0B177-CF43-49E7-A17F-D2F6ED277DD6}.Release|x64.Build.0 = Release|x64
		{67B0B177-CF43-49E7-A17F-D2F6ED277DD6}.Release|x86.ActiveCfg = Release|Win32
		{67B0B177-CF43-49E7-A17F-D2F6ED277DD6}.Release|x86.Build.0 = Release|Win32
		{80D3B7B7-09EF-4C36-9F12-F0AECB0E30E2}.Debug|x64.ActiveCfg = Debug|x64
		{80D3B7B7-09EF-4C36-9F12-F0AECB0E30E2}.Debug|x64.Build.0 = Debug|x64
		{80D3B7B7-09EF-4C36-9F12-F0AECB0E30E2}.Debug|x86.ActiveCfg = Debug|Win32
		{80D3B7B7-09EF-4C36-9F12-F0AECB0E30E2}.Debug|x86.Build.0 = Debug|Win32
		{80D3B7B7-09EF-4C36-9F12-F0AECB0E30E2}.Release|x64.ActiveCfg = Release|x64
		{80D3B7B7-09EF-4C36-9F12-F0AECB0E30E2}.Release|x64.Build.0 = Release|x64
		{80D3B7B7-09EF-4C36-9F12-F0AECB0E30E2}.Release|x86.ActiveCfg = Release|Win32
		{80D3B7B7-09EF-4C36-9F12-F0AECB0E30E2}.Release|x86.Build.0 = Release|Win32
		{D6A40DD5-AFEC-4F90-B147-13AD1748AC1A}.Debug|x64.ActiveCfg = Debug|x64
		{D6A40DD5-AFEC-4F90-B147-13AD1748AC1A}.Debug|x64.Build.0 = Debug|x64
		{D6A40DD5-AFEC-4F90-B147-13AD1748AC1A}.Debug|x86.ActiveCfg = Debug|Win32
		{D6A40DD5-AFEC-4F90-B147-13AD1748AC1A}.Debug|x86.Build.0 = Debug|Win32
		{D6A40DD5-AFEC-4F90-B147-13AD1748AC1A}.Release|x64.ActiveCfg = Release|x64
		{D6A40DD5-AFEC-4F90-B147-13AD1748AC1A}.Release|x64.Build.0 = Release|x64
		{D6A40DD5-AFEC-4F90-B147-13AD1748AC1A}.Release|x86.ActiveCfg = Release|Win32
		{D6A40DD5-AFEC-4F90-B147-13AD1748AC1A}.Release|x86.Build.0 = Release|Win32
		{FE41A4B5-B132-459E-B533-A3957FF04239}.Debug|x64.ActiveCfg = Debug|x64
		{FE41A4B5-B132-459E-B533-A3957FF04239}.Debug|x64.Build.0 = Debug|x64
		{FE41A4B5-B132-459E-B533-A3957FF04239}.Debug|x86.ActiveCfg = Debug|Win32
		{FE41A4B5-B132-459E-B533-A3957FF04239}.Debug|x86.Build.0 = Debug|Win32
		{FE41A4B5-B132-459E-B533-A3957FF04239}.Release|x64.ActiveCfg = Release|x64
		{FE41A4B5-B132-459E-B533-A3957FF04239}.Release|x64.Build.0 = Release|x64
		{FE41A4B5-B132-459E-B533-A3957FF04239}.Release|x86.ActiveCfg = Release|Win32
		{FE41A4B5-B132-459E-B533-A3957FF04239}.Release|x86.Build.0 = Release|Win32
		{5467D939-BDB7-4A2D-8AB7-94D790C4C95B}.Debug|x64.ActiveCfg = Debug|x64
		{5467D939-BDB7-4A2D-8AB7-94D790C4C95B}.Debug|x64.Build.0 = Debug|x64
		{5467D939-BDB7-4A2D-8AB7-94D790C4C95B}.Debug|x86.ActiveCfg = Debug|Win32
		{5467D939-BDB7-4A2D-8AB7-94D790C4C95B}.Debug|x86.Build.0 = Debug|Win32
		{5467D939-BDB7-4A2D-8AB7-94D790C4C95B}.Release|x64.ActiveCfg = Release|x64
		{5467D939-BDB7-4A2D-8AB7-94D790C4C95B}.Release|x64.Build.0 = Release|x64
		{5467D939-BDB7-4A2D-8AB7-94D790C4C95B}.Release|x86.ActiveCfg = Release|Win32
		{5467D939-BDB7-4A2D-8AB7-94D790C4C95B}.Release|x86.Build.0 = Release|Win32
		{EDB5CA83-64DE-46A3-8C8A-DE20F09CD631}.Debug|x64.ActiveCfg = Debug|x64
		{EDB5CA83-64DE-46A3-8C8A-DE20F09CD631}.Debug|x64.Build.0 = Debug|x64
		{EDB5CA83-64DE-46A3-8C8A-DE20F09CD631}.Debug|x86.ActiveCfg = Debug|Win32
		{EDB5CA83-64DE-46A3-8C8A-DE20F09CD631}.Debug|x86.Build.0 = Debug|Win32
		{EDB5CA83-64DE-46A3-8C8A-DE20F09CD631}.Release|x64.ActiveCfg = Release|x64
		{EDB5CA83-64DE-46A3-8C8A-DE20F09CD631}.Release|x64.Build.0 = Release|x64
		{EDB5CA83-64DE-46A3-8C8A-DE20F09CD631}.Release|x86.ActiveCfg = Release|Win32
		{EDB5CA83-64DE-46A3-8C8A-DE20F09CD631}.Release|x86.Build.0 = Release|Win32
		{F53FC567-63B3-476C-9859-50FCDB5BEE97}.Debug|x64.ActiveCfg = Debug|x64
		{F53FC567-63B3-476C-9859-50FCDB5BEE97}.Debug|x64.Build.0 = Debug|x64
		{F53FC567-63B3-476C-9859-50FCDB5BEE97}.Debug|x86.ActiveCfg = Debug|Win32
		{F53FC567-63B3-476C-9859-50FCDB5BEE97}.Debug|x86.Build.0 = Debug|Win32
		{F53FC567-63B3-476C-9859-50FCDB5BEE97}.Release|x64.ActiveCfg = Release|x64
		{F53FC567-63B3-476C-9859-50FCDB5BEE97}.Release|x64.Build.0 = Release|x64
		{F53FC567-63B3-476C-9859-50FCDB5BEE97}.Release|x86.ActiveCfg = Release|Win32
		{F53FC567-63B3-476C-9859-50FCDB5BEE97}.Release|x86.Build.0 = Release|Win32
		{A6392DF6-6086-44AB-A49A-3338B9350E2F}.Debug|x64.ActiveCfg = Debug|x64
		{A6392DF6-6086-44AB-A49A-3338B9350E2F}.Debug|x64.Build.0 = Debug|x64
		{A6392DF6-6086-44AB-A49A-3338B9350E2F}.Debug|x86.ActiveCfg = Debug|Win32
		{A6392DF6-6086-44AB-A49A-3338B9350E2F}.Debug|x86.Build.0 = Debug|Win32
		{A6392DF6-6086-44AB-A49A-3338B9350E2F}.Release|x64.ActiveCfg = Release|x64
		{A6392DF6-6086-44AB-A49A-3338B9350E2F}.Release|x64.Build.0 = Release|x64
		{A6392DF6-6086-44AB-A49A-3338B9350E2F}.Release|x86.ActiveCfg = Release|Win32
		{A6392DF6-6086-44AB-A49A-3338B9350E2F}.Release|x86.Build.0 = Release|Win32
		{4545EE18-2CF7-491E-ABC0-D51C81031F9A}.Debug|x64.ActiveCfg = Debug|x64
		{4545EE18-2CF7-491E-ABC0-D51C81031F9A}.Debug|x64.Build.0 = Debug|x64
		{4545EE18-2CF7-491E-ABC0-D51C81031F9A}.Debug|x86.ActiveCfg = Debug|Win32
		{4545EE18-2CF7-491E-ABC0-D51C81031F9A}.Debug|x86.Build.0 = Debug|Win32
		{4545EE18-2CF7-491E-ABC0-D51C81031F9A}.Release|x64.ActiveCfg = Release|x64
		{4545EE18-2CF7-491E-ABC0-D51C81031F9A}.Release|x64.Build.0 = Release|x64
		{4545EE18-2CF7-491E-ABC0-D51C81031F9A}.Release|x86.ActiveCfg = Release|Win32
		{4545EE18-2CF7-491E-ABC0-D51C81031F9A}.Release|x86.Build.0 = Release|Win32
		{FAB12A05-7FDB-44DE-A1AF-9CA3D13F8B86}.Debug|x64.ActiveCfg = Debug|x64
		{FAB12A05-7FDB-44DE-A1AF-9CA3D13F8B86}.Debug|x64.Build.0 = Debug|x64
		{FAB12A05-7FDB-44DE-A1AF-9CA3D13F8B86}.Debug|x86.ActiveCfg = Debug|Win32
		{FAB12A05-7FDB-44DE-A1AF-9CA3D13F8B86}.Debug|x86.Build.0 = Debug|Win32
		{FAB12A05-7FDB-44DE-A1AF-9CA3D13F8B86}.Release|x64.ActiveCfg = Release|x64
		{FAB12A05-7FDB-44DE-A1AF-9CA3D13F8B86}.Release|x64.Build.0 = Release|x64
		{FAB12A05-7FDB-44DE-A1AF-9CA3D13F8B86}.Release|x86.ActiveCfg = Release|Win32
		{FAB12A05-7FDB-44DE-A1AF-9CA3D13F8B86}.Release|x86.Build.0 = Release|Win32
		{8F2B820D-9F96-430C-93B2-811DD96F3254}.Debug|x64.ActiveCfg = Debug|x64
		{8F2B820D-9F96-430C-93B2-811DD96F3254}.Debug|x64.Build.0 = Debug|x64
		{8F2B820D-9F96-430C-93B2-811DD96F3254}.Debug|x86.ActiveCfg = Debug|Win32
		{8F2B820D-9F96-430C-93B2-811DD96F3254}.Debug|x86.Build.0 = Debug|Win32
		{8F2B820D-9F96-430C-93B2-811DD96F3254}.Release|x64.ActiveCfg = Release|x64
		{8F2B820D-9F96-430C-93B2-811DD96F3254}.Release|x64.Build.0 = Release|x64
		{8F2B820D-9F96-430C-93B2-811DD96F3254}.Release|x86.ActiveCfg = Release|Win32
		{8F2B820D-9F96-430C-93B2-811DD96F3254}.Release|x86.Build.0 = Release|Win32
		{1B1BAB2A-9832-4E67-A0C1-093CB3419F1D}.Debug|x64.ActiveCfg = Debug|x64
		{1B1BAB2A-9832-4E67-A0C1-093CB3419F1D}.Debug|x64.Build.0 = Debug|x64
		{1B1BAB2A-9832-4E67-A0C1-093CB3419F1D}.Debug|x86.ActiveCfg = Debug|Win32
		{1B1BAB2A-9832-4E67-A0C1-093CB3419F1D}.Debug|x86.Build.0 = Debug|Win32
		{1B1BAB2A-9832-4E67-A0C1-093CB3419F1D}.Release|x64.ActiveCfg = Release|x64
		{1B1BAB2A-9832-4E67-A0C1-093CB3419F1D}.Release|x64.Build.0 = Release|x64
		{1B1BAB2A-9832-4E67-A0C1-093CB3419F1D}.Release|x86.ActiveCfg = Release|Win32
		{1B1BAB2A-9832-4E67-A0C1-093CB3419F1D}.Release|x86.Build.0 = Release|Win32
		{9C2A1939-C72F-4CBB-819D-2E246822E1EA}.Debug|x64.ActiveCfg = Debug|x64
		{9C2A1939-C72F-4CBB-819D-2E246822E1EA}.Debug|x64.Build.0 = Debug|x64
		{9C2A1939-C72F-4CBB-819D-2E246822E1EA}.Debug|x86.ActiveCfg = Debug|Win32
		{9C2A1939-C72F-4CBB-819D-2E246822E1EA}.Debug|x86.Build.0 = Debug|Win32
		{9C2A1939-C72F-4CBB-819D-2E246822E1EA}.Release|x64.ActiveCfg = Release|x64
		{9C2A1939-C72F-4CBB-819D-2E246822E1EA}.Release|x64.Build.0 = Release|x64
		{9C2A1939-C72F-4CBB-819D-2E246822E1EA}.Release|x86.ActiveCfg = Release|Win32
		{9C2A1939-C72F-4CBB-819D-2E246822E1EA}.Release|x86.Build.0 = Release|Win32
		{A160D32E-DA2C-4ED2-A788-DAF947813403}.Debug|x64.ActiveCfg = Debug|x64
		{A160D32E-DA2C-4ED2-A788-DAF947813403}.Debug|x64.Build.0 = Debug|x64
		{A160D32E-DA2C-4ED2-A788-DAF947813403}.Debug|x86.ActiveCfg = Debug|Win32
		{A160D32E-DA2C-4ED2-A788-DAF947813403}.Debug|x86.Build.0 = Debug|Win32
		{A160D32E-DA2C-4ED2-A788-DAF947813403}.Release|x64.ActiveCfg = Release|x64
		{A160D32E-DA2C-4ED2-A788-DAF947813403}.Release|x64.Build.0 = Release|x64
		{A160D32E-DA2C-4ED2-A788-DAF947813403}.Release|x86.ActiveCfg = Release|Win32
		{A160D32E-DA2C-4ED2-A788-DAF947813403}.Release|x86.Build.0 = Release|Win32
		{F8BA91A3-D60D-4AA8-A868-92DC7021A31F}.Debug|x64.ActiveCfg = Debug|x64
		{F8BA91A3-D60D-4AA8-A868-92DC7021A31F}.Debug|x64.Build.0 = Debug|x64
		{F8BA91A3-D60D-4AA8-A868-92DC7021A31F}.Debug|x86.ActiveCfg = Debug|Win32
		{F8BA91A3-D60D-4AA8-A868-92DC7021A31F}.Debug|x86.Build.0 = Debug|Win32
		{F8BA91A3-D60D-4AA8-A868-92DC7021A31F}.Release|x64.ActiveCfg = Release|x64
		{F8BA91A3-D60D-4AA8-A868-92DC7021A31F}.Release|x64.Build.0 = Release|x64
		{F8BA91A3-D60D-4AA8-A868-92DC7021A31F}.Release|x86.ActiveCfg = Release|Win32
		{F8BA91A3-D60D-4AA8-A868-92DC7021A31F}.Release|x86.Build.0 = Release|Win32
		{7B70C0AE-A531-49DE-8325-0228DD96B930}.Debug|x64.ActiveCfg = Debug|x64
		{7B70C0AE-A531-49DE-8325-0228DD96B930}.Debug|x64.Build.0 = Debug|x64
		{7B70C0AE-A531-49DE-8325-0228DD96B930}.Debug|x86.ActiveCfg = Debug|Win32
		{7B70C0AE-A531-49DE-8325-0228DD96B930}.Debug|x86.Build.0 = Debug|Win32
		{7B70C0AE-A531-49DE-8325-0228DD96B930}.Release|x64.ActiveCfg = Release|x64
		{7B70C0AE-A531-49DE-8325-0228DD96B930}.Release|x64.Build.0 = Release|x64
		{7B70C0AE-A531-49DE-8325-0228DD96B930}.Release|x86.ActiveCfg = Release|Win32
		{7B70C0AE-A531-49DE-8325-0228DD96B930}.Release|x86.Build.0 = Release|Win32
		{CC36E1BE-90FE-493D-BDA8-EC02B329B83D}.Debug|x64.ActiveCfg = Debug|x64
		{CC36E1BE-90FE-493D-BDA8-EC02B329B83D}.Debug|x64.Build.0 = Debug|x64
		{CC36E1BE-90FE-493D-BDA8-EC02B329B83D}.Debug|x86.ActiveCfg = Debug|Win32
		{CC36E1BE-90FE-493D-BDA8-EC02B329B83D}.Debug|x86.Build.0 = Debug|Win32
		{CC36E1BE-90FE-493D-BDA8-EC02B329B83D}.Release|x64.ActiveCfg = Release|x64
		{CC36E1BE-90FE-493D-BDA8-EC02B329B83D}.Release|x64.Build.0 = Release|x64
		{CC36E1BE-90FE-493D-BDA8-EC02B329B83D}.Release|x86.ActiveCfg = Release|Win32
		{CC36E1BE-90FE-493D-BDA8-EC02B329B83D}.Release|x86.Build.0 = Release|Win32
		{491C2236-7443-44FD-9D0B-48257F6C5EB7}.Debug|x64.ActiveCfg = Debug|x64
		{491C2236-7443-44FD-9D0B-48257F6C5EB7}.Debug|x64.Build.0 = Debug|x64
		{491C2236-7443-44FD-9D0B-48257F6C5EB7}.Debug|x86.ActiveCfg = Debug|Win32
		{491C2236-7443-44FD-9D0B-48257F6C5EB7}.Debug|x86.Build.0 = Debug|Win32
		{491C2236-7443-44FD-9D0B-48257F6C5EB7}.Release|x64.ActiveCfg = Release|x64
		{491C2236-7443-44FD-9D0B-48257F6C5EB7}.Release|x64.Build.0 = Release|x64
		{491C2236-7443-44FD-9D0B-48257F6C5EB7}.Release|x86.ActiveCfg = Release|Win32
		{491C2236-7443-44FD-9D0B-48257F6C5EB7}.Release|x86.Build.0 = Release|Win32
		{E745F15C-CC81-4CEA-9C07-D4B3E325ED66}.Debug|x64.ActiveCfg = Debug|x64
		{E745F15C-CC81-4CEA-9C07-D4B3E325ED66}.Debug|x64.Build.0 = Debug|x64
		{E745F15C-CC81-4CEA-9C07-D4B3E325ED66}.Debug|x86.ActiveCfg = Debug|Win32
		{E745F15C-CC81-4CEA-9C07-D4B3E325ED66}.Debug|x86.Build.0 = Debug|Win32
		{E745F15C-CC81-4CEA-9C07-D4B3E325ED66}.Release|x64.ActiveCfg = Release|x64
		{E745F15C-CC81-4CEA-9C07-D4B3E325ED66}.Release|x64.Build.0 = Release|x64
		{E745F15C-CC81-4CEA-9C07-D4B3E325ED66}.Release|x86.ActiveCfg = Release|Win32
		{E745F15C-CC81-4CEA-9C07-D4B3E325ED66}.Release|x86.Build.0 = Release|Win32
		{EF0F64C7-FF10-427C-B2DF-3BAB30CBE742}.Debug|x64.ActiveCfg = Debug|x64
		{EF0F64C7-FF10-427C-B2DF-3BAB30CBE742}.Debug|x64.Build.0 = Debug|x64
		{EF0F64C7-FF10-427C-B2DF-3BAB30CBE742}.Debug|x86.ActiveCfg = Debug|Win32
		{EF0F64C7-FF10-427C-B2DF-3BAB30CBE742}.Debug|x86.Build.0 = Debug|Win32
		{EF0F64C7-FF10-427C-B2DF-3BAB30CBE742}.Release|x64.ActiveCfg = Release|x64
		{EF0F64C7-FF10-427C-B2DF-3BAB30CBE742}.Release|x64.Build.0 = Release|x64
		{EF0F64C7-FF10-427C-B2DF-3BAB30CBE742}.Release|x86.ActiveCfg = Release|Win32
		{EF0F64C7-FF10-427C-B2DF-3BAB30CBE742}.Release|x86.Build.0 = Release|Win32
		{BF81D26D-8D54-4CF5-AA65-D9FE28A4094F}.Debug|x64.ActiveCfg = Debug|x64
		{BF81D26D-8D54-4CF5-AA65-D9FE28A4094F}.Debug|x64.Build.0 = Debug|x64
		{BF81D26D-8D54-4CF5-AA65-D9FE28A4094F}.Debug|x86.ActiveCfg = Debug|Win32
		{BF81D26D-8D54-4CF5-AA65-D9FE28A4094F}.Debug|x86.Build.0 = Debug|Win32
		{BF81D26D-8D54-4CF5-AA65-D9FE28A4094F}.Release|x64.ActiveCfg = Release|x64
		{BF81D26D-8D54-4CF5-AA65-D9FE28A4094F}.Release|x64.Build.0 = Release|x64
		{BF81D26D-8D54-4CF5-AA65-D9FE28A4094F}.Release|x86.ActiveCfg = Release|Win32
		{BF81D26D-8D54-4CF5-AA65-D9FE28A4094F}.Release|x86.Build.0 = Release|Win32
		{917217E2-0F86-4A26-B7EC-ACF3D7F00DF9}.Debug|x64.ActiveCfg = Debug|x64
		{917217E2-0F86-4A26-B7EC-ACF3D7F00DF9}.Debug|x64.Build.0 = Debug|x64
		{917217E2-0F86-4A26-B7EC-ACF3D7F00DF9}.Debug|x86.ActiveCfg = Debug|Win32
		{917217E2-0F86-4A26-B7EC-ACF3D7F00DF9}.Debug|x86.Build.0 = Debug|Win32
		{917217E2-0F86-4A26-B7EC-ACF3D7F00DF9}.Release|x64.ActiveCfg = Release|x64
		{917217E2-0F86-4A26-B7EC-ACF3D7F00DF9}.Release|x64.Build.0 = Release|x64
		{917217E2-0F86-4A26-B7EC-ACF3D7F00DF9}.Release|x86.ActiveCfg = Release|Win32
		{917217E2-0F86-4A26-B7EC-ACF3D7F00DF9}.Release|x86.Build.0 = Release|Win32
		{536F688F-B74B-4623-86AD-6A9BA6395760}.Debug|x64.ActiveCfg = Debug|x64
		{536F688F-B74B-4623-86AD-6A9BA6395760}.Debug|x64.Build.0 = Debug|x64
		{536F688F-B74B-4623-86AD-6A9BA6395760}.Debug|x86.ActiveCfg = Debug|Win32
		{536F688F-B74B-4623-86AD-6A9BA6395760}.Debug|x86.Build.0 = Debug|Win32
		{536F688F-B74B-4623-86AD-6A9BA6395760}.Release|x64.ActiveCfg = Release|x64
		{536F688F-B74B-4623-86AD-6A9BA6395760}.Release|x64.Build.0 = Release|x64
		{536F688F-B74B-4623-86AD-6A9BA6395760}.Release|x86.ActiveCfg = Release|Win32
		{536F688F-B74B-4623-86AD-6A9BA6395760}.Release|x86.Build.0 = Release|Win32
		{770A60B9-DCEF-4F71-A3AB-32AE8A0AA197}.Debug|x64.ActiveCfg = Debug|x64
		{770A60B9-DCEF-4F71-A3AB-32AE8A0AA197}.Debug|x64.Build.0 = Debug|x64
		{770A60B9-DCEF-4F71-A3AB-32AE8A0AA197}.Debug|x86.ActiveCfg = Debug|Win32
		{770A60B9-DCEF-4F71-A3AB-32AE8A0AA197}.Debug|x86.Build.0 = Debug|Win32
		{770A60B9-DCEF-4F71-A3AB-32AE8A0AA197}.Release|x64.ActiveCfg = Release|x64
		{770A60B9-DCEF-4F71-A3AB-32AE8A0AA197}.Release|x64.Build.0 = Release|x64
		{770A60B9-DCEF-4F71-A3AB-32AE8A0AA197}.Release|x86.ActiveCfg = Release|Win32
		{770A60B9-DCEF-4F71-A3AB-32AE8A0AA197}.Release|x86.Build.0 = Release|Win32
		{59215E3A-C783-420C-AE63-E7E31AE7D554}.Debug|x64.ActiveCfg = Debug|x64
		{59215E3A-C783-420C-AE63-E7E31AE7D554}.Debug|x64.Build.0 = Debug|x64
		{59215E3A-C783-420C-AE63-E7E31AE7D554}.Debug|x86.ActiveCfg = Debug|Win32
		{59215E3A-C783-420C-AE63-E7E31AE7D554}.Debug|x86.Build.0 = Debug|Win32
		{59215E3A-C783-420C-AE63-E7E31AE7D554}.Release|x64.ActiveCfg = Release|x64
		{59215E3A-C783-420C-AE63-E7E31AE7D554}.Release|x64.Build.0 = Release|x64
		{59215E3A-C783-420C-AE63-E7E31AE7D554}.Release|x86.ActiveCfg = Release|Win32
		{59215E3A-C783-420C-AE63-E7E31AE7D554}.Release|x86.Build.0 = Release|Win32
		{31CF48DC-6A30-484C-AE4F-12069D0755F4}.Debug|x64.ActiveCfg = Debug|x64
		{31CF48DC-6A30-484C-AE4F-12069D0755F4}.Debug|x64.Build.0 = Debug|x64
		{31CF48DC-6A30-484C-AE4F-12069D0755F4}.Debug|x86.ActiveCfg = Debug|Win32
		{31CF48DC-6A30-484C-AE4F-12069D0755F4}.Debug|x86.Build.0 = Debug|Win32
		{31CF48DC-6A30-484C-AE4F-12069D0755F4}.Release|x64.ActiveCfg = Release|x64
		{31CF48DC-6A30-484C-AE4F-12069D0755F4}.Release|x64.Build.0 = Release|x64
		{31CF48DC-6A30-484C-AE4F-12069D0755F4}.Release|x86.ActiveCfg = Release|Win32
		{31CF48DC-6A30-484C-AE4F-12069D0755F4}.Release|x86.Build.0 = Release|Win32
		{20F302AD-EFDD-44D8-922E-5E1558495BBD}.Debug|x64.ActiveCfg = Debug|x64
		{20F302AD-EFDD-44D8-922E-5E1558495BBD}.Debug|x64.Build.0 = Debug|x64
		{20F302AD-EFDD-44D8-922E-5E1558495BBD}.Debug|x86.ActiveCfg = Debug|Win32
		{20F302AD-EFDD-44D8-922E-5E1558495BBD}.Debug|x86.Build.0 = Debug|Win32
		{20F302AD-EFDD-44D8-922E-5E1558495BBD}.Release|x64.ActiveCfg = Release|x64
		{20F302AD-EFDD-44D8-922E-5E1558495BBD}.Release|x64.Build.0 = Release|x64
		{20F302AD-EFDD-44D8-922E-5E1558495BBD}.Release|x86.ActiveCfg = Release|Win32
		{20F302AD-EFDD-44D8-922E-5E1558495BBD}.Release|x86.Build.0 = Release|Win32
		{1F5DACEB-2AE6-473D-A072-8841FFE51035}.Debug|x64.ActiveCfg = Debug|x64
		{1F5DACEB-2AE6-473D-A072-8841FFE51035}.Debug|x64.Build.0 = Debug|x64
		{1F5DACEB-2AE6-473D-A072-8841FFE51035}.Debug|x86.ActiveCfg = Debug|Win32
		{1F5DACEB-2AE6-473D-A072-8841FFE51035}.Debug|x86.Build.0 = Debug|Win32
		{1F5DACEB-2AE6-473D-A072-8841FFE51035}.Release|x64.ActiveCfg = Release|x64
		{1F5DACEB-2AE6-473D-A072-8841FFE51035}.Release|x64.Build.0 = Release|x64
		{1F5DACEB-2AE6-473D-A072-8841FFE51035}.Release|x86.ActiveCfg = Release|Win32
		{1F5DACEB-2AE6-473D-A072-8841FFE51035}.Release|x86.Build.0 = Release|Win32
		{627A9B12-C79D-4F7E-A89A-22398C8AF5FC}.Debug|x64.ActiveCfg = Debug|x64
		{627A9B12-C79D-4F7E-A89A-22398C8AF5FC}.Debug|x64.Build.0 = Debug|x64
		{627A9B12-C79D-4F7E-A89A-22398C8AF5FC}.Debug|x86.ActiveCfg = Debug|Win32
		{627A9B12-C79D-4F7E-A89A-22398C8AF5FC}.Debug|x86.Build.0 = Debug|Win32
		{627A9B12-C79D-4F7E-A89A-22398C8AF5FC}.Release|x64.ActiveCfg = Release|x64
		{627A9B12-C79D-4F7E-A89A-22398C8AF5FC}.Release|x64.Build.0 = Release|x64
		{627A9B12-C79D-4F7E-A89A-22398C8AF5FC}.Release|x86.ActiveCfg = Release|Win32
		{627A9B12-C79D-4F7E-A89A-22398C8AF5FC}.Release|x86.Build.0 = Release|Win32
		{29B78FEC-14AB-418F-960E-8EE1DF0CFE57}.Debug|x64.ActiveCfg = Debug|x64
		{29B78FEC-14AB-418F-960E-8EE1DF0CFE57}.Debug|x64.Build.0 = Debug|x64
		{29B78FEC-14AB-418F-960E-8EE1DF0CFE57}.Debug|x86.ActiveCfg = Debug|Win32
		{29B78FEC-14AB-418F-960E-8EE1DF0CFE57}.Debug|x86.Build.0 = Debug|Win32
		{29B78FEC-14AB-418F-960E-8EE1DF0CFE57}.Release|x64.ActiveCfg = Release|x64
		{29B78FEC-14AB-418F-960E-8EE1DF0CFE57}.Release|x64.Build.0 = Release|x64
		{29B78FEC-14AB-418F-960E-8EE1DF0CFE57}.Release|x86.ActiveCfg = Release|Win32
		{29B78FEC-14AB-418F-960E-8EE1DF0CFE57}.Release|x86.Build.0 = Release|Win32
		{BF19D207-E103-4BD4-A113-062CE3B85F0F}.Debug|x64.ActiveCfg = Debug|x64
		{BF19D207-E103-4BD4-A113-062CE3B85F0F}.Debug|x64.Build.0 = Debug|x64
		{BF19D207-E103-4BD4-A113-062CE3B85F0F}.Debug|x86.ActiveCfg = Debug|Win32
		{BF19D207-E103-4BD4-A113-062CE3B85F0F}.Debug|x86.Build.0 = Debug|Win32
		{BF19D207-E103-4BD4-A113-062CE3B85F0F}.Release|x64.ActiveCfg = Release|x64
		{BF19D207-E103-4BD4-A113-062CE3B85F0F}.Release|x64.Build.0 = Release|x64
		{BF19D207-E103-4BD4-A113-062CE3B85F0F}.Release|x86.ActiveCfg = Release|Win32
		{BF19D207-E103-4BD4-A113-062CE3B85F0F}.Release|x86.Build.0 = Release|Win32
		{3E8722B9-EEB3-4852-B594-B7F96D96F9CE}.Debug|x64.ActiveCfg = Debug|x64
		{3E8722B9-EEB3-4852-B594-B7F96D96F9CE}.Debug|x64.Build.0 = Debug|x64
		{3E8722B9-EEB3-4852-B594-B7F96D96F9CE}.Debug|x86.ActiveCfg = Debug|Win32
		{3E8722B9-EEB3-4852-B594-B7F96D96F9CE}.Debug|x86.Build.0 = Debug|Win32
		{3E8722B9-EEB3-4852-B594-B7F96D96F9CE}.Release|x64.ActiveCfg = Release|x64
		{3E8722B9-EEB3-4852-B594-B7F96D96F9CE}.Release|x64.Build.0 = Release|x64
		{3E8722B9-EEB3-4852-B594-B7F96D96F9CE}.Release|x86.ActiveCfg = Release|Win32
		{3E8722B9-EEB3-4852-B594-B7F96D96F9CE}.Release|x86.Build.0 = Release|Win32
		{0966A71E-DCB9-4693-8E46-525EF9A4905D}.Debug|x64.ActiveCfg = Debug|x64
		{0966A71E-DCB9-4693-8E46-525EF9A4905D}.Debug|x64.Build.0 = Debug|x64
		{0966A71E-DCB9-4693-8E46-525EF9A4905D}.Debug|x86.ActiveCfg = Debug|Win32
		{0966A71E-DCB9-4693-8E46-525EF9A4905D}.Debug|x86.Build.0 = Debug|Win32
		{0966A71E-DCB9-4693-8E46-525EF9A4905D}.Release|x64.ActiveCfg = Release|x64
		{0966A71E-DCB9-4693-8E46-525EF9A4905D}.Release|x64.Build.0 = Release|x64
		{0966A71E-DCB9-4693-8E46-525EF9A4905D}.Release|x86.ActiveCfg = Release|Win32
		{0966A71E-DCB9-4693-8E46-525EF9A4905D}.Release|x86.Build.0 = Release|Win32
		{410A9847-D462-46E6-9FC4-B1B517332C71}.Debug|x64.ActiveCfg = Debug|x64
		{410A9847-D462-46E6-9FC4-B1B517332C71}.Debug|x64.Build.0 = Debug|x64
		{410A9847-D462-46E6-9FC4-B1B517332C71}.Debug|x86.ActiveCfg = Debug|Win32
		{410A9847-D462-46E6-9FC4-B1B517332C71}.Debug|x86.Build.0 = Debug|Win32
		{410A9847-D462-46E6-9FC4-B1B517332C71}.Release|x64.ActiveCfg = Release|x64
		{410A9847-D462-46E6-9FC4-B1B517332C71}.Release|x64.Build.0 = Release|x64
		{410A9847-D462-46E6-9FC4-B1B517332C71}.Release|x86.ActiveCfg = Release|Win32
		{410A9847-D462-46E6-9FC4-B1B517332C71}.Release|x86.Build.0 = Release|Win32
		{48EC27C0-737C-4675-9AC3-4DC30E5392E1}.Debug|x64.ActiveCfg = Debug|x64
		{48EC27C0-737C-4675-9AC3-4DC30E5392E1}.Debug|x64.Build.0 = Debug|x64
		{48EC27C0-737C-4675-9AC3-4DC30E5392E1}.Debug|x86.ActiveCfg = Debug|Win32
		{48EC27C0-737C-4675-9AC3-4DC30E5392E1}.Debug|x86.Build.0 = Debug|Win32
		{48EC27C0-737C-4675-9AC3-4DC30E5392E1}.Release|x64.ActiveCfg = Release|x64
		{48EC27C0-737C-4675-9AC3-4DC30E5392E1}.Release|x64.Build.0 = Release|x64
		{48EC27C0-737C-4675-9AC3-4DC30E5392E1}.Release|x86.ActiveCfg = Release|Win32
		{48EC27C0-737C-4675-9AC3-4DC30E5392E1}.Release|x86.Build.0 = Release|Win32
		{B21A6273-F6A7-4CFB-8194-E968996725A4}.Debug|x64.ActiveCfg = Debug|x64
		{B21A6273-F6A7-4CFB-8194-E968996725A4}.Debug|x64.Build.0 = Debug|x64
		{B21A6273-F6A7-4CFB-8194-E968996725A4}.Debug|x86.ActiveCfg = Debug|Win32
		{B21A6273-F6A7-4CFB-8194-E968996725A4}.Debug|x86.Build.0 = Debug|Win32
		{B21A6273-F6A7-4CFB-8194-E968996725A4}.Release|x64.ActiveCfg = Release|x64
		{B21A6273-F6A7-4CFB-8194-E968996725A4}.Release|x64.Build.0 = Release|x64
		{B21A6273-F6A7-4CFB-8194-E968996725A4}.Release|x86.ActiveCfg = Release|Win32
		{B21A6273-F6A7-4CFB-8194-E968996725A4}.Release|x86.Build.0 = Release|Win32
		{450EF65B-E5DE-46A1-AFBE-CD82AB9EFCE8}.Debug|x64.ActiveCfg = Debug|x64
		{450EF65B-E5DE-46A1-AFBE-CD82AB9EFCE8}.Debug|x64.Build.0 = Debug|x64
		{450EF65B-E5DE-46A1-AFBE-CD82AB9EFCE8}.Debug|x86.ActiveCfg = Debug|Win32
		{450EF65B-E5DE-46A1-AFBE-CD82AB9EFCE8}.Debug|x86.Build.0 = Debug|Win32
		{450EF65B-E5DE-46A1-AFBE-CD82AB9EFCE8}.Release|x64.ActiveCfg = Release|x64
		{450EF65B-E5DE-46A1-AFBE-CD82AB9EFCE8}.Release|x64.Build.0 = Release|x64
		{450EF65B-E5DE-46A1-AFBE-CD82AB9EFCE8}.Release|x86.ActiveCfg = Release|Win32
		{450EF65B-E5DE-46A1-AFBE-CD82AB9EFCE8}.Release|x86.Build.0 = Release|Win32
	EndGlobalSection
	GlobalSection(SolutionProperties) = preSolution
		HideSolutionNode = FALSE
	EndGlobalSection
	GlobalSection(ExtensibilityGlobals) = postSolution
		SolutionGuid = {472A2394-3A1D-4288-9115-18E985B2BBCB}
	EndGlobalSection
EndGlobal
